
Microsoft Visual Studio Solution File, Format Version 12.00
# Visual Studio Version 16
VisualStudioVersion = 16.0.29403.142
MinimumVisualStudioVersion = 10.0.40219.1
Project("{2150E333-8FDC-42A3-9474-1A3956D46DE8}") = "MyThaiStar", "MyThaiStar", "{5185F101-61AA-4975-A3E6-B69D52A20D56}"
EndProject
Project("{2150E333-8FDC-42A3-9474-1A3956D46DE8}") = "Application", "Application", "{7FAD068A-A846-462B-A567-71A60DC98B76}"
EndProject
Project("{2150E333-8FDC-42A3-9474-1A3956D46DE8}") = "Infrastructure", "Infrastructure", "{F89DEED9-62DA-43F2-B599-F53321554C9C}"
EndProject
Project("{2150E333-8FDC-42A3-9474-1A3956D46DE8}") = "Bussiness", "Bussiness", "{39743D2B-B265-4FA1-9356-7EB02E62435D}"
EndProject
Project("{2150E333-8FDC-42A3-9474-1A3956D46DE8}") = "Test", "Test", "{4CB32D1D-07A8-4846-B169-84CC0496883E}"
EndProject
Project("{9A19103F-16F7-4668-BE54-9A1E7A4F7556}") = "MyThaiStar.Application.WebAPI", "MyThaiStar.Application.WebAPI\MyThaiStar.Application.WebAPI.csproj", "{803F2BB5-4D78-458D-BF32-C47C1140173A}"
EndProject
Project("{2150E333-8FDC-42A3-9474-1A3956D46DE8}") = "devonfw", "devonfw", "{0AC189F6-FB21-4510-903E-57E1C66C6607}"
EndProject
Project("{9A19103F-16F7-4668-BE54-9A1E7A4F7556}") = "Devon4Net.Application.WebAPI.Configuration", "..\..\..\Modules\Devon4Net.Application.WebAPI.Configuration\src\Devon4Net.Application.WebAPI.Configuration.csproj", "{B42D9B36-9A46-495C-809E-3DEEA25599A9}"
EndProject
Project("{9A19103F-16F7-4668-BE54-9A1E7A4F7556}") = "Devon4Net.Domain.UnitOfWork", "..\..\..\Modules\Devon4Net.Domain.UnitOfWork\src\Devon4Net.Domain.UnitOfWork.csproj", "{4DCA2B6B-9461-4E22-AF11-BE301F3484D1}"
EndProject
Project("{9A19103F-16F7-4668-BE54-9A1E7A4F7556}") = "Devon4Net.Infrastructure.CircuitBreaker", "..\..\..\Modules\Devon4Net.Infrastructure.CircuitBreaker\src\Devon4Net.Infrastructure.CircuitBreaker.csproj", "{6DC0CD83-1693-4654-A260-C3040B5633B9}"
EndProject
Project("{9A19103F-16F7-4668-BE54-9A1E7A4F7556}") = "Devon4Net.Infrastructure.Common", "..\..\..\Modules\Devon4Net.Infrastructure.Common\src\Devon4Net.Infrastructure.Common.csproj", "{D627826B-8CC8-46CB-B343-ABB6057A453D}"
EndProject
Project("{9A19103F-16F7-4668-BE54-9A1E7A4F7556}") = "Devon4Net.Infrastructure.Extensions", "..\..\..\Modules\Devon4Net.Infrastructure.Extensions\src\Devon4Net.Infrastructure.Extensions.csproj", "{FA28CA36-1BA1-4F3C-B57D-FB75C04ABB08}"
EndProject
Project("{9A19103F-16F7-4668-BE54-9A1E7A4F7556}") = "Devon4Net.Infrastructure.JWT", "..\..\..\Modules\Devon4Net.Infrastructure.JWT\src\Devon4Net.Infrastructure.JWT.csproj", "{7407F229-11C4-48C0-BD5B-DC3818BBF4CF}"
EndProject
Project("{9A19103F-16F7-4668-BE54-9A1E7A4F7556}") = "Devon4Net.Infrastructure.Log", "..\..\..\Modules\Devon4Net.Infrastructure.Log\src\Devon4Net.Infrastructure.Log.csproj", "{73CE44A2-E3CA-4E36-897B-2593CBAE96BB}"
EndProject
Project("{9A19103F-16F7-4668-BE54-9A1E7A4F7556}") = "Devon4Net.Infrastructure.Middleware", "..\..\..\Modules\Devon4Net.Infrastructure.Middleware\src\Devon4Net.Infrastructure.Middleware.csproj", "{2FDCA535-3687-40CA-B995-5BFB8EE98663}"
EndProject
Project("{9A19103F-16F7-4668-BE54-9A1E7A4F7556}") = "MyThaiStar.Common", "MyThaiStar.Business.Common\MyThaiStar.Common.csproj", "{25D11CE0-1D15-43D7-9417-DC78A29D8F66}"
EndProject
Project("{9A19103F-16F7-4668-BE54-9A1E7A4F7556}") = "MyThaiStar.Test", "MyThaiStar.Test\MyThaiStar.Test.csproj", "{7DF2702A-86DB-4FDC-9FFF-D6EA166AE8A2}"
EndProject
Global
	GlobalSection(SolutionConfigurationPlatforms) = preSolution
		Debug|Any CPU = Debug|Any CPU
		Release|Any CPU = Release|Any CPU
	EndGlobalSection
	GlobalSection(ProjectConfigurationPlatforms) = postSolution
		{803F2BB5-4D78-458D-BF32-C47C1140173A}.Debug|Any CPU.ActiveCfg = Debug|Any CPU
		{803F2BB5-4D78-458D-BF32-C47C1140173A}.Debug|Any CPU.Build.0 = Debug|Any CPU
		{803F2BB5-4D78-458D-BF32-C47C1140173A}.Release|Any CPU.ActiveCfg = Release|Any CPU
		{803F2BB5-4D78-458D-BF32-C47C1140173A}.Release|Any CPU.Build.0 = Release|Any CPU
		{B42D9B36-9A46-495C-809E-3DEEA25599A9}.Debug|Any CPU.ActiveCfg = Debug|Any CPU
		{B42D9B36-9A46-495C-809E-3DEEA25599A9}.Debug|Any CPU.Build.0 = Debug|Any CPU
		{B42D9B36-9A46-495C-809E-3DEEA25599A9}.Release|Any CPU.ActiveCfg = Release|Any CPU
		{B42D9B36-9A46-495C-809E-3DEEA25599A9}.Release|Any CPU.Build.0 = Release|Any CPU
		{4DCA2B6B-9461-4E22-AF11-BE301F3484D1}.Debug|Any CPU.ActiveCfg = Debug|Any CPU
		{4DCA2B6B-9461-4E22-AF11-BE301F3484D1}.Debug|Any CPU.Build.0 = Debug|Any CPU
		{4DCA2B6B-9461-4E22-AF11-BE301F3484D1}.Release|Any CPU.ActiveCfg = Release|Any CPU
		{4DCA2B6B-9461-4E22-AF11-BE301F3484D1}.Release|Any CPU.Build.0 = Release|Any CPU
		{6DC0CD83-1693-4654-A260-C3040B5633B9}.Debug|Any CPU.ActiveCfg = Debug|Any CPU
		{6DC0CD83-1693-4654-A260-C3040B5633B9}.Debug|Any CPU.Build.0 = Debug|Any CPU
		{6DC0CD83-1693-4654-A260-C3040B5633B9}.Release|Any CPU.ActiveCfg = Release|Any CPU
		{6DC0CD83-1693-4654-A260-C3040B5633B9}.Release|Any CPU.Build.0 = Release|Any CPU
		{D627826B-8CC8-46CB-B343-ABB6057A453D}.Debug|Any CPU.ActiveCfg = Debug|Any CPU
		{D627826B-8CC8-46CB-B343-ABB6057A453D}.Debug|Any CPU.Build.0 = Debug|Any CPU
		{D627826B-8CC8-46CB-B343-ABB6057A453D}.Release|Any CPU.ActiveCfg = Release|Any CPU
		{D627826B-8CC8-46CB-B343-ABB6057A453D}.Release|Any CPU.Build.0 = Release|Any CPU
		{FA28CA36-1BA1-4F3C-B57D-FB75C04ABB08}.Debug|Any CPU.ActiveCfg = Debug|Any CPU
		{FA28CA36-1BA1-4F3C-B57D-FB75C04ABB08}.Debug|Any CPU.Build.0 = Debug|Any CPU
		{FA28CA36-1BA1-4F3C-B57D-FB75C04ABB08}.Release|Any CPU.ActiveCfg = Release|Any CPU
		{FA28CA36-1BA1-4F3C-B57D-FB75C04ABB08}.Release|Any CPU.Build.0 = Release|Any CPU
		{7407F229-11C4-48C0-BD5B-DC3818BBF4CF}.Debug|Any CPU.ActiveCfg = Debug|Any CPU
		{7407F229-11C4-48C0-BD5B-DC3818BBF4CF}.Debug|Any CPU.Build.0 = Debug|Any CPU
		{7407F229-11C4-48C0-BD5B-DC3818BBF4CF}.Release|Any CPU.ActiveCfg = Release|Any CPU
		{7407F229-11C4-48C0-BD5B-DC3818BBF4CF}.Release|Any CPU.Build.0 = Release|Any CPU
		{73CE44A2-E3CA-4E36-897B-2593CBAE96BB}.Debug|Any CPU.ActiveCfg = Debug|Any CPU
		{73CE44A2-E3CA-4E36-897B-2593CBAE96BB}.Debug|Any CPU.Build.0 = Debug|Any CPU
		{73CE44A2-E3CA-4E36-897B-2593CBAE96BB}.Release|Any CPU.ActiveCfg = Release|Any CPU
		{73CE44A2-E3CA-4E36-897B-2593CBAE96BB}.Release|Any CPU.Build.0 = Release|Any CPU
		{2FDCA535-3687-40CA-B995-5BFB8EE98663}.Debug|Any CPU.ActiveCfg = Debug|Any CPU
		{2FDCA535-3687-40CA-B995-5BFB8EE98663}.Debug|Any CPU.Build.0 = Debug|Any CPU
		{2FDCA535-3687-40CA-B995-5BFB8EE98663}.Release|Any CPU.ActiveCfg = Release|Any CPU
		{2FDCA535-3687-40CA-B995-5BFB8EE98663}.Release|Any CPU.Build.0 = Release|Any CPU
		{25D11CE0-1D15-43D7-9417-DC78A29D8F66}.Debug|Any CPU.ActiveCfg = Debug|Any CPU
		{25D11CE0-1D15-43D7-9417-DC78A29D8F66}.Debug|Any CPU.Build.0 = Debug|Any CPU
		{25D11CE0-1D15-43D7-9417-DC78A29D8F66}.Release|Any CPU.ActiveCfg = Release|Any CPU
		{25D11CE0-1D15-43D7-9417-DC78A29D8F66}.Release|Any CPU.Build.0 = Release|Any CPU
		{7DF2702A-86DB-4FDC-9FFF-D6EA166AE8A2}.Debug|Any CPU.ActiveCfg = Debug|Any CPU
		{7DF2702A-86DB-4FDC-9FFF-D6EA166AE8A2}.Debug|Any CPU.Build.0 = Debug|Any CPU
		{7DF2702A-86DB-4FDC-9FFF-D6EA166AE8A2}.Release|Any CPU.ActiveCfg = Release|Any CPU
		{7DF2702A-86DB-4FDC-9FFF-D6EA166AE8A2}.Release|Any CPU.Build.0 = Release|Any CPU
	EndGlobalSection
	GlobalSection(SolutionProperties) = preSolution
		HideSolutionNode = FALSE
	EndGlobalSection
	GlobalSection(NestedProjects) = preSolution
		{7FAD068A-A846-462B-A567-71A60DC98B76} = {5185F101-61AA-4975-A3E6-B69D52A20D56}
		{F89DEED9-62DA-43F2-B599-F53321554C9C} = {5185F101-61AA-4975-A3E6-B69D52A20D56}
		{39743D2B-B265-4FA1-9356-7EB02E62435D} = {5185F101-61AA-4975-A3E6-B69D52A20D56}
		{4CB32D1D-07A8-4846-B169-84CC0496883E} = {5185F101-61AA-4975-A3E6-B69D52A20D56}
		{803F2BB5-4D78-458D-BF32-C47C1140173A} = {7FAD068A-A846-462B-A567-71A60DC98B76}
		{B42D9B36-9A46-495C-809E-3DEEA25599A9} = {0AC189F6-FB21-4510-903E-57E1C66C6607}
		{4DCA2B6B-9461-4E22-AF11-BE301F3484D1} = {0AC189F6-FB21-4510-903E-57E1C66C6607}
		{6DC0CD83-1693-4654-A260-C3040B5633B9} = {0AC189F6-FB21-4510-903E-57E1C66C6607}
		{D627826B-8CC8-46CB-B343-ABB6057A453D} = {0AC189F6-FB21-4510-903E-57E1C66C6607}
		{FA28CA36-1BA1-4F3C-B57D-FB75C04ABB08} = {0AC189F6-FB21-4510-903E-57E1C66C6607}
		{7407F229-11C4-48C0-BD5B-DC3818BBF4CF} = {0AC189F6-FB21-4510-903E-57E1C66C6607}
		{73CE44A2-E3CA-4E36-897B-2593CBAE96BB} = {0AC189F6-FB21-4510-903E-57E1C66C6607}
		{2FDCA535-3687-40CA-B995-5BFB8EE98663} = {0AC189F6-FB21-4510-903E-57E1C66C6607}
		{25D11CE0-1D15-43D7-9417-DC78A29D8F66} = {39743D2B-B265-4FA1-9356-7EB02E62435D}
		{7DF2702A-86DB-4FDC-9FFF-D6EA166AE8A2} = {4CB32D1D-07A8-4846-B169-84CC0496883E}
	EndGlobalSection
	GlobalSection(ExtensibilityGlobals) = postSolution
		SolutionGuid = {B0967205-4814-4D3A-907B-2BC885FA488C}
	EndGlobalSection
EndGlobal
