
Microsoft Visual Studio Solution File, Format Version 12.00
# Visual Studio Version 17
VisualStudioVersion = 17.0.31912.275
MinimumVisualStudioVersion = 10.0.40219.1
Project("{2150E333-8FDC-42A3-9474-1A3956D46DE8}") = "Application", "Application", "{DE117EB7-E593-4898-8F84-F3F93BC9D362}"
EndProject
Project("{2150E333-8FDC-42A3-9474-1A3956D46DE8}") = "Kafka", "Kafka", "{B280E9A4-4173-472B-A51D-159057D12E25}"
EndProject
Project("{9A19103F-16F7-4668-BE54-9A1E7A4F7556}") = "Devon4Net.Application.Kafka", "Templates\Kafka\Devon4Net.Application.Kafka\Devon4Net.Application.Kafka.csproj", "{2C9E0FC5-3920-401B-821C-49712B35AAB0}"
EndProject
Global
	GlobalSection(SolutionConfigurationPlatforms) = preSolution
		Debug|Any CPU = Debug|Any CPU
		Release|Any CPU = Release|Any CPU
	EndGlobalSection
	GlobalSection(ProjectConfigurationPlatforms) = postSolution
		{2C9E0FC5-3920-401B-821C-49712B35AAB0}.Debug|Any CPU.ActiveCfg = Debug|Any CPU
		{2C9E0FC5-3920-401B-821C-49712B35AAB0}.Debug|Any CPU.Build.0 = Debug|Any CPU
		{2C9E0FC5-3920-401B-821C-49712B35AAB0}.Release|Any CPU.ActiveCfg = Release|Any CPU
		{2C9E0FC5-3920-401B-821C-49712B35AAB0}.Release|Any CPU.Build.0 = Release|Any CPU
	EndGlobalSection
	GlobalSection(SolutionProperties) = preSolution
		HideSolutionNode = FALSE
	EndGlobalSection
	GlobalSection(NestedProjects) = preSolution
		{B280E9A4-4173-472B-A51D-159057D12E25} = {DE117EB7-E593-4898-8F84-F3F93BC9D362}
		{2C9E0FC5-3920-401B-821C-49712B35AAB0} = {B280E9A4-4173-472B-A51D-159057D12E25}
	EndGlobalSection
	GlobalSection(ExtensibilityGlobals) = postSolution
		SolutionGuid = {B0967205-4814-4D3A-907B-2BC885FA488C}
	EndGlobalSection
EndGlobal
