
Microsoft Visual Studio Solution File, Format Version 12.00
# Visual Studio 15
VisualStudioVersion = 15.0.26730.12
MinimumVisualStudioVersion = 15.0.26124.0
Project("{2150E333-8FDC-42A3-9474-1A3956D46DE8}") = "Application", "Application", "{F37959E9-67EB-40E0-8959-738F6FB409A3}"
EndProject
Project("{2150E333-8FDC-42A3-9474-1A3956D46DE8}") = "Business", "Business", "{33CE7E27-5B60-4E1D-A9E7-B8A5D197C472}"
EndProject
Project("{2150E333-8FDC-42A3-9474-1A3956D46DE8}") = "Domain", "Domain", "{386FD4C0-57A7-4C41-9806-5B013FFD6D6D}"
EndProject
Project("{2150E333-8FDC-42A3-9474-1A3956D46DE8}") = "Infrastructure", "Infrastructure", "{C1CF5BBA-4EF0-47D4-A4A7-800A0137BC0B}"
EndProject
Project("{9A19103F-16F7-4668-BE54-9A1E7A4F7556}") = "OASP4Net.Application.WebApi", "OASP4Net.Application.WebApi\OASP4Net.Application.WebApi.csproj", "{22BFD241-4749-4403-8770-3094F6FD7DDE}"
EndProject
Project("{9A19103F-16F7-4668-BE54-9A1E7A4F7556}") = "OASP4Net.Application.Resources", "OASP4Net.Application.Resources\OASP4Net.Application.Resources.csproj", "{C89EC579-87B5-48E4-AB8E-A4E6801DEF00}"
EndProject
Project("{9A19103F-16F7-4668-BE54-9A1E7A4F7556}") = "OASP4Net.Business.Common", "OASP4Net.Business.Common\OASP4Net.Business.Common.csproj", "{3893FAB8-7CA5-4D04-842B-1B8E315EB42E}"
EndProject
Project("{9A19103F-16F7-4668-BE54-9A1E7A4F7556}") = "OASP4Net.Application.Configuration", "OASP4Net.Application.Configuration\OASP4Net.Application.Configuration.csproj", "{368A711D-5E4C-4FDB-950D-F5368353FBE3}"
EndProject
Global
	GlobalSection(SolutionConfigurationPlatforms) = preSolution
		Debug|Any CPU = Debug|Any CPU
		Debug|x64 = Debug|x64
		Debug|x86 = Debug|x86
		Release|Any CPU = Release|Any CPU
		Release|x64 = Release|x64
		Release|x86 = Release|x86
	EndGlobalSection
	GlobalSection(ProjectConfigurationPlatforms) = postSolution
		{22BFD241-4749-4403-8770-3094F6FD7DDE}.Debug|Any CPU.ActiveCfg = Debug|Any CPU
		{22BFD241-4749-4403-8770-3094F6FD7DDE}.Debug|Any CPU.Build.0 = Debug|Any CPU
		{22BFD241-4749-4403-8770-3094F6FD7DDE}.Debug|x64.ActiveCfg = Debug|Any CPU
		{22BFD241-4749-4403-8770-3094F6FD7DDE}.Debug|x64.Build.0 = Debug|Any CPU
		{22BFD241-4749-4403-8770-3094F6FD7DDE}.Debug|x86.ActiveCfg = Debug|Any CPU
		{22BFD241-4749-4403-8770-3094F6FD7DDE}.Debug|x86.Build.0 = Debug|Any CPU
		{22BFD241-4749-4403-8770-3094F6FD7DDE}.Release|Any CPU.ActiveCfg = Release|Any CPU
		{22BFD241-4749-4403-8770-3094F6FD7DDE}.Release|Any CPU.Build.0 = Release|Any CPU
		{22BFD241-4749-4403-8770-3094F6FD7DDE}.Release|x64.ActiveCfg = Release|Any CPU
		{22BFD241-4749-4403-8770-3094F6FD7DDE}.Release|x64.Build.0 = Release|Any CPU
		{22BFD241-4749-4403-8770-3094F6FD7DDE}.Release|x86.ActiveCfg = Release|Any CPU
		{22BFD241-4749-4403-8770-3094F6FD7DDE}.Release|x86.Build.0 = Release|Any CPU
		{C89EC579-87B5-48E4-AB8E-A4E6801DEF00}.Debug|Any CPU.ActiveCfg = Debug|Any CPU
		{C89EC579-87B5-48E4-AB8E-A4E6801DEF00}.Debug|Any CPU.Build.0 = Debug|Any CPU
		{C89EC579-87B5-48E4-AB8E-A4E6801DEF00}.Debug|x64.ActiveCfg = Debug|Any CPU
		{C89EC579-87B5-48E4-AB8E-A4E6801DEF00}.Debug|x64.Build.0 = Debug|Any CPU
		{C89EC579-87B5-48E4-AB8E-A4E6801DEF00}.Debug|x86.ActiveCfg = Debug|Any CPU
		{C89EC579-87B5-48E4-AB8E-A4E6801DEF00}.Debug|x86.Build.0 = Debug|Any CPU
		{C89EC579-87B5-48E4-AB8E-A4E6801DEF00}.Release|Any CPU.ActiveCfg = Release|Any CPU
		{C89EC579-87B5-48E4-AB8E-A4E6801DEF00}.Release|Any CPU.Build.0 = Release|Any CPU
		{C89EC579-87B5-48E4-AB8E-A4E6801DEF00}.Release|x64.ActiveCfg = Release|Any CPU
		{C89EC579-87B5-48E4-AB8E-A4E6801DEF00}.Release|x64.Build.0 = Release|Any CPU
		{C89EC579-87B5-48E4-AB8E-A4E6801DEF00}.Release|x86.ActiveCfg = Release|Any CPU
		{C89EC579-87B5-48E4-AB8E-A4E6801DEF00}.Release|x86.Build.0 = Release|Any CPU
		{3893FAB8-7CA5-4D04-842B-1B8E315EB42E}.Debug|Any CPU.ActiveCfg = Debug|Any CPU
		{3893FAB8-7CA5-4D04-842B-1B8E315EB42E}.Debug|Any CPU.Build.0 = Debug|Any CPU
		{3893FAB8-7CA5-4D04-842B-1B8E315EB42E}.Debug|x64.ActiveCfg = Debug|Any CPU
		{3893FAB8-7CA5-4D04-842B-1B8E315EB42E}.Debug|x64.Build.0 = Debug|Any CPU
		{3893FAB8-7CA5-4D04-842B-1B8E315EB42E}.Debug|x86.ActiveCfg = Debug|Any CPU
		{3893FAB8-7CA5-4D04-842B-1B8E315EB42E}.Debug|x86.Build.0 = Debug|Any CPU
		{3893FAB8-7CA5-4D04-842B-1B8E315EB42E}.Release|Any CPU.ActiveCfg = Release|Any CPU
		{3893FAB8-7CA5-4D04-842B-1B8E315EB42E}.Release|Any CPU.Build.0 = Release|Any CPU
		{3893FAB8-7CA5-4D04-842B-1B8E315EB42E}.Release|x64.ActiveCfg = Release|Any CPU
		{3893FAB8-7CA5-4D04-842B-1B8E315EB42E}.Release|x64.Build.0 = Release|Any CPU
		{3893FAB8-7CA5-4D04-842B-1B8E315EB42E}.Release|x86.ActiveCfg = Release|Any CPU
		{3893FAB8-7CA5-4D04-842B-1B8E315EB42E}.Release|x86.Build.0 = Release|Any CPU
		{368A711D-5E4C-4FDB-950D-F5368353FBE3}.Debug|Any CPU.ActiveCfg = Debug|Any CPU
		{368A711D-5E4C-4FDB-950D-F5368353FBE3}.Debug|Any CPU.Build.0 = Debug|Any CPU
		{368A711D-5E4C-4FDB-950D-F5368353FBE3}.Debug|x64.ActiveCfg = Debug|Any CPU
		{368A711D-5E4C-4FDB-950D-F5368353FBE3}.Debug|x64.Build.0 = Debug|Any CPU
		{368A711D-5E4C-4FDB-950D-F5368353FBE3}.Debug|x86.ActiveCfg = Debug|Any CPU
		{368A711D-5E4C-4FDB-950D-F5368353FBE3}.Debug|x86.Build.0 = Debug|Any CPU
		{368A711D-5E4C-4FDB-950D-F5368353FBE3}.Release|Any CPU.ActiveCfg = Release|Any CPU
		{368A711D-5E4C-4FDB-950D-F5368353FBE3}.Release|Any CPU.Build.0 = Release|Any CPU
		{368A711D-5E4C-4FDB-950D-F5368353FBE3}.Release|x64.ActiveCfg = Release|Any CPU
		{368A711D-5E4C-4FDB-950D-F5368353FBE3}.Release|x64.Build.0 = Release|Any CPU
		{368A711D-5E4C-4FDB-950D-F5368353FBE3}.Release|x86.ActiveCfg = Release|Any CPU
		{368A711D-5E4C-4FDB-950D-F5368353FBE3}.Release|x86.Build.0 = Release|Any CPU
	EndGlobalSection
	GlobalSection(SolutionProperties) = preSolution
		HideSolutionNode = FALSE
	EndGlobalSection
	GlobalSection(NestedProjects) = preSolution
		{22BFD241-4749-4403-8770-3094F6FD7DDE} = {F37959E9-67EB-40E0-8959-738F6FB409A3}
		{C89EC579-87B5-48E4-AB8E-A4E6801DEF00} = {F37959E9-67EB-40E0-8959-738F6FB409A3}
		{3893FAB8-7CA5-4D04-842B-1B8E315EB42E} = {33CE7E27-5B60-4E1D-A9E7-B8A5D197C472}
		{368A711D-5E4C-4FDB-950D-F5368353FBE3} = {F37959E9-67EB-40E0-8959-738F6FB409A3}
	EndGlobalSection
	GlobalSection(ExtensibilityGlobals) = postSolution
		SolutionGuid = {AE0A8777-D4E5-4F41-8515-28FDBFD90E74}
	EndGlobalSection
EndGlobal
