
Microsoft Visual Studio Solution File, Format Version 12.00
# Visual Studio 15
VisualStudioVersion = 15.0.26403.3
MinimumVisualStudioVersion = 10.0.40219.1
Project("{FAE04EC0-301F-11D3-BF4B-00C04F79EFBC}") = "AOP.ErrorHandler", "AOP.ErrorHandler\AOP.ErrorHandler.csproj", "{B93E2449-E62C-43CD-8CA2-69AFEC0DB0AB}"
EndProject
Project("{2150E333-8FDC-42A3-9474-1A3956D46DE8}") = "Tests", "Tests", "{9F6B4E06-2442-4105-A1FC-33BB64190A9E}"
EndProject
Project("{9A19103F-16F7-4668-BE54-9A1E7A4F7556}") = "Console.AOP.ErrorHandler.Core", "Console.AOP.ErrorHandler.Core\Console.AOP.ErrorHandler.Core.csproj", "{50DC155D-96DF-4360-8C09-4AED9D772877}"
EndProject
Project("{9A19103F-16F7-4668-BE54-9A1E7A4F7556}") = "Services.AOP.ErrorHandler.Core", "Services.AOP.ErrorHandler.Core\Services.AOP.ErrorHandler.Core.csproj", "{95FCC72A-E2E3-4EA6-A501-4B1CCCD9D20B}"
EndProject
Project("{2150E333-8FDC-42A3-9474-1A3956D46DE8}") = ".NET Core", ".NET Core", "{EE2FB256-2AAE-4382-A9CB-06E9D7B21F83}"
EndProject
Project("{FAE04EC0-301F-11D3-BF4B-00C04F79EFBC}") = "Console.AOP.ErrorHandler", "Console.AOP.ErrorHandler\Console.AOP.ErrorHandler.csproj", "{FDEE1B54-4637-42CD-8BD4-3A11A9D0626F}"
EndProject
Project("{FAE04EC0-301F-11D3-BF4B-00C04F79EFBC}") = "Services.AOP.ErrorHandler", "Services.AOP.ErrorHandler\Services.AOP.ErrorHandler.csproj", "{42C90255-600C-4A24-9F60-F65ECEDA2468}"
EndProject
Project("{2150E333-8FDC-42A3-9474-1A3956D46DE8}") = ".NET", ".NET", "{75DCE576-289D-4747-A7AD-CCE7AC94E65C}"
EndProject
Project("{FAE04EC0-301F-11D3-BF4B-00C04F79EFBC}") = "AOP.ErrorHandler.Core", "AOP.ErrorHandler.Core\AOP.ErrorHandler.Core.csproj", "{7DAABFA8-423F-46A9-8283-0BE0B1007F8E}"
EndProject
Global
	GlobalSection(SolutionConfigurationPlatforms) = preSolution
		Debug|Any CPU = Debug|Any CPU
		Release|Any CPU = Release|Any CPU
	EndGlobalSection
	GlobalSection(ProjectConfigurationPlatforms) = postSolution
		{B93E2449-E62C-43CD-8CA2-69AFEC0DB0AB}.Debug|Any CPU.ActiveCfg = Debug|Any CPU
		{B93E2449-E62C-43CD-8CA2-69AFEC0DB0AB}.Debug|Any CPU.Build.0 = Debug|Any CPU
		{B93E2449-E62C-43CD-8CA2-69AFEC0DB0AB}.Release|Any CPU.ActiveCfg = Release|Any CPU
		{B93E2449-E62C-43CD-8CA2-69AFEC0DB0AB}.Release|Any CPU.Build.0 = Release|Any CPU
		{50DC155D-96DF-4360-8C09-4AED9D772877}.Debug|Any CPU.ActiveCfg = Debug|Any CPU
		{50DC155D-96DF-4360-8C09-4AED9D772877}.Debug|Any CPU.Build.0 = Debug|Any CPU
		{50DC155D-96DF-4360-8C09-4AED9D772877}.Release|Any CPU.ActiveCfg = Release|Any CPU
		{50DC155D-96DF-4360-8C09-4AED9D772877}.Release|Any CPU.Build.0 = Release|Any CPU
		{95FCC72A-E2E3-4EA6-A501-4B1CCCD9D20B}.Debug|Any CPU.ActiveCfg = Debug|Any CPU
		{95FCC72A-E2E3-4EA6-A501-4B1CCCD9D20B}.Debug|Any CPU.Build.0 = Debug|Any CPU
		{95FCC72A-E2E3-4EA6-A501-4B1CCCD9D20B}.Release|Any CPU.ActiveCfg = Release|Any CPU
		{95FCC72A-E2E3-4EA6-A501-4B1CCCD9D20B}.Release|Any CPU.Build.0 = Release|Any CPU
		{FDEE1B54-4637-42CD-8BD4-3A11A9D0626F}.Debug|Any CPU.ActiveCfg = Debug|Any CPU
		{FDEE1B54-4637-42CD-8BD4-3A11A9D0626F}.Debug|Any CPU.Build.0 = Debug|Any CPU
		{FDEE1B54-4637-42CD-8BD4-3A11A9D0626F}.Release|Any CPU.ActiveCfg = Release|Any CPU
		{FDEE1B54-4637-42CD-8BD4-3A11A9D0626F}.Release|Any CPU.Build.0 = Release|Any CPU
		{42C90255-600C-4A24-9F60-F65ECEDA2468}.Debug|Any CPU.ActiveCfg = Debug|Any CPU
		{42C90255-600C-4A24-9F60-F65ECEDA2468}.Debug|Any CPU.Build.0 = Debug|Any CPU
		{42C90255-600C-4A24-9F60-F65ECEDA2468}.Release|Any CPU.ActiveCfg = Release|Any CPU
		{42C90255-600C-4A24-9F60-F65ECEDA2468}.Release|Any CPU.Build.0 = Release|Any CPU
		{7DAABFA8-423F-46A9-8283-0BE0B1007F8E}.Debug|Any CPU.ActiveCfg = Debug|Any CPU
		{7DAABFA8-423F-46A9-8283-0BE0B1007F8E}.Debug|Any CPU.Build.0 = Debug|Any CPU
		{7DAABFA8-423F-46A9-8283-0BE0B1007F8E}.Release|Any CPU.ActiveCfg = Release|Any CPU
		{7DAABFA8-423F-46A9-8283-0BE0B1007F8E}.Release|Any CPU.Build.0 = Release|Any CPU
	EndGlobalSection
	GlobalSection(SolutionProperties) = preSolution
		HideSolutionNode = FALSE
	EndGlobalSection
	GlobalSection(NestedProjects) = preSolution
		{50DC155D-96DF-4360-8C09-4AED9D772877} = {EE2FB256-2AAE-4382-A9CB-06E9D7B21F83}
		{95FCC72A-E2E3-4EA6-A501-4B1CCCD9D20B} = {EE2FB256-2AAE-4382-A9CB-06E9D7B21F83}
		{EE2FB256-2AAE-4382-A9CB-06E9D7B21F83} = {9F6B4E06-2442-4105-A1FC-33BB64190A9E}
		{FDEE1B54-4637-42CD-8BD4-3A11A9D0626F} = {75DCE576-289D-4747-A7AD-CCE7AC94E65C}
		{42C90255-600C-4A24-9F60-F65ECEDA2468} = {75DCE576-289D-4747-A7AD-CCE7AC94E65C}
		{75DCE576-289D-4747-A7AD-CCE7AC94E65C} = {9F6B4E06-2442-4105-A1FC-33BB64190A9E}
	EndGlobalSection
	GlobalSection(ExtensibilityGlobals) = postSolution
		EnterpriseLibraryConfigurationToolBinariesPathV6 = packages\EnterpriseLibrary.Common.6.0.1304.0\lib\NET45;packages\EnterpriseLibrary.Logging.6.0.1304.0\lib\NET45
	EndGlobalSection
EndGlobal
