
Microsoft Visual Studio Solution File, Format Version 12.00
# Visual Studio Version 17
VisualStudioVersion = 17.0.31825.309
MinimumVisualStudioVersion = 10.0.40219.1
Project("{2150E333-8FDC-42A3-9474-1A3956D46DE8}") = "Application", "Application", "{5DC7E2B4-40CC-4083-8D68-B14482C1949D}"
EndProject
Project("{2150E333-8FDC-42A3-9474-1A3956D46DE8}") = "Infrastructure", "Infrastructure", "{C2CE6A98-0264-4EE1-A58A-38BB6C1B6179}"
EndProject
Project("{9A19103F-16F7-4668-BE54-9A1E7A4F7556}") = "Devon4Net.Application.WebAPI", "Templates\WebAPI\Devon4Net.Application.WebAPI\Devon4Net.Application.WebAPI.csproj", "{98469ABD-57C5-4B93-9EDD-C568FE79858C}"
EndProject
Project("{2150E333-8FDC-42A3-9474-1A3956D46DE8}") = "API", "API", "{FD0E8E8A-38DC-4D9B-83E7-75B6C23BF1E8}"
EndProject
Project("{9A19103F-16F7-4668-BE54-9A1E7A4F7556}") = "Devon4Net.Infrastructure.Swagger", "Modules\Devon4Net.Infrastructure.Swagger\Devon4Net.Infrastructure.Swagger.csproj", "{3FDDAEC2-5D9B-44B3-8FC4-53FC89EE4BBE}"
EndProject
Project("{9A19103F-16F7-4668-BE54-9A1E7A4F7556}") = "Devon4Net.Infrastructure.Common", "Modules\Devon4Net.Infrastructure.Common\Devon4Net.Infrastructure.Common.csproj", "{E9413163-B885-466E-875B-28EEDC93797D}"
EndProject
Project("{9A19103F-16F7-4668-BE54-9A1E7A4F7556}") = "Devon4Net.Infrastructure.CircuitBreaker", "Modules\Devon4Net.Infrastructure.CircuitBreaker\Devon4Net.Infrastructure.CircuitBreaker.csproj", "{1F454B0D-142A-4025-BA49-17B15079F0E2}"
EndProject
Project("{9A19103F-16F7-4668-BE54-9A1E7A4F7556}") = "Devon4Net.Infrastructure.Logger", "Modules\Devon4Net.Infrastructure.Logger\Devon4Net.Infrastructure.Logger.csproj", "{C9DA79BC-5638-4A8F-80EA-5E820259FEF1}"
EndProject
Project("{9A19103F-16F7-4668-BE54-9A1E7A4F7556}") = "Devon4Net.Infrastructure.Cors", "Modules\Devon4Net.Infrastructure.Cors\Devon4Net.Infrastructure.Cors.csproj", "{BE9E2417-D1A7-4AAE-8F6F-EB78D3974236}"
EndProject
Project("{9A19103F-16F7-4668-BE54-9A1E7A4F7556}") = "Devon4Net.Infrastructure.FluentValidation", "Modules\Devon4Net.Infrastructure.FluentValidation\Devon4Net.Infrastructure.FluentValidation.csproj", "{319B9627-24C7-427A-A8ED-4F48E7B9BE09}"
EndProject
Project("{9A19103F-16F7-4668-BE54-9A1E7A4F7556}") = "Devon4Net.Infrastructure.Extensions", "Modules\Devon4Net.Infrastructure.Extensions\Devon4Net.Infrastructure.Extensions.csproj", "{1A393C74-43D3-401A-82C2-E896FD27466C}"
EndProject
Project("{9A19103F-16F7-4668-BE54-9A1E7A4F7556}") = "Devon4Net.Infrastructure.JWT", "Modules\Devon4Net.Infrastructure.JWT\Devon4Net.Infrastructure.JWT.csproj", "{293611F1-A1E3-49A9-B11E-24BDA9056FF4}"
EndProject
Project("{9A19103F-16F7-4668-BE54-9A1E7A4F7556}") = "Devon4Net.Infrastructure.LiteDb", "Modules\Devon4Net.Infrastructure.LiteDb\Devon4Net.Infrastructure.LiteDb.csproj", "{2E0C40CC-AB0C-4395-80B0-91D4593EC364}"
EndProject
Project("{9A19103F-16F7-4668-BE54-9A1E7A4F7556}") = "Devon4Net.Infrastructure.Middleware", "Modules\Devon4Net.Infrastructure.Middleware\Devon4Net.Infrastructure.Middleware.csproj", "{BFC80EE2-7054-4DB3-B8B2-29619CF61CA8}"
EndProject
Project("{9A19103F-16F7-4668-BE54-9A1E7A4F7556}") = "Devon4Net.Infrastructure.UnitOfWork", "Modules\Devon4Net.Infrastructure.UnitOfWork\Devon4Net.Infrastructure.UnitOfWork.csproj", "{45D78DF0-3282-4CD8-A8E5-C5359E017997}"
EndProject
Project("{9A19103F-16F7-4668-BE54-9A1E7A4F7556}") = "Devon4Net.Infrastructure.RabbitMQ", "Modules\Devon4Net.Infrastructure.RabbitMQ\Devon4Net.Infrastructure.RabbitMQ.csproj", "{4E8177B3-65A2-4AA2-BDDC-817558E2D2A9}"
EndProject
Project("{9A19103F-16F7-4668-BE54-9A1E7A4F7556}") = "Devon4Net.Infrastructure.MediatR", "Modules\Devon4Net.Infrastructure.MediatR\Devon4Net.Infrastructure.MediatR.csproj", "{F13B9171-9393-4E7C-B429-1D25FB4ABF06}"
EndProject
Project("{9A19103F-16F7-4668-BE54-9A1E7A4F7556}") = "Devon4Net.Infrastructure.Kafka", "Modules\Devon4Net.Infrastructure.Kafka\Devon4Net.Infrastructure.Kafka.csproj", "{DDB4CC98-1127-4E81-8BE8-E2ED2EB03A8B}"
EndProject
Project("{9A19103F-16F7-4668-BE54-9A1E7A4F7556}") = "Devon4Net.Infrastructure.Grpc", "Modules\Devon4Net.Infrastructure.Grpc\Devon4Net.Infrastructure.Grpc.csproj", "{790E4DD2-5500-4C8A-A8CC-0708C9BBFDC6}"
EndProject
Project("{9A19103F-16F7-4668-BE54-9A1E7A4F7556}") = "Devon4Net.Infrastructure.WebAPI", "Modules\Devon4Net.Infrastructure.WebAPI\Devon4Net.Infrastructure.WebAPI.csproj", "{2CFD1336-4CC9-4736-B0BE-32B0B72971E3}"
EndProject
Project("{9A19103F-16F7-4668-BE54-9A1E7A4F7556}") = "Devon4Net.Application.WebAPI.Implementation", "Templates\WebAPI\Devon4Net.Application.WebAPI.Implementation\Devon4Net.Application.WebAPI.Implementation.csproj", "{47DBD6F5-0E96-47C7-B13F-233A06E469DF}"
EndProject
Project("{9A19103F-16F7-4668-BE54-9A1E7A4F7556}") = "Devon4Net.Application.Kafka", "Templates\Kafka\Devon4Net.Application.Kafka\Devon4Net.Application.Kafka.csproj", "{78D7FD5D-9044-4509-911C-906DA7070B9A}"
EndProject
Project("{2150E333-8FDC-42A3-9474-1A3956D46DE8}") = "Kafka", "Kafka", "{D05A1EB6-675F-4728-85FD-C049E27B57B7}"
EndProject
Project("{2150E333-8FDC-42A3-9474-1A3956D46DE8}") = "gRPC", "gRPC", "{1D218CE9-BD02-4170-A223-444FC56C2BCE}"
EndProject
Project("{9A19103F-16F7-4668-BE54-9A1E7A4F7556}") = "Devon4Net.Application.GrpcClient", "Templates\gRPC\Devon4Net.Application.GrpcClient\Devon4Net.Application.GrpcClient.csproj", "{64049E62-8A06-4619-B627-9F1B612A67B4}"
EndProject
Project("{9A19103F-16F7-4668-BE54-9A1E7A4F7556}") = "Devon4Net.Application.GrpcServer", "Templates\gRPC\Devon4Net.Application.GrpcServer\Devon4Net.Application.GrpcServer.csproj", "{C8295202-B93F-4079-8336-DC50B71C3018}"
EndProject
Project("{2150E333-8FDC-42A3-9474-1A3956D46DE8}") = "AmazonWebServices", "AmazonWebServices", "{F3974B4E-9A4D-4E88-A165-2E84872681C0}"
EndProject
Project("{2150E333-8FDC-42A3-9474-1A3956D46DE8}") = "Cloud", "Cloud", "{7FC46F85-7F6D-4B4E-A645-DD9407BC7335}"
EndProject
Project("{9A19103F-16F7-4668-BE54-9A1E7A4F7556}") = "Devon4Net.Infrastructure.AWS.Common", "Modules\Devon4Net.Infrastructure.AWS.Common\Devon4Net.Infrastructure.AWS.Common.csproj", "{F00EE5D5-6611-4703-91EA-AE7A1C30F530}"
EndProject
Project("{9A19103F-16F7-4668-BE54-9A1E7A4F7556}") = "Devon4Net.Infrastructure.AWS.S3", "Modules\Devon4Net.Infrastructure.AWS.S3\Devon4Net.Infrastructure.AWS.S3.csproj", "{29BF46CA-26A9-463B-933C-C6505A2F1504}"
EndProject
Project("{9A19103F-16F7-4668-BE54-9A1E7A4F7556}") = "Devon4Net.Infrastructure.AWS.Secrets", "Modules\Devon4Net.Infrastructure.AWS.Secrets\Devon4Net.Infrastructure.AWS.Secrets.csproj", "{069512F7-DF18-46E4-96D5-901EAA0451FF}"
EndProject
Project("{9A19103F-16F7-4668-BE54-9A1E7A4F7556}") = "Devon4Net.Infrastructure.AWS.Serverless", "Modules\Devon4Net.Infrastructure.AWS.Serverless\Devon4Net.Infrastructure.AWS.Serverless.csproj", "{1014F91B-707F-43E9-AFC3-9C086EF1641D}"
EndProject
Project("{9A19103F-16F7-4668-BE54-9A1E7A4F7556}") = "Devon4Net.Infrastructure.AWS.Lambda", "Modules\Devon4Net.Infrastructure.AWS.Lambda\Devon4Net.Infrastructure.AWS.Lambda.csproj", "{BA3CFBDE-34FC-4152-9A2A-A6A144F202DB}"
EndProject
Project("{2150E333-8FDC-42A3-9474-1A3956D46DE8}") = "AWS", "AWS", "{7F01F674-F054-448E-A8FF-6BB1845D942D}"
EndProject
Project("{2150E333-8FDC-42A3-9474-1A3956D46DE8}") = "Cloud", "Cloud", "{974A87AF-8E2A-4829-BBE7-E59E92487A4C}"
EndProject
Project("{9A19103F-16F7-4668-BE54-9A1E7A4F7556}") = "Devon4Net.Application.Lambda", "Templates\AWS\Devon4Net.Application.Lambda\Devon4Net.Application.Lambda.csproj", "{A678C90B-C42B-4D7D-B1FD-A2AD08F2E359}"
EndProject
Project("{9A19103F-16F7-4668-BE54-9A1E7A4F7556}") = "Devon4Net.Application.WebAPI.AwsServerless", "Templates\AWS\Devon4Net.Application.WebAPI.AwsServerless\Devon4Net.Application.WebAPI.AwsServerless.csproj", "{FF4E2EF4-4779-4048-8D60-C4415D1BCEE2}"
EndProject
Project("{2150E333-8FDC-42A3-9474-1A3956D46DE8}") = "SolutionItems", "SolutionItems", "{879783EC-90A7-40BC-8B00-E471D1621C64}"
	ProjectSection(SolutionItems) = preProject
		..\assets\images\devonfw.png = ..\assets\images\devonfw.png
		..\LICENSE = ..\LICENSE
		..\README.md = ..\README.md
	EndProjectSection
EndProject
Project("{9A19103F-16F7-4668-BE54-9A1E7A4F7556}") = "Devon4Net.Infrastructure.AWS.DynamoDb", "Modules\Devon4Net.Infrastructure.AWS.DynamoDb\Devon4Net.Infrastructure.AWS.DynamoDb.csproj", "{7DD65EEC-0F91-4087-A882-7241D9270AA6}"
EndProject
Project("{9A19103F-16F7-4668-BE54-9A1E7A4F7556}") = "Devon4Net.Application.DynamoDb", "Templates\AWS\Devon4Net.Application.DynamoDb\Devon4Net.Application.DynamoDb.csproj", "{4FB0B3FE-3636-4CA4-AFFB-D65256AC877A}"
EndProject
Project("{9A19103F-16F7-4668-BE54-9A1E7A4F7556}") = "Devon4Net.Infrastructure.AWS.ParameterStore", "Modules\Devon4Net.Infrastructure.AWS.ParameterStore\Devon4Net.Infrastructure.AWS.ParameterStore.csproj", "{1BAF0B13-9C12-43BD-AEFE-5074F443DD9B}"
EndProject
Project("{9A19103F-16F7-4668-BE54-9A1E7A4F7556}") = "Devon4Net.Infrastructure.AWS.CDK", "Modules\Devon4Net.Infrastructure.AWS.CDK\Devon4Net.Infrastructure.AWS.CDK.csproj", "{2FD5396B-71F3-4DF7-8418-79FDCF66BB42}"
EndProject
Project("{9A19103F-16F7-4668-BE54-9A1E7A4F7556}") = "Devon4Net.Infrastructure.AWS.CDK.Console", "Templates\AWS\Devon4Net.Infrastructure.AWS.CDK.ConsoleApplication\Devon4Net.Infrastructure.AWS.CDK.Console.csproj", "{8E717A7B-8021-4836-8E2B-0BCC34FB53B1}"
EndProject
Project("{9A19103F-16F7-4668-BE54-9A1E7A4F7556}") = "Devon4Net.Infrastructure.AWS.SQS", "Modules\Devon4Net.Infrastructure.AWS.SQS\Devon4Net.Infrastructure.AWS.SQS.csproj", "{8B1D9CD0-CE52-42DC-A576-587F190F88EE}"
EndProject
Global
	GlobalSection(SolutionConfigurationPlatforms) = preSolution
		Debug|Any CPU = Debug|Any CPU
		Release|Any CPU = Release|Any CPU
	EndGlobalSection
	GlobalSection(ProjectConfigurationPlatforms) = postSolution
		{98469ABD-57C5-4B93-9EDD-C568FE79858C}.Debug|Any CPU.ActiveCfg = Debug|Any CPU
		{98469ABD-57C5-4B93-9EDD-C568FE79858C}.Debug|Any CPU.Build.0 = Debug|Any CPU
		{98469ABD-57C5-4B93-9EDD-C568FE79858C}.Release|Any CPU.ActiveCfg = Release|Any CPU
		{98469ABD-57C5-4B93-9EDD-C568FE79858C}.Release|Any CPU.Build.0 = Release|Any CPU
		{3FDDAEC2-5D9B-44B3-8FC4-53FC89EE4BBE}.Debug|Any CPU.ActiveCfg = Debug|Any CPU
		{3FDDAEC2-5D9B-44B3-8FC4-53FC89EE4BBE}.Debug|Any CPU.Build.0 = Debug|Any CPU
		{3FDDAEC2-5D9B-44B3-8FC4-53FC89EE4BBE}.Release|Any CPU.ActiveCfg = Release|Any CPU
		{3FDDAEC2-5D9B-44B3-8FC4-53FC89EE4BBE}.Release|Any CPU.Build.0 = Release|Any CPU
		{E9413163-B885-466E-875B-28EEDC93797D}.Debug|Any CPU.ActiveCfg = Debug|Any CPU
		{E9413163-B885-466E-875B-28EEDC93797D}.Debug|Any CPU.Build.0 = Debug|Any CPU
		{E9413163-B885-466E-875B-28EEDC93797D}.Release|Any CPU.ActiveCfg = Release|Any CPU
		{E9413163-B885-466E-875B-28EEDC93797D}.Release|Any CPU.Build.0 = Release|Any CPU
		{1F454B0D-142A-4025-BA49-17B15079F0E2}.Debug|Any CPU.ActiveCfg = Debug|Any CPU
		{1F454B0D-142A-4025-BA49-17B15079F0E2}.Debug|Any CPU.Build.0 = Debug|Any CPU
		{1F454B0D-142A-4025-BA49-17B15079F0E2}.Release|Any CPU.ActiveCfg = Release|Any CPU
		{1F454B0D-142A-4025-BA49-17B15079F0E2}.Release|Any CPU.Build.0 = Release|Any CPU
		{C9DA79BC-5638-4A8F-80EA-5E820259FEF1}.Debug|Any CPU.ActiveCfg = Debug|Any CPU
		{C9DA79BC-5638-4A8F-80EA-5E820259FEF1}.Debug|Any CPU.Build.0 = Debug|Any CPU
		{C9DA79BC-5638-4A8F-80EA-5E820259FEF1}.Release|Any CPU.ActiveCfg = Release|Any CPU
		{C9DA79BC-5638-4A8F-80EA-5E820259FEF1}.Release|Any CPU.Build.0 = Release|Any CPU
		{BE9E2417-D1A7-4AAE-8F6F-EB78D3974236}.Debug|Any CPU.ActiveCfg = Debug|Any CPU
		{BE9E2417-D1A7-4AAE-8F6F-EB78D3974236}.Debug|Any CPU.Build.0 = Debug|Any CPU
		{BE9E2417-D1A7-4AAE-8F6F-EB78D3974236}.Release|Any CPU.ActiveCfg = Release|Any CPU
		{BE9E2417-D1A7-4AAE-8F6F-EB78D3974236}.Release|Any CPU.Build.0 = Release|Any CPU
		{319B9627-24C7-427A-A8ED-4F48E7B9BE09}.Debug|Any CPU.ActiveCfg = Debug|Any CPU
		{319B9627-24C7-427A-A8ED-4F48E7B9BE09}.Debug|Any CPU.Build.0 = Debug|Any CPU
		{319B9627-24C7-427A-A8ED-4F48E7B9BE09}.Release|Any CPU.ActiveCfg = Release|Any CPU
		{319B9627-24C7-427A-A8ED-4F48E7B9BE09}.Release|Any CPU.Build.0 = Release|Any CPU
		{1A393C74-43D3-401A-82C2-E896FD27466C}.Debug|Any CPU.ActiveCfg = Debug|Any CPU
		{1A393C74-43D3-401A-82C2-E896FD27466C}.Debug|Any CPU.Build.0 = Debug|Any CPU
		{1A393C74-43D3-401A-82C2-E896FD27466C}.Release|Any CPU.ActiveCfg = Release|Any CPU
		{1A393C74-43D3-401A-82C2-E896FD27466C}.Release|Any CPU.Build.0 = Release|Any CPU
		{293611F1-A1E3-49A9-B11E-24BDA9056FF4}.Debug|Any CPU.ActiveCfg = Debug|Any CPU
		{293611F1-A1E3-49A9-B11E-24BDA9056FF4}.Debug|Any CPU.Build.0 = Debug|Any CPU
		{293611F1-A1E3-49A9-B11E-24BDA9056FF4}.Release|Any CPU.ActiveCfg = Release|Any CPU
		{293611F1-A1E3-49A9-B11E-24BDA9056FF4}.Release|Any CPU.Build.0 = Release|Any CPU
		{2E0C40CC-AB0C-4395-80B0-91D4593EC364}.Debug|Any CPU.ActiveCfg = Debug|Any CPU
		{2E0C40CC-AB0C-4395-80B0-91D4593EC364}.Debug|Any CPU.Build.0 = Debug|Any CPU
		{2E0C40CC-AB0C-4395-80B0-91D4593EC364}.Release|Any CPU.ActiveCfg = Release|Any CPU
		{2E0C40CC-AB0C-4395-80B0-91D4593EC364}.Release|Any CPU.Build.0 = Release|Any CPU
		{BFC80EE2-7054-4DB3-B8B2-29619CF61CA8}.Debug|Any CPU.ActiveCfg = Debug|Any CPU
		{BFC80EE2-7054-4DB3-B8B2-29619CF61CA8}.Debug|Any CPU.Build.0 = Debug|Any CPU
		{BFC80EE2-7054-4DB3-B8B2-29619CF61CA8}.Release|Any CPU.ActiveCfg = Release|Any CPU
		{BFC80EE2-7054-4DB3-B8B2-29619CF61CA8}.Release|Any CPU.Build.0 = Release|Any CPU
		{45D78DF0-3282-4CD8-A8E5-C5359E017997}.Debug|Any CPU.ActiveCfg = Debug|Any CPU
		{45D78DF0-3282-4CD8-A8E5-C5359E017997}.Debug|Any CPU.Build.0 = Debug|Any CPU
		{45D78DF0-3282-4CD8-A8E5-C5359E017997}.Release|Any CPU.ActiveCfg = Release|Any CPU
		{45D78DF0-3282-4CD8-A8E5-C5359E017997}.Release|Any CPU.Build.0 = Release|Any CPU
		{4E8177B3-65A2-4AA2-BDDC-817558E2D2A9}.Debug|Any CPU.ActiveCfg = Debug|Any CPU
		{4E8177B3-65A2-4AA2-BDDC-817558E2D2A9}.Debug|Any CPU.Build.0 = Debug|Any CPU
		{4E8177B3-65A2-4AA2-BDDC-817558E2D2A9}.Release|Any CPU.ActiveCfg = Release|Any CPU
		{4E8177B3-65A2-4AA2-BDDC-817558E2D2A9}.Release|Any CPU.Build.0 = Release|Any CPU
		{F13B9171-9393-4E7C-B429-1D25FB4ABF06}.Debug|Any CPU.ActiveCfg = Debug|Any CPU
		{F13B9171-9393-4E7C-B429-1D25FB4ABF06}.Debug|Any CPU.Build.0 = Debug|Any CPU
		{F13B9171-9393-4E7C-B429-1D25FB4ABF06}.Release|Any CPU.ActiveCfg = Release|Any CPU
		{F13B9171-9393-4E7C-B429-1D25FB4ABF06}.Release|Any CPU.Build.0 = Release|Any CPU
		{DDB4CC98-1127-4E81-8BE8-E2ED2EB03A8B}.Debug|Any CPU.ActiveCfg = Debug|Any CPU
		{DDB4CC98-1127-4E81-8BE8-E2ED2EB03A8B}.Debug|Any CPU.Build.0 = Debug|Any CPU
		{DDB4CC98-1127-4E81-8BE8-E2ED2EB03A8B}.Release|Any CPU.ActiveCfg = Release|Any CPU
		{DDB4CC98-1127-4E81-8BE8-E2ED2EB03A8B}.Release|Any CPU.Build.0 = Release|Any CPU
		{790E4DD2-5500-4C8A-A8CC-0708C9BBFDC6}.Debug|Any CPU.ActiveCfg = Debug|Any CPU
		{790E4DD2-5500-4C8A-A8CC-0708C9BBFDC6}.Debug|Any CPU.Build.0 = Debug|Any CPU
		{790E4DD2-5500-4C8A-A8CC-0708C9BBFDC6}.Release|Any CPU.ActiveCfg = Release|Any CPU
		{790E4DD2-5500-4C8A-A8CC-0708C9BBFDC6}.Release|Any CPU.Build.0 = Release|Any CPU
		{2CFD1336-4CC9-4736-B0BE-32B0B72971E3}.Debug|Any CPU.ActiveCfg = Debug|Any CPU
		{2CFD1336-4CC9-4736-B0BE-32B0B72971E3}.Debug|Any CPU.Build.0 = Debug|Any CPU
		{2CFD1336-4CC9-4736-B0BE-32B0B72971E3}.Release|Any CPU.ActiveCfg = Release|Any CPU
		{2CFD1336-4CC9-4736-B0BE-32B0B72971E3}.Release|Any CPU.Build.0 = Release|Any CPU
		{47DBD6F5-0E96-47C7-B13F-233A06E469DF}.Debug|Any CPU.ActiveCfg = Debug|Any CPU
		{47DBD6F5-0E96-47C7-B13F-233A06E469DF}.Debug|Any CPU.Build.0 = Debug|Any CPU
		{47DBD6F5-0E96-47C7-B13F-233A06E469DF}.Release|Any CPU.ActiveCfg = Release|Any CPU
		{47DBD6F5-0E96-47C7-B13F-233A06E469DF}.Release|Any CPU.Build.0 = Release|Any CPU
		{78D7FD5D-9044-4509-911C-906DA7070B9A}.Debug|Any CPU.ActiveCfg = Debug|Any CPU
		{78D7FD5D-9044-4509-911C-906DA7070B9A}.Debug|Any CPU.Build.0 = Debug|Any CPU
		{78D7FD5D-9044-4509-911C-906DA7070B9A}.Release|Any CPU.ActiveCfg = Release|Any CPU
		{78D7FD5D-9044-4509-911C-906DA7070B9A}.Release|Any CPU.Build.0 = Release|Any CPU
		{64049E62-8A06-4619-B627-9F1B612A67B4}.Debug|Any CPU.ActiveCfg = Debug|Any CPU
		{64049E62-8A06-4619-B627-9F1B612A67B4}.Debug|Any CPU.Build.0 = Debug|Any CPU
		{64049E62-8A06-4619-B627-9F1B612A67B4}.Release|Any CPU.ActiveCfg = Release|Any CPU
		{64049E62-8A06-4619-B627-9F1B612A67B4}.Release|Any CPU.Build.0 = Release|Any CPU
		{C8295202-B93F-4079-8336-DC50B71C3018}.Debug|Any CPU.ActiveCfg = Debug|Any CPU
		{C8295202-B93F-4079-8336-DC50B71C3018}.Debug|Any CPU.Build.0 = Debug|Any CPU
		{C8295202-B93F-4079-8336-DC50B71C3018}.Release|Any CPU.ActiveCfg = Release|Any CPU
		{C8295202-B93F-4079-8336-DC50B71C3018}.Release|Any CPU.Build.0 = Release|Any CPU
		{F00EE5D5-6611-4703-91EA-AE7A1C30F530}.Debug|Any CPU.ActiveCfg = Debug|Any CPU
		{F00EE5D5-6611-4703-91EA-AE7A1C30F530}.Debug|Any CPU.Build.0 = Debug|Any CPU
		{F00EE5D5-6611-4703-91EA-AE7A1C30F530}.Release|Any CPU.ActiveCfg = Release|Any CPU
		{F00EE5D5-6611-4703-91EA-AE7A1C30F530}.Release|Any CPU.Build.0 = Release|Any CPU
		{29BF46CA-26A9-463B-933C-C6505A2F1504}.Debug|Any CPU.ActiveCfg = Debug|Any CPU
		{29BF46CA-26A9-463B-933C-C6505A2F1504}.Debug|Any CPU.Build.0 = Debug|Any CPU
		{29BF46CA-26A9-463B-933C-C6505A2F1504}.Release|Any CPU.ActiveCfg = Release|Any CPU
		{29BF46CA-26A9-463B-933C-C6505A2F1504}.Release|Any CPU.Build.0 = Release|Any CPU
		{069512F7-DF18-46E4-96D5-901EAA0451FF}.Debug|Any CPU.ActiveCfg = Debug|Any CPU
		{069512F7-DF18-46E4-96D5-901EAA0451FF}.Debug|Any CPU.Build.0 = Debug|Any CPU
		{069512F7-DF18-46E4-96D5-901EAA0451FF}.Release|Any CPU.ActiveCfg = Release|Any CPU
		{069512F7-DF18-46E4-96D5-901EAA0451FF}.Release|Any CPU.Build.0 = Release|Any CPU
		{1014F91B-707F-43E9-AFC3-9C086EF1641D}.Debug|Any CPU.ActiveCfg = Debug|Any CPU
		{1014F91B-707F-43E9-AFC3-9C086EF1641D}.Debug|Any CPU.Build.0 = Debug|Any CPU
		{1014F91B-707F-43E9-AFC3-9C086EF1641D}.Release|Any CPU.ActiveCfg = Release|Any CPU
		{1014F91B-707F-43E9-AFC3-9C086EF1641D}.Release|Any CPU.Build.0 = Release|Any CPU
		{BA3CFBDE-34FC-4152-9A2A-A6A144F202DB}.Debug|Any CPU.ActiveCfg = Debug|Any CPU
		{BA3CFBDE-34FC-4152-9A2A-A6A144F202DB}.Debug|Any CPU.Build.0 = Debug|Any CPU
		{BA3CFBDE-34FC-4152-9A2A-A6A144F202DB}.Release|Any CPU.ActiveCfg = Release|Any CPU
		{BA3CFBDE-34FC-4152-9A2A-A6A144F202DB}.Release|Any CPU.Build.0 = Release|Any CPU
		{A678C90B-C42B-4D7D-B1FD-A2AD08F2E359}.Debug|Any CPU.ActiveCfg = Debug|Any CPU
		{A678C90B-C42B-4D7D-B1FD-A2AD08F2E359}.Debug|Any CPU.Build.0 = Debug|Any CPU
		{A678C90B-C42B-4D7D-B1FD-A2AD08F2E359}.Release|Any CPU.ActiveCfg = Release|Any CPU
		{A678C90B-C42B-4D7D-B1FD-A2AD08F2E359}.Release|Any CPU.Build.0 = Release|Any CPU
		{FF4E2EF4-4779-4048-8D60-C4415D1BCEE2}.Debug|Any CPU.ActiveCfg = Debug|Any CPU
		{FF4E2EF4-4779-4048-8D60-C4415D1BCEE2}.Debug|Any CPU.Build.0 = Debug|Any CPU
		{FF4E2EF4-4779-4048-8D60-C4415D1BCEE2}.Release|Any CPU.ActiveCfg = Release|Any CPU
		{FF4E2EF4-4779-4048-8D60-C4415D1BCEE2}.Release|Any CPU.Build.0 = Release|Any CPU
		{7DD65EEC-0F91-4087-A882-7241D9270AA6}.Debug|Any CPU.ActiveCfg = Debug|Any CPU
		{7DD65EEC-0F91-4087-A882-7241D9270AA6}.Debug|Any CPU.Build.0 = Debug|Any CPU
		{7DD65EEC-0F91-4087-A882-7241D9270AA6}.Release|Any CPU.ActiveCfg = Release|Any CPU
		{7DD65EEC-0F91-4087-A882-7241D9270AA6}.Release|Any CPU.Build.0 = Release|Any CPU
		{4FB0B3FE-3636-4CA4-AFFB-D65256AC877A}.Debug|Any CPU.ActiveCfg = Debug|Any CPU
		{4FB0B3FE-3636-4CA4-AFFB-D65256AC877A}.Debug|Any CPU.Build.0 = Debug|Any CPU
		{4FB0B3FE-3636-4CA4-AFFB-D65256AC877A}.Release|Any CPU.ActiveCfg = Release|Any CPU
		{4FB0B3FE-3636-4CA4-AFFB-D65256AC877A}.Release|Any CPU.Build.0 = Release|Any CPU
		{1BAF0B13-9C12-43BD-AEFE-5074F443DD9B}.Debug|Any CPU.ActiveCfg = Debug|Any CPU
		{1BAF0B13-9C12-43BD-AEFE-5074F443DD9B}.Debug|Any CPU.Build.0 = Debug|Any CPU
		{1BAF0B13-9C12-43BD-AEFE-5074F443DD9B}.Release|Any CPU.ActiveCfg = Release|Any CPU
		{1BAF0B13-9C12-43BD-AEFE-5074F443DD9B}.Release|Any CPU.Build.0 = Release|Any CPU
		{2FD5396B-71F3-4DF7-8418-79FDCF66BB42}.Debug|Any CPU.ActiveCfg = Debug|Any CPU
		{2FD5396B-71F3-4DF7-8418-79FDCF66BB42}.Debug|Any CPU.Build.0 = Debug|Any CPU
		{2FD5396B-71F3-4DF7-8418-79FDCF66BB42}.Release|Any CPU.ActiveCfg = Release|Any CPU
		{2FD5396B-71F3-4DF7-8418-79FDCF66BB42}.Release|Any CPU.Build.0 = Release|Any CPU
		{8E717A7B-8021-4836-8E2B-0BCC34FB53B1}.Debug|Any CPU.ActiveCfg = Debug|Any CPU
		{8E717A7B-8021-4836-8E2B-0BCC34FB53B1}.Debug|Any CPU.Build.0 = Debug|Any CPU
		{8E717A7B-8021-4836-8E2B-0BCC34FB53B1}.Release|Any CPU.ActiveCfg = Release|Any CPU
		{8E717A7B-8021-4836-8E2B-0BCC34FB53B1}.Release|Any CPU.Build.0 = Release|Any CPU
		{8B1D9CD0-CE52-42DC-A576-587F190F88EE}.Debug|Any CPU.ActiveCfg = Debug|Any CPU
		{8B1D9CD0-CE52-42DC-A576-587F190F88EE}.Debug|Any CPU.Build.0 = Debug|Any CPU
		{8B1D9CD0-CE52-42DC-A576-587F190F88EE}.Release|Any CPU.ActiveCfg = Release|Any CPU
		{8B1D9CD0-CE52-42DC-A576-587F190F88EE}.Release|Any CPU.Build.0 = Release|Any CPU
	EndGlobalSection
	GlobalSection(SolutionProperties) = preSolution
		HideSolutionNode = FALSE
	EndGlobalSection
	GlobalSection(NestedProjects) = preSolution
		{98469ABD-57C5-4B93-9EDD-C568FE79858C} = {FD0E8E8A-38DC-4D9B-83E7-75B6C23BF1E8}
		{FD0E8E8A-38DC-4D9B-83E7-75B6C23BF1E8} = {5DC7E2B4-40CC-4083-8D68-B14482C1949D}
		{3FDDAEC2-5D9B-44B3-8FC4-53FC89EE4BBE} = {C2CE6A98-0264-4EE1-A58A-38BB6C1B6179}
		{E9413163-B885-466E-875B-28EEDC93797D} = {C2CE6A98-0264-4EE1-A58A-38BB6C1B6179}
		{1F454B0D-142A-4025-BA49-17B15079F0E2} = {C2CE6A98-0264-4EE1-A58A-38BB6C1B6179}
		{C9DA79BC-5638-4A8F-80EA-5E820259FEF1} = {C2CE6A98-0264-4EE1-A58A-38BB6C1B6179}
		{BE9E2417-D1A7-4AAE-8F6F-EB78D3974236} = {C2CE6A98-0264-4EE1-A58A-38BB6C1B6179}
		{319B9627-24C7-427A-A8ED-4F48E7B9BE09} = {C2CE6A98-0264-4EE1-A58A-38BB6C1B6179}
		{1A393C74-43D3-401A-82C2-E896FD27466C} = {C2CE6A98-0264-4EE1-A58A-38BB6C1B6179}
		{293611F1-A1E3-49A9-B11E-24BDA9056FF4} = {C2CE6A98-0264-4EE1-A58A-38BB6C1B6179}
		{2E0C40CC-AB0C-4395-80B0-91D4593EC364} = {C2CE6A98-0264-4EE1-A58A-38BB6C1B6179}
		{BFC80EE2-7054-4DB3-B8B2-29619CF61CA8} = {C2CE6A98-0264-4EE1-A58A-38BB6C1B6179}
		{45D78DF0-3282-4CD8-A8E5-C5359E017997} = {C2CE6A98-0264-4EE1-A58A-38BB6C1B6179}
		{4E8177B3-65A2-4AA2-BDDC-817558E2D2A9} = {C2CE6A98-0264-4EE1-A58A-38BB6C1B6179}
		{F13B9171-9393-4E7C-B429-1D25FB4ABF06} = {C2CE6A98-0264-4EE1-A58A-38BB6C1B6179}
		{DDB4CC98-1127-4E81-8BE8-E2ED2EB03A8B} = {C2CE6A98-0264-4EE1-A58A-38BB6C1B6179}
		{790E4DD2-5500-4C8A-A8CC-0708C9BBFDC6} = {C2CE6A98-0264-4EE1-A58A-38BB6C1B6179}
		{2CFD1336-4CC9-4736-B0BE-32B0B72971E3} = {C2CE6A98-0264-4EE1-A58A-38BB6C1B6179}
		{47DBD6F5-0E96-47C7-B13F-233A06E469DF} = {FD0E8E8A-38DC-4D9B-83E7-75B6C23BF1E8}
		{78D7FD5D-9044-4509-911C-906DA7070B9A} = {D05A1EB6-675F-4728-85FD-C049E27B57B7}
		{D05A1EB6-675F-4728-85FD-C049E27B57B7} = {5DC7E2B4-40CC-4083-8D68-B14482C1949D}
		{1D218CE9-BD02-4170-A223-444FC56C2BCE} = {5DC7E2B4-40CC-4083-8D68-B14482C1949D}
		{64049E62-8A06-4619-B627-9F1B612A67B4} = {1D218CE9-BD02-4170-A223-444FC56C2BCE}
		{C8295202-B93F-4079-8336-DC50B71C3018} = {1D218CE9-BD02-4170-A223-444FC56C2BCE}
		{F3974B4E-9A4D-4E88-A165-2E84872681C0} = {7FC46F85-7F6D-4B4E-A645-DD9407BC7335}
		{7FC46F85-7F6D-4B4E-A645-DD9407BC7335} = {C2CE6A98-0264-4EE1-A58A-38BB6C1B6179}
		{F00EE5D5-6611-4703-91EA-AE7A1C30F530} = {F3974B4E-9A4D-4E88-A165-2E84872681C0}
		{29BF46CA-26A9-463B-933C-C6505A2F1504} = {F3974B4E-9A4D-4E88-A165-2E84872681C0}
		{069512F7-DF18-46E4-96D5-901EAA0451FF} = {F3974B4E-9A4D-4E88-A165-2E84872681C0}
		{1014F91B-707F-43E9-AFC3-9C086EF1641D} = {F3974B4E-9A4D-4E88-A165-2E84872681C0}
		{BA3CFBDE-34FC-4152-9A2A-A6A144F202DB} = {F3974B4E-9A4D-4E88-A165-2E84872681C0}
		{7F01F674-F054-448E-A8FF-6BB1845D942D} = {974A87AF-8E2A-4829-BBE7-E59E92487A4C}
		{974A87AF-8E2A-4829-BBE7-E59E92487A4C} = {5DC7E2B4-40CC-4083-8D68-B14482C1949D}
		{A678C90B-C42B-4D7D-B1FD-A2AD08F2E359} = {7F01F674-F054-448E-A8FF-6BB1845D942D}
		{FF4E2EF4-4779-4048-8D60-C4415D1BCEE2} = {7F01F674-F054-448E-A8FF-6BB1845D942D}
		{7DD65EEC-0F91-4087-A882-7241D9270AA6} = {F3974B4E-9A4D-4E88-A165-2E84872681C0}
		{4FB0B3FE-3636-4CA4-AFFB-D65256AC877A} = {7F01F674-F054-448E-A8FF-6BB1845D942D}
		{1BAF0B13-9C12-43BD-AEFE-5074F443DD9B} = {F3974B4E-9A4D-4E88-A165-2E84872681C0}
		{2FD5396B-71F3-4DF7-8418-79FDCF66BB42} = {F3974B4E-9A4D-4E88-A165-2E84872681C0}
		{8E717A7B-8021-4836-8E2B-0BCC34FB53B1} = {7F01F674-F054-448E-A8FF-6BB1845D942D}
		{8B1D9CD0-CE52-42DC-A576-587F190F88EE} = {F3974B4E-9A4D-4E88-A165-2E84872681C0}
	EndGlobalSection
	GlobalSection(ExtensibilityGlobals) = postSolution
		SolutionGuid = {986CD1FB-4839-41E2-81B5-EEBB4D9485F3}
	EndGlobalSection
EndGlobal
