
Microsoft Visual Studio Solution File, Format Version 12.00
# Visual Studio Version 16
VisualStudioVersion = 16.0.29403.142
MinimumVisualStudioVersion = 10.0.40219.1
Project("{2150E333-8FDC-42A3-9474-1A3956D46DE8}") = "Application", "Application", "{DE117EB7-E593-4898-8F84-F3F93BC9D362}"
EndProject
Project("{2150E333-8FDC-42A3-9474-1A3956D46DE8}") = "Modules", "Modules", "{68B87931-BF80-499A-816E-F6FF7B359443}"
EndProject
Project("{2150E333-8FDC-42A3-9474-1A3956D46DE8}") = "gRPC", "gRPC", "{2480AD81-0114-42DE-89FC-F8507D87DFE2}"
EndProject
Project("{2150E333-8FDC-42A3-9474-1A3956D46DE8}") = "Kafka", "Kafka", "{B280E9A4-4173-472B-A51D-159057D12E25}"
EndProject
Project("{2150E333-8FDC-42A3-9474-1A3956D46DE8}") = "AWS", "AWS", "{28A34213-7851-4CB7-99E6-02D530D2F59F}"
EndProject
Project("{2150E333-8FDC-42A3-9474-1A3956D46DE8}") = "AWS", "AWS", "{806ADD2D-3747-42DA-9362-986F46EDC233}"
EndProject
Project("{9A19103F-16F7-4668-BE54-9A1E7A4F7556}") = "Devon4Net.Application.CDK", "Templates\AWS\Devon4Net.Application.CDK\Devon4Net.Application.CDK.csproj", "{1DE37F61-9EF2-4516-860C-77BFA4976E0C}"
EndProject
Project("{9A19103F-16F7-4668-BE54-9A1E7A4F7556}") = "Devon4Net.Application.Lambda", "Templates\AWS\Devon4Net.Application.Lambda\Devon4Net.Application.Lambda.csproj", "{CA6A270A-2237-4EF0-AFF9-941453E17EDC}"
EndProject
Project("{9A19103F-16F7-4668-BE54-9A1E7A4F7556}") = "Devon4Net.Application.WebAPI.AwsServerless", "Templates\AWS\Devon4Net.Application.WebAPI.AwsServerless\Devon4Net.Application.WebAPI.AwsServerless.csproj", "{5171FF4D-C2C1-46D5-B35B-81239F458B44}"
EndProject
Project("{9A19103F-16F7-4668-BE54-9A1E7A4F7556}") = "Devon4Net.Application.GrpcService", "Templates\gRPC\Devon4NetGrpc\Devon4Net.Application.GrpcService.csproj", "{361D471A-0A6A-4149-ACE0-0845A1A274F9}"
EndProject
Project("{9A19103F-16F7-4668-BE54-9A1E7A4F7556}") = "Devon4Net.Application.GrpcClient", "Templates\gRPC\Devon4NetGrpcClient\Devon4Net.Application.GrpcClient.csproj", "{E3CE6E78-BF9D-4FF7-A2BB-B31C4273C609}"
EndProject
Project("{9A19103F-16F7-4668-BE54-9A1E7A4F7556}") = "Devon4Net.Application.Kafka", "Templates\Kafka\Devon4Net.Application.Kafka\Devon4Net.Application.Kafka.csproj", "{867E45DF-71A9-4285-AA2C-5DB8A7605A65}"
EndProject
Project("{2150E333-8FDC-42A3-9474-1A3956D46DE8}") = "WebAPI", "WebAPI", "{4C3B8AF7-BC50-4706-B1C2-505077B30886}"
EndProject
Project("{9A19103F-16F7-4668-BE54-9A1E7A4F7556}") = "Devon4Net.Application.WebAPI", "Templates\WebAPI\Devon4Net.Application.WebAPI\Devon4Net.Application.WebAPI.csproj", "{91867541-3220-4C47-A4A2-34BC20B098F4}"
EndProject
Project("{9A19103F-16F7-4668-BE54-9A1E7A4F7556}") = "Devon4Net.WebAPI.Implementation", "Templates\WebAPI\Devon4Net.WebAPI.Implementation\Devon4Net.WebAPI.Implementation.csproj", "{8202607F-5601-4701-AE06-A6AF92AEF5C0}"
EndProject
Project("{9A19103F-16F7-4668-BE54-9A1E7A4F7556}") = "Devon4Net.Infrastructure.AWS.CDK", "Modules\Devon4Net.Infrastructure.AWS.CDK\Devon4Net.Infrastructure.AWS.CDK.csproj", "{0F1DE683-6702-4BC2-9E79-1A38F82A72A7}"
EndProject
Project("{9A19103F-16F7-4668-BE54-9A1E7A4F7556}") = "Devon4Net.Infrastructure.AWS.Common", "Modules\Devon4Net.Infrastructure.AWS.Common\Devon4Net.Infrastructure.AWS.Common.csproj", "{76814975-7D78-40F5-9738-A3DF4D8DDE05}"
EndProject
Project("{9A19103F-16F7-4668-BE54-9A1E7A4F7556}") = "Devon4Net.Infrastructure.AWS.Lambda", "Modules\Devon4Net.Infrastructure.AWS.Lambda\Devon4Net.Infrastructure.AWS.Lambda.csproj", "{11066651-7539-43C8-A828-928FBA5BC0B9}"
EndProject
Project("{9A19103F-16F7-4668-BE54-9A1E7A4F7556}") = "Devon4Net.Infrastructure.AWS.S3", "Modules\Devon4Net.Infrastructure.AWS.S3\Devon4Net.Infrastructure.AWS.S3.csproj", "{B34B20F6-CDAB-4585-BDC6-1887C30B3853}"
EndProject
Project("{9A19103F-16F7-4668-BE54-9A1E7A4F7556}") = "Devon4Net.Infrastructure.AWS.Secrets", "Modules\Devon4Net.Infrastructure.AWS.Secrets\Devon4Net.Infrastructure.AWS.Secrets.csproj", "{1BF00D3F-1F03-4CFB-A6C3-22E68DF18E46}"
EndProject
Project("{9A19103F-16F7-4668-BE54-9A1E7A4F7556}") = "Devon4Net.Infrastructure.AWS.Serverless", "Modules\Devon4Net.Infrastructure.AWS.Serverless\Devon4Net.Infrastructure.AWS.Serverless.csproj", "{46A666A0-53C7-4EE9-9BDC-2CFFC033323D}"
EndProject
Project("{9A19103F-16F7-4668-BE54-9A1E7A4F7556}") = "Devon4Net.Infrastructure.AnsibleTower", "Modules\Devon4Net.Infrastructure.AnsibleTower\Devon4Net.Infrastructure.AnsibleTower.csproj", "{E8D39575-2156-4ACC-BE96-72B97F0091AF}"
EndProject
Project("{9A19103F-16F7-4668-BE54-9A1E7A4F7556}") = "Devon4Net.Infrastructure.CircuitBreaker", "Modules\Devon4Net.Infrastructure.CircuitBreaker\Devon4Net.Infrastructure.CircuitBreaker.csproj", "{163695FB-2E4F-48FB-8420-A07DD89B47E3}"
EndProject
Project("{9A19103F-16F7-4668-BE54-9A1E7A4F7556}") = "Devon4Net.Infrastructure.Common", "Modules\Devon4Net.Infrastructure.Common\Devon4Net.Infrastructure.Common.csproj", "{220A64BE-BE35-4D4B-A016-724460EDE26E}"
EndProject
Project("{9A19103F-16F7-4668-BE54-9A1E7A4F7556}") = "Devon4Net.Infrastructure.Cors", "Modules\Devon4Net.Infrastructure.Cors\Devon4Net.Infrastructure.Cors.csproj", "{474E7FC5-9937-4C01-B560-9AB75344A2D2}"
EndProject
Project("{9A19103F-16F7-4668-BE54-9A1E7A4F7556}") = "Devon4Net.Infrastructure.CyberArk", "Modules\Devon4Net.Infrastructure.CyberArk\Devon4Net.Infrastructure.CyberArk.csproj", "{B3D1EBC9-A4C8-441F-9D6F-73110C6EC646}"
EndProject
Project("{9A19103F-16F7-4668-BE54-9A1E7A4F7556}") = "Devon4Net.Infrastructure.Extensions", "Modules\Devon4Net.Infrastructure.Extensions\Devon4Net.Infrastructure.Extensions.csproj", "{1714FDF5-8269-42F3-BF57-B265E76836B1}"
EndProject
Project("{9A19103F-16F7-4668-BE54-9A1E7A4F7556}") = "Devon4Net.Infrastructure.FluentValidation", "Modules\Devon4Net.Infrastructure.FluentValidation\Devon4Net.Infrastructure.FluentValidation.csproj", "{7FE4DEFD-2A54-4A31-8DA9-1C962CF02D03}"
EndProject
Project("{9A19103F-16F7-4668-BE54-9A1E7A4F7556}") = "Devon4Net.Infrastructure.Grpc", "Modules\Devon4Net.Infrastructure.Grpc\Devon4Net.Infrastructure.Grpc.csproj", "{365FFFD2-1C54-40B3-990C-32FDED5ECCC3}"
EndProject
Project("{9A19103F-16F7-4668-BE54-9A1E7A4F7556}") = "Devon4Net.Infrastructure.JWT", "Modules\Devon4Net.Infrastructure.JWT\Devon4Net.Infrastructure.JWT.csproj", "{4B826721-224D-44CD-9841-B1B51843CB3E}"
EndProject
Project("{9A19103F-16F7-4668-BE54-9A1E7A4F7556}") = "Devon4Net.Infrastructure.Kafka", "Modules\Devon4Net.Infrastructure.Kafka\Devon4Net.Infrastructure.Kafka.csproj", "{C6470171-517B-4ACC-B9A6-9189FE72485E}"
EndProject
Project("{9A19103F-16F7-4668-BE54-9A1E7A4F7556}") = "Devon4Net.Infrastructure.LiteDb", "Modules\Devon4Net.Infrastructure.LiteDb\Devon4Net.Infrastructure.LiteDb.csproj", "{36DC7AC8-B85D-436A-A17A-1585F00683CC}"
EndProject
Project("{9A19103F-16F7-4668-BE54-9A1E7A4F7556}") = "Devon4Net.Infrastructure.Log", "Modules\Devon4Net.Infrastructure.Log\Devon4Net.Infrastructure.Log.csproj", "{5CC34F24-163D-4A4B-8C59-3757158D72BB}"
EndProject
Project("{9A19103F-16F7-4668-BE54-9A1E7A4F7556}") = "Devon4Net.Infrastructure.MediatR", "Modules\Devon4Net.Infrastructure.MediatR\Devon4Net.Infrastructure.MediatR.csproj", "{B24B9780-D87C-4675-862B-EA1F2F04ABAF}"
EndProject
Project("{9A19103F-16F7-4668-BE54-9A1E7A4F7556}") = "Devon4Net.Infrastructure.Middleware", "Modules\Devon4Net.Infrastructure.Middleware\Devon4Net.Infrastructure.Middleware.csproj", "{E5965CC3-903D-48E4-ADD2-83AE2534109F}"
EndProject
Project("{9A19103F-16F7-4668-BE54-9A1E7A4F7556}") = "Devon4Net.Infrastructure.RabbitMQ", "Modules\Devon4Net.Infrastructure.RabbitMQ\Devon4Net.Infrastructure.RabbitMQ.csproj", "{6A4FF43B-FDE9-4E95-B7C2-D682CE9D4ED8}"
EndProject
Project("{9A19103F-16F7-4668-BE54-9A1E7A4F7556}") = "Devon4Net.Infrastructure.SmaxHcm", "Modules\Devon4Net.Infrastructure.SmaxHcm\Devon4Net.Infrastructure.SmaxHcm.csproj", "{933D793C-83F4-4B1F-8924-3E039C922847}"
EndProject
Project("{9A19103F-16F7-4668-BE54-9A1E7A4F7556}") = "Devon4Net.Infrastructure.Swagger", "Modules\Devon4Net.Infrastructure.Swagger\Devon4Net.Infrastructure.Swagger.csproj", "{23C18334-F5E0-4C6B-8177-E61937DEDFB0}"
EndProject
Project("{9A19103F-16F7-4668-BE54-9A1E7A4F7556}") = "Devon4Net.Infrastructure.UnitOfWork", "Modules\Devon4Net.Infrastructure.UnitOfWork\Devon4Net.Infrastructure.UnitOfWork.csproj", "{CEAF94F3-BE7A-4526-8126-F3AD2A3955AD}"
EndProject
Project("{9A19103F-16F7-4668-BE54-9A1E7A4F7556}") = "Devon4Net.Infrastructure.WebAPI", "Modules\Devon4Net.Infrastructure.WebAPI\Devon4Net.Infrastructure.WebAPI.csproj", "{442C89DD-884C-4C0D-8516-E6F967DB648A}"
EndProject
Global
	GlobalSection(SolutionConfigurationPlatforms) = preSolution
		Debug|Any CPU = Debug|Any CPU
		Release|Any CPU = Release|Any CPU
	EndGlobalSection
	GlobalSection(ProjectConfigurationPlatforms) = postSolution
		{1DE37F61-9EF2-4516-860C-77BFA4976E0C}.Debug|Any CPU.ActiveCfg = Debug|Any CPU
		{1DE37F61-9EF2-4516-860C-77BFA4976E0C}.Debug|Any CPU.Build.0 = Debug|Any CPU
		{1DE37F61-9EF2-4516-860C-77BFA4976E0C}.Release|Any CPU.ActiveCfg = Release|Any CPU
		{1DE37F61-9EF2-4516-860C-77BFA4976E0C}.Release|Any CPU.Build.0 = Release|Any CPU
		{CA6A270A-2237-4EF0-AFF9-941453E17EDC}.Debug|Any CPU.ActiveCfg = Debug|Any CPU
		{CA6A270A-2237-4EF0-AFF9-941453E17EDC}.Debug|Any CPU.Build.0 = Debug|Any CPU
		{CA6A270A-2237-4EF0-AFF9-941453E17EDC}.Release|Any CPU.ActiveCfg = Release|Any CPU
		{CA6A270A-2237-4EF0-AFF9-941453E17EDC}.Release|Any CPU.Build.0 = Release|Any CPU
		{5171FF4D-C2C1-46D5-B35B-81239F458B44}.Debug|Any CPU.ActiveCfg = Debug|Any CPU
		{5171FF4D-C2C1-46D5-B35B-81239F458B44}.Debug|Any CPU.Build.0 = Debug|Any CPU
		{5171FF4D-C2C1-46D5-B35B-81239F458B44}.Release|Any CPU.ActiveCfg = Release|Any CPU
		{5171FF4D-C2C1-46D5-B35B-81239F458B44}.Release|Any CPU.Build.0 = Release|Any CPU
		{361D471A-0A6A-4149-ACE0-0845A1A274F9}.Debug|Any CPU.ActiveCfg = Debug|Any CPU
		{361D471A-0A6A-4149-ACE0-0845A1A274F9}.Debug|Any CPU.Build.0 = Debug|Any CPU
		{361D471A-0A6A-4149-ACE0-0845A1A274F9}.Release|Any CPU.ActiveCfg = Release|Any CPU
		{361D471A-0A6A-4149-ACE0-0845A1A274F9}.Release|Any CPU.Build.0 = Release|Any CPU
		{E3CE6E78-BF9D-4FF7-A2BB-B31C4273C609}.Debug|Any CPU.ActiveCfg = Debug|Any CPU
		{E3CE6E78-BF9D-4FF7-A2BB-B31C4273C609}.Debug|Any CPU.Build.0 = Debug|Any CPU
		{E3CE6E78-BF9D-4FF7-A2BB-B31C4273C609}.Release|Any CPU.ActiveCfg = Release|Any CPU
		{E3CE6E78-BF9D-4FF7-A2BB-B31C4273C609}.Release|Any CPU.Build.0 = Release|Any CPU
		{867E45DF-71A9-4285-AA2C-5DB8A7605A65}.Debug|Any CPU.ActiveCfg = Debug|Any CPU
		{867E45DF-71A9-4285-AA2C-5DB8A7605A65}.Debug|Any CPU.Build.0 = Debug|Any CPU
		{867E45DF-71A9-4285-AA2C-5DB8A7605A65}.Release|Any CPU.ActiveCfg = Release|Any CPU
		{867E45DF-71A9-4285-AA2C-5DB8A7605A65}.Release|Any CPU.Build.0 = Release|Any CPU
		{91867541-3220-4C47-A4A2-34BC20B098F4}.Debug|Any CPU.ActiveCfg = Debug|Any CPU
		{91867541-3220-4C47-A4A2-34BC20B098F4}.Debug|Any CPU.Build.0 = Debug|Any CPU
		{91867541-3220-4C47-A4A2-34BC20B098F4}.Release|Any CPU.ActiveCfg = Release|Any CPU
		{91867541-3220-4C47-A4A2-34BC20B098F4}.Release|Any CPU.Build.0 = Release|Any CPU
		{8202607F-5601-4701-AE06-A6AF92AEF5C0}.Debug|Any CPU.ActiveCfg = Debug|Any CPU
		{8202607F-5601-4701-AE06-A6AF92AEF5C0}.Debug|Any CPU.Build.0 = Debug|Any CPU
		{8202607F-5601-4701-AE06-A6AF92AEF5C0}.Release|Any CPU.ActiveCfg = Release|Any CPU
		{8202607F-5601-4701-AE06-A6AF92AEF5C0}.Release|Any CPU.Build.0 = Release|Any CPU
		{0F1DE683-6702-4BC2-9E79-1A38F82A72A7}.Debug|Any CPU.ActiveCfg = Debug|Any CPU
		{0F1DE683-6702-4BC2-9E79-1A38F82A72A7}.Debug|Any CPU.Build.0 = Debug|Any CPU
		{0F1DE683-6702-4BC2-9E79-1A38F82A72A7}.Release|Any CPU.ActiveCfg = Release|Any CPU
		{0F1DE683-6702-4BC2-9E79-1A38F82A72A7}.Release|Any CPU.Build.0 = Release|Any CPU
		{76814975-7D78-40F5-9738-A3DF4D8DDE05}.Debug|Any CPU.ActiveCfg = Debug|Any CPU
		{76814975-7D78-40F5-9738-A3DF4D8DDE05}.Debug|Any CPU.Build.0 = Debug|Any CPU
		{76814975-7D78-40F5-9738-A3DF4D8DDE05}.Release|Any CPU.ActiveCfg = Release|Any CPU
		{76814975-7D78-40F5-9738-A3DF4D8DDE05}.Release|Any CPU.Build.0 = Release|Any CPU
		{11066651-7539-43C8-A828-928FBA5BC0B9}.Debug|Any CPU.ActiveCfg = Debug|Any CPU
		{11066651-7539-43C8-A828-928FBA5BC0B9}.Debug|Any CPU.Build.0 = Debug|Any CPU
		{11066651-7539-43C8-A828-928FBA5BC0B9}.Release|Any CPU.ActiveCfg = Release|Any CPU
		{11066651-7539-43C8-A828-928FBA5BC0B9}.Release|Any CPU.Build.0 = Release|Any CPU
		{B34B20F6-CDAB-4585-BDC6-1887C30B3853}.Debug|Any CPU.ActiveCfg = Debug|Any CPU
		{B34B20F6-CDAB-4585-BDC6-1887C30B3853}.Debug|Any CPU.Build.0 = Debug|Any CPU
		{B34B20F6-CDAB-4585-BDC6-1887C30B3853}.Release|Any CPU.ActiveCfg = Release|Any CPU
		{B34B20F6-CDAB-4585-BDC6-1887C30B3853}.Release|Any CPU.Build.0 = Release|Any CPU
		{1BF00D3F-1F03-4CFB-A6C3-22E68DF18E46}.Debug|Any CPU.ActiveCfg = Debug|Any CPU
		{1BF00D3F-1F03-4CFB-A6C3-22E68DF18E46}.Debug|Any CPU.Build.0 = Debug|Any CPU
		{1BF00D3F-1F03-4CFB-A6C3-22E68DF18E46}.Release|Any CPU.ActiveCfg = Release|Any CPU
		{1BF00D3F-1F03-4CFB-A6C3-22E68DF18E46}.Release|Any CPU.Build.0 = Release|Any CPU
		{46A666A0-53C7-4EE9-9BDC-2CFFC033323D}.Debug|Any CPU.ActiveCfg = Debug|Any CPU
		{46A666A0-53C7-4EE9-9BDC-2CFFC033323D}.Debug|Any CPU.Build.0 = Debug|Any CPU
		{46A666A0-53C7-4EE9-9BDC-2CFFC033323D}.Release|Any CPU.ActiveCfg = Release|Any CPU
		{46A666A0-53C7-4EE9-9BDC-2CFFC033323D}.Release|Any CPU.Build.0 = Release|Any CPU
		{E8D39575-2156-4ACC-BE96-72B97F0091AF}.Debug|Any CPU.ActiveCfg = Debug|Any CPU
		{E8D39575-2156-4ACC-BE96-72B97F0091AF}.Debug|Any CPU.Build.0 = Debug|Any CPU
		{E8D39575-2156-4ACC-BE96-72B97F0091AF}.Release|Any CPU.ActiveCfg = Release|Any CPU
		{E8D39575-2156-4ACC-BE96-72B97F0091AF}.Release|Any CPU.Build.0 = Release|Any CPU
		{163695FB-2E4F-48FB-8420-A07DD89B47E3}.Debug|Any CPU.ActiveCfg = Debug|Any CPU
		{163695FB-2E4F-48FB-8420-A07DD89B47E3}.Debug|Any CPU.Build.0 = Debug|Any CPU
		{163695FB-2E4F-48FB-8420-A07DD89B47E3}.Release|Any CPU.ActiveCfg = Release|Any CPU
		{163695FB-2E4F-48FB-8420-A07DD89B47E3}.Release|Any CPU.Build.0 = Release|Any CPU
		{220A64BE-BE35-4D4B-A016-724460EDE26E}.Debug|Any CPU.ActiveCfg = Debug|Any CPU
		{220A64BE-BE35-4D4B-A016-724460EDE26E}.Debug|Any CPU.Build.0 = Debug|Any CPU
		{220A64BE-BE35-4D4B-A016-724460EDE26E}.Release|Any CPU.ActiveCfg = Release|Any CPU
		{220A64BE-BE35-4D4B-A016-724460EDE26E}.Release|Any CPU.Build.0 = Release|Any CPU
		{474E7FC5-9937-4C01-B560-9AB75344A2D2}.Debug|Any CPU.ActiveCfg = Debug|Any CPU
		{474E7FC5-9937-4C01-B560-9AB75344A2D2}.Debug|Any CPU.Build.0 = Debug|Any CPU
		{474E7FC5-9937-4C01-B560-9AB75344A2D2}.Release|Any CPU.ActiveCfg = Release|Any CPU
		{474E7FC5-9937-4C01-B560-9AB75344A2D2}.Release|Any CPU.Build.0 = Release|Any CPU
		{B3D1EBC9-A4C8-441F-9D6F-73110C6EC646}.Debug|Any CPU.ActiveCfg = Debug|Any CPU
		{B3D1EBC9-A4C8-441F-9D6F-73110C6EC646}.Debug|Any CPU.Build.0 = Debug|Any CPU
		{B3D1EBC9-A4C8-441F-9D6F-73110C6EC646}.Release|Any CPU.ActiveCfg = Release|Any CPU
		{B3D1EBC9-A4C8-441F-9D6F-73110C6EC646}.Release|Any CPU.Build.0 = Release|Any CPU
		{1714FDF5-8269-42F3-BF57-B265E76836B1}.Debug|Any CPU.ActiveCfg = Debug|Any CPU
		{1714FDF5-8269-42F3-BF57-B265E76836B1}.Debug|Any CPU.Build.0 = Debug|Any CPU
		{1714FDF5-8269-42F3-BF57-B265E76836B1}.Release|Any CPU.ActiveCfg = Release|Any CPU
		{1714FDF5-8269-42F3-BF57-B265E76836B1}.Release|Any CPU.Build.0 = Release|Any CPU
		{7FE4DEFD-2A54-4A31-8DA9-1C962CF02D03}.Debug|Any CPU.ActiveCfg = Debug|Any CPU
		{7FE4DEFD-2A54-4A31-8DA9-1C962CF02D03}.Debug|Any CPU.Build.0 = Debug|Any CPU
		{7FE4DEFD-2A54-4A31-8DA9-1C962CF02D03}.Release|Any CPU.ActiveCfg = Release|Any CPU
		{7FE4DEFD-2A54-4A31-8DA9-1C962CF02D03}.Release|Any CPU.Build.0 = Release|Any CPU
		{365FFFD2-1C54-40B3-990C-32FDED5ECCC3}.Debug|Any CPU.ActiveCfg = Debug|Any CPU
		{365FFFD2-1C54-40B3-990C-32FDED5ECCC3}.Debug|Any CPU.Build.0 = Debug|Any CPU
		{365FFFD2-1C54-40B3-990C-32FDED5ECCC3}.Release|Any CPU.ActiveCfg = Release|Any CPU
		{365FFFD2-1C54-40B3-990C-32FDED5ECCC3}.Release|Any CPU.Build.0 = Release|Any CPU
		{4B826721-224D-44CD-9841-B1B51843CB3E}.Debug|Any CPU.ActiveCfg = Debug|Any CPU
		{4B826721-224D-44CD-9841-B1B51843CB3E}.Debug|Any CPU.Build.0 = Debug|Any CPU
		{4B826721-224D-44CD-9841-B1B51843CB3E}.Release|Any CPU.ActiveCfg = Release|Any CPU
		{4B826721-224D-44CD-9841-B1B51843CB3E}.Release|Any CPU.Build.0 = Release|Any CPU
		{C6470171-517B-4ACC-B9A6-9189FE72485E}.Debug|Any CPU.ActiveCfg = Debug|Any CPU
		{C6470171-517B-4ACC-B9A6-9189FE72485E}.Debug|Any CPU.Build.0 = Debug|Any CPU
		{C6470171-517B-4ACC-B9A6-9189FE72485E}.Release|Any CPU.ActiveCfg = Release|Any CPU
		{C6470171-517B-4ACC-B9A6-9189FE72485E}.Release|Any CPU.Build.0 = Release|Any CPU
		{36DC7AC8-B85D-436A-A17A-1585F00683CC}.Debug|Any CPU.ActiveCfg = Debug|Any CPU
		{36DC7AC8-B85D-436A-A17A-1585F00683CC}.Debug|Any CPU.Build.0 = Debug|Any CPU
		{36DC7AC8-B85D-436A-A17A-1585F00683CC}.Release|Any CPU.ActiveCfg = Release|Any CPU
		{36DC7AC8-B85D-436A-A17A-1585F00683CC}.Release|Any CPU.Build.0 = Release|Any CPU
		{5CC34F24-163D-4A4B-8C59-3757158D72BB}.Debug|Any CPU.ActiveCfg = Debug|Any CPU
		{5CC34F24-163D-4A4B-8C59-3757158D72BB}.Debug|Any CPU.Build.0 = Debug|Any CPU
		{5CC34F24-163D-4A4B-8C59-3757158D72BB}.Release|Any CPU.ActiveCfg = Release|Any CPU
		{5CC34F24-163D-4A4B-8C59-3757158D72BB}.Release|Any CPU.Build.0 = Release|Any CPU
		{B24B9780-D87C-4675-862B-EA1F2F04ABAF}.Debug|Any CPU.ActiveCfg = Debug|Any CPU
		{B24B9780-D87C-4675-862B-EA1F2F04ABAF}.Debug|Any CPU.Build.0 = Debug|Any CPU
		{B24B9780-D87C-4675-862B-EA1F2F04ABAF}.Release|Any CPU.ActiveCfg = Release|Any CPU
		{B24B9780-D87C-4675-862B-EA1F2F04ABAF}.Release|Any CPU.Build.0 = Release|Any CPU
		{E5965CC3-903D-48E4-ADD2-83AE2534109F}.Debug|Any CPU.ActiveCfg = Debug|Any CPU
		{E5965CC3-903D-48E4-ADD2-83AE2534109F}.Debug|Any CPU.Build.0 = Debug|Any CPU
		{E5965CC3-903D-48E4-ADD2-83AE2534109F}.Release|Any CPU.ActiveCfg = Release|Any CPU
		{E5965CC3-903D-48E4-ADD2-83AE2534109F}.Release|Any CPU.Build.0 = Release|Any CPU
		{6A4FF43B-FDE9-4E95-B7C2-D682CE9D4ED8}.Debug|Any CPU.ActiveCfg = Debug|Any CPU
		{6A4FF43B-FDE9-4E95-B7C2-D682CE9D4ED8}.Debug|Any CPU.Build.0 = Debug|Any CPU
		{6A4FF43B-FDE9-4E95-B7C2-D682CE9D4ED8}.Release|Any CPU.ActiveCfg = Release|Any CPU
		{6A4FF43B-FDE9-4E95-B7C2-D682CE9D4ED8}.Release|Any CPU.Build.0 = Release|Any CPU
		{933D793C-83F4-4B1F-8924-3E039C922847}.Debug|Any CPU.ActiveCfg = Debug|Any CPU
		{933D793C-83F4-4B1F-8924-3E039C922847}.Debug|Any CPU.Build.0 = Debug|Any CPU
		{933D793C-83F4-4B1F-8924-3E039C922847}.Release|Any CPU.ActiveCfg = Release|Any CPU
		{933D793C-83F4-4B1F-8924-3E039C922847}.Release|Any CPU.Build.0 = Release|Any CPU
		{23C18334-F5E0-4C6B-8177-E61937DEDFB0}.Debug|Any CPU.ActiveCfg = Debug|Any CPU
		{23C18334-F5E0-4C6B-8177-E61937DEDFB0}.Debug|Any CPU.Build.0 = Debug|Any CPU
		{23C18334-F5E0-4C6B-8177-E61937DEDFB0}.Release|Any CPU.ActiveCfg = Release|Any CPU
		{23C18334-F5E0-4C6B-8177-E61937DEDFB0}.Release|Any CPU.Build.0 = Release|Any CPU
		{CEAF94F3-BE7A-4526-8126-F3AD2A3955AD}.Debug|Any CPU.ActiveCfg = Debug|Any CPU
		{CEAF94F3-BE7A-4526-8126-F3AD2A3955AD}.Debug|Any CPU.Build.0 = Debug|Any CPU
		{CEAF94F3-BE7A-4526-8126-F3AD2A3955AD}.Release|Any CPU.ActiveCfg = Release|Any CPU
		{CEAF94F3-BE7A-4526-8126-F3AD2A3955AD}.Release|Any CPU.Build.0 = Release|Any CPU
		{442C89DD-884C-4C0D-8516-E6F967DB648A}.Debug|Any CPU.ActiveCfg = Debug|Any CPU
		{442C89DD-884C-4C0D-8516-E6F967DB648A}.Debug|Any CPU.Build.0 = Debug|Any CPU
		{442C89DD-884C-4C0D-8516-E6F967DB648A}.Release|Any CPU.ActiveCfg = Release|Any CPU
		{442C89DD-884C-4C0D-8516-E6F967DB648A}.Release|Any CPU.Build.0 = Release|Any CPU
	EndGlobalSection
	GlobalSection(SolutionProperties) = preSolution
		HideSolutionNode = FALSE
	EndGlobalSection
	GlobalSection(NestedProjects) = preSolution
		{2480AD81-0114-42DE-89FC-F8507D87DFE2} = {DE117EB7-E593-4898-8F84-F3F93BC9D362}
		{B280E9A4-4173-472B-A51D-159057D12E25} = {DE117EB7-E593-4898-8F84-F3F93BC9D362}
		{28A34213-7851-4CB7-99E6-02D530D2F59F} = {DE117EB7-E593-4898-8F84-F3F93BC9D362}
		{806ADD2D-3747-42DA-9362-986F46EDC233} = {68B87931-BF80-499A-816E-F6FF7B359443}
		{1DE37F61-9EF2-4516-860C-77BFA4976E0C} = {28A34213-7851-4CB7-99E6-02D530D2F59F}
		{CA6A270A-2237-4EF0-AFF9-941453E17EDC} = {28A34213-7851-4CB7-99E6-02D530D2F59F}
		{5171FF4D-C2C1-46D5-B35B-81239F458B44} = {28A34213-7851-4CB7-99E6-02D530D2F59F}
		{361D471A-0A6A-4149-ACE0-0845A1A274F9} = {2480AD81-0114-42DE-89FC-F8507D87DFE2}
		{E3CE6E78-BF9D-4FF7-A2BB-B31C4273C609} = {2480AD81-0114-42DE-89FC-F8507D87DFE2}
		{867E45DF-71A9-4285-AA2C-5DB8A7605A65} = {B280E9A4-4173-472B-A51D-159057D12E25}
		{4C3B8AF7-BC50-4706-B1C2-505077B30886} = {DE117EB7-E593-4898-8F84-F3F93BC9D362}
		{91867541-3220-4C47-A4A2-34BC20B098F4} = {4C3B8AF7-BC50-4706-B1C2-505077B30886}
		{8202607F-5601-4701-AE06-A6AF92AEF5C0} = {4C3B8AF7-BC50-4706-B1C2-505077B30886}
		{0F1DE683-6702-4BC2-9E79-1A38F82A72A7} = {806ADD2D-3747-42DA-9362-986F46EDC233}
		{76814975-7D78-40F5-9738-A3DF4D8DDE05} = {806ADD2D-3747-42DA-9362-986F46EDC233}
		{11066651-7539-43C8-A828-928FBA5BC0B9} = {806ADD2D-3747-42DA-9362-986F46EDC233}
		{B34B20F6-CDAB-4585-BDC6-1887C30B3853} = {806ADD2D-3747-42DA-9362-986F46EDC233}
		{1BF00D3F-1F03-4CFB-A6C3-22E68DF18E46} = {806ADD2D-3747-42DA-9362-986F46EDC233}
		{46A666A0-53C7-4EE9-9BDC-2CFFC033323D} = {806ADD2D-3747-42DA-9362-986F46EDC233}
		{E8D39575-2156-4ACC-BE96-72B97F0091AF} = {68B87931-BF80-499A-816E-F6FF7B359443}
		{163695FB-2E4F-48FB-8420-A07DD89B47E3} = {68B87931-BF80-499A-816E-F6FF7B359443}
		{220A64BE-BE35-4D4B-A016-724460EDE26E} = {68B87931-BF80-499A-816E-F6FF7B359443}
		{474E7FC5-9937-4C01-B560-9AB75344A2D2} = {68B87931-BF80-499A-816E-F6FF7B359443}
		{B3D1EBC9-A4C8-441F-9D6F-73110C6EC646} = {68B87931-BF80-499A-816E-F6FF7B359443}
		{1714FDF5-8269-42F3-BF57-B265E76836B1} = {68B87931-BF80-499A-816E-F6FF7B359443}
		{7FE4DEFD-2A54-4A31-8DA9-1C962CF02D03} = {68B87931-BF80-499A-816E-F6FF7B359443}
		{365FFFD2-1C54-40B3-990C-32FDED5ECCC3} = {68B87931-BF80-499A-816E-F6FF7B359443}
		{4B826721-224D-44CD-9841-B1B51843CB3E} = {68B87931-BF80-499A-816E-F6FF7B359443}
		{C6470171-517B-4ACC-B9A6-9189FE72485E} = {68B87931-BF80-499A-816E-F6FF7B359443}
		{36DC7AC8-B85D-436A-A17A-1585F00683CC} = {68B87931-BF80-499A-816E-F6FF7B359443}
		{5CC34F24-163D-4A4B-8C59-3757158D72BB} = {68B87931-BF80-499A-816E-F6FF7B359443}
		{B24B9780-D87C-4675-862B-EA1F2F04ABAF} = {68B87931-BF80-499A-816E-F6FF7B359443}
		{E5965CC3-903D-48E4-ADD2-83AE2534109F} = {68B87931-BF80-499A-816E-F6FF7B359443}
		{6A4FF43B-FDE9-4E95-B7C2-D682CE9D4ED8} = {68B87931-BF80-499A-816E-F6FF7B359443}
		{933D793C-83F4-4B1F-8924-3E039C922847} = {68B87931-BF80-499A-816E-F6FF7B359443}
		{23C18334-F5E0-4C6B-8177-E61937DEDFB0} = {68B87931-BF80-499A-816E-F6FF7B359443}
		{CEAF94F3-BE7A-4526-8126-F3AD2A3955AD} = {68B87931-BF80-499A-816E-F6FF7B359443}
		{442C89DD-884C-4C0D-8516-E6F967DB648A} = {68B87931-BF80-499A-816E-F6FF7B359443}
	EndGlobalSection
	GlobalSection(ExtensibilityGlobals) = postSolution
		SolutionGuid = {B0967205-4814-4D3A-907B-2BC885FA488C}
	EndGlobalSection
EndGlobal
