
Microsoft Visual Studio Solution File, Format Version 12.00
# Visual Studio Version 17
VisualStudioVersion = 17.4.33027.239
MinimumVisualStudioVersion = 10.0.40219.1
Project("{2150E333-8FDC-42A3-9474-1A3956D46DE8}") = "Application", "Application", "{DB733C6F-054A-443A-B3E2-0EEC7D2BCB4F}"
EndProject
Project("{2150E333-8FDC-42A3-9474-1A3956D46DE8}") = "Console", "Console", "{A91FA83F-94BB-4A7E-9710-7E10F42FD027}"
EndProject
Project("{2150E333-8FDC-42A3-9474-1A3956D46DE8}") = "Infrastructure", "Infrastructure", "{D033B4E8-6847-4A75-B6BF-396B6FCD272A}"
EndProject
Project("{2150E333-8FDC-42A3-9474-1A3956D46DE8}") = "SolutionItems", "SolutionItems", "{01089784-0F59-41D9-988B-D2EC04210D55}"
	ProjectSection(SolutionItems) = preProject
		..\assets\images\devonfw.png = ..\assets\images\devonfw.png
		..\LICENSE = ..\LICENSE
		..\README.md = ..\README.md
	EndProjectSection
EndProject
Project("{9A19103F-16F7-4668-BE54-9A1E7A4F7556}") = "Devon4Net.Infrastructure.Logger", "Modules\Devon4Net.Infrastructure.Logger\Devon4Net.Infrastructure.Logger.csproj", "{FD681AD5-B890-4488-9C6E-86D66C6A5668}"
EndProject
Project("{9A19103F-16F7-4668-BE54-9A1E7A4F7556}") = "Devon4Net.Infrastructure.Common", "Modules\Devon4Net.Infrastructure.Common\Devon4Net.Infrastructure.Common.csproj", "{8071994A-B93F-49EC-8444-19F67604A884}"
EndProject
Project("{2150E333-8FDC-42A3-9474-1A3956D46DE8}") = "API", "API", "{C2031024-653F-4044-817B-A6517DF5A3E3}"
EndProject
Project("{9A19103F-16F7-4668-BE54-9A1E7A4F7556}") = "Devon4Net.Application.WebAPI", "Templates\WebAPI\Devon4Net.Application.WebAPI\Devon4Net.Application.WebAPI.csproj", "{824DA673-E0A6-4AE1-9C03-44A53AEE0DBA}"
EndProject
Project("{9A19103F-16F7-4668-BE54-9A1E7A4F7556}") = "Devon4Net.Infrastructure.Cors", "Modules\Devon4Net.Infrastructure.Cors\Devon4Net.Infrastructure.Cors.csproj", "{1A4A6E68-629A-4E65-9D61-C7430FF2869C}"
EndProject
Project("{9A19103F-16F7-4668-BE54-9A1E7A4F7556}") = "Devon4Net.Application.Console", "Templates\Console\Devon4Net.Application.Console\Devon4Net.Application.Console.csproj", "{DB072F91-B2F5-4E4C-AA48-88986B8D1988}"
EndProject
Project("{9A19103F-16F7-4668-BE54-9A1E7A4F7556}") = "Devon4Net.Infrastructure.Swagger", "Modules\Devon4Net.Infrastructure.Swagger\Devon4Net.Infrastructure.Swagger.csproj", "{0952AA3E-CCA0-48AD-8595-174AC5D5027A}"
EndProject
Project("{9A19103F-16F7-4668-BE54-9A1E7A4F7556}") = "Devon4Net.Infrastructure.FluentValidation", "Modules\Devon4Net.Infrastructure.FluentValidation\Devon4Net.Infrastructure.FluentValidation.csproj", "{F5E51B03-1652-4CB6-A56C-AB0C9F993C4A}"
EndProject
Project("{9A19103F-16F7-4668-BE54-9A1E7A4F7556}") = "Devon4Net.Infrastructure.JWT", "Modules\Devon4Net.Infrastructure.JWT\Devon4Net.Infrastructure.JWT.csproj", "{FE54F8A1-B7BA-44DC-A670-D74C36578A9C}"
EndProject
Project("{9A19103F-16F7-4668-BE54-9A1E7A4F7556}") = "Devon4Net.Infrastructure.UnitOfWork", "Modules\Devon4Net.Infrastructure.UnitOfWork\Devon4Net.Infrastructure.UnitOfWork.csproj", "{4984BBAD-BE07-48F7-A69E-314A00C04BB1}"
EndProject
Project("{9A19103F-16F7-4668-BE54-9A1E7A4F7556}") = "Devon4Net.Infrastructure.CircuitBreaker", "Modules\Devon4Net.Infrastructure.CircuitBreaker\Devon4Net.Infrastructure.CircuitBreaker.csproj", "{0D27C8A3-20E0-43B9-B8A3-B7168FAF4410}"
EndProject
Project("{9A19103F-16F7-4668-BE54-9A1E7A4F7556}") = "Devon4Net.Infrastructure.LiteDb", "Modules\Devon4Net.Infrastructure.LiteDb\Devon4Net.Infrastructure.LiteDb.csproj", "{BED565F0-14B1-4618-87D1-49117491998A}"
EndProject
Project("{9A19103F-16F7-4668-BE54-9A1E7A4F7556}") = "Devon4Net.Infrastructure.Grpc", "Modules\Devon4Net.Infrastructure.Grpc\Devon4Net.Infrastructure.Grpc.csproj", "{0085BD82-99D7-4AA0-8016-D537878877BF}"
EndProject
Project("{9A19103F-16F7-4668-BE54-9A1E7A4F7556}") = "Devon4Net.Infrastructure.MediatR", "Modules\Devon4Net.Infrastructure.MediatR\Devon4Net.Infrastructure.MediatR.csproj", "{EE01905B-2DC4-46D7-BAE5-1E04125FC55E}"
EndProject
Project("{9A19103F-16F7-4668-BE54-9A1E7A4F7556}") = "Devon4Net.Infrastructure.Kafka", "Modules\Devon4Net.Infrastructure.Kafka\Devon4Net.Infrastructure.Kafka.csproj", "{253AB526-4053-4EBB-899A-3C5EB849B499}"
EndProject
Project("{2150E333-8FDC-42A3-9474-1A3956D46DE8}") = "Cloud", "Cloud", "{FF86C02C-881B-449B-A236-CD4CFCA20102}"
EndProject
Project("{2150E333-8FDC-42A3-9474-1A3956D46DE8}") = "AmazonWebServices", "AmazonWebServices", "{77A34DAA-FCE2-4162-B842-EF1609A4FB2D}"
EndProject
Project("{9A19103F-16F7-4668-BE54-9A1E7A4F7556}") = "Devon4Net.Infrastructure.AWS.Common", "Modules\Devon4Net.Infrastructure.AWS.Common\Devon4Net.Infrastructure.AWS.Common.csproj", "{D819F05D-79DA-4FB6-B5E9-8DB28879102D}"
EndProject
Project("{9A19103F-16F7-4668-BE54-9A1E7A4F7556}") = "Devon4Net.Infrastructure.AWS.DynamoDb", "Modules\Devon4Net.Infrastructure.AWS.DynamoDb\Devon4Net.Infrastructure.AWS.DynamoDb.csproj", "{D7E242D2-29D0-43F9-9275-B2168F481221}"
EndProject
Project("{9A19103F-16F7-4668-BE54-9A1E7A4F7556}") = "Devon4Net.Infrastructure.AWS.Lambda", "Modules\Devon4Net.Infrastructure.AWS.Lambda\Devon4Net.Infrastructure.AWS.Lambda.csproj", "{7F748B00-83A8-4C8B-BA8B-B067CA9D47A8}"
EndProject
Project("{9A19103F-16F7-4668-BE54-9A1E7A4F7556}") = "Devon4Net.Infrastructure.AWS.S3", "Modules\Devon4Net.Infrastructure.AWS.S3\Devon4Net.Infrastructure.AWS.S3.csproj", "{E68EB455-CE79-477D-ABCA-2A0EE4EF74A3}"
EndProject
Project("{9A19103F-16F7-4668-BE54-9A1E7A4F7556}") = "Devon4Net.Infrastructure.AWS.Serverless", "Modules\Devon4Net.Infrastructure.AWS.Serverless\Devon4Net.Infrastructure.AWS.Serverless.csproj", "{91AF4DED-95EC-46F1-9179-070893D48AF1}"
EndProject
Project("{9A19103F-16F7-4668-BE54-9A1E7A4F7556}") = "Devon4Net.Infrastructure.AWS.SQS", "Modules\Devon4Net.Infrastructure.AWS.SQS\Devon4Net.Infrastructure.AWS.SQS.csproj", "{1B0D56DC-7461-4C6F-AC48-B6D07CFEA781}"
EndProject
Project("{9A19103F-16F7-4668-BE54-9A1E7A4F7556}") = "Devon4Net.Infrastructure.AWS.CDK", "Modules\Devon4Net.Infrastructure.AWS.CDK\Devon4Net.Infrastructure.AWS.CDK.csproj", "{A05D39C4-6C02-4397-9C31-4DF57EC618EE}"
EndProject
Project("{9A19103F-16F7-4668-BE54-9A1E7A4F7556}") = "Devon4Net.Infrastructure.RabbitMQ", "Modules\Devon4Net.Infrastructure.RabbitMQ\Devon4Net.Infrastructure.RabbitMQ.csproj", "{FC4281BA-C97F-4DAF-B7BF-D9911832F090}"
EndProject
Project("{2150E333-8FDC-42A3-9474-1A3956D46DE8}") = "gRPC", "gRPC", "{6F057F42-1259-43CA-BFC0-03D4EA815D1D}"
EndProject
Project("{9A19103F-16F7-4668-BE54-9A1E7A4F7556}") = "Devon4Net.Application.GrpcClient", "Templates\gRPC\Devon4Net.Application.GrpcClient\Devon4Net.Application.GrpcClient.csproj", "{909E7B36-2AA4-4141-ABDA-74F490104335}"
EndProject
Project("{9A19103F-16F7-4668-BE54-9A1E7A4F7556}") = "Devon4Net.Application.GrpcServer", "Templates\gRPC\Devon4Net.Application.GrpcServer\Devon4Net.Application.GrpcServer.csproj", "{43A2A7E8-C354-4F0C-8291-66EB74C93517}"
EndProject
Project("{2150E333-8FDC-42A3-9474-1A3956D46DE8}") = "Kafka", "Kafka", "{3639DAF8-DE1E-4818-9095-1CD5A5259637}"
EndProject
Project("{9A19103F-16F7-4668-BE54-9A1E7A4F7556}") = "Devon4Net.Application.Kafka", "Templates\Kafka\Devon4Net.Application.Kafka\Devon4Net.Application.Kafka.csproj", "{EBDF5402-0236-4F2F-AC2C-D2EB794FE42A}"
EndProject
Project("{9A19103F-16F7-4668-BE54-9A1E7A4F7556}") = "Devon4Net.Application.Kafka.Consumer", "Templates\Kafka\Devon4Net.Application.Kafka.Consumer\Devon4Net.Application.Kafka.Consumer.csproj", "{8ADD49B7-413F-49E0-8FBB-4764D7397242}"
EndProject
Project("{9A19103F-16F7-4668-BE54-9A1E7A4F7556}") = "Devon4Net.Application.Kafka.Producer", "Templates\Kafka\Devon4Net.Application.Kafka.Producer\Devon4Net.Application.Kafka.Producer.csproj", "{D43F1D3C-38EC-4F05-962B-5285A22FDDC9}"
EndProject
Project("{2150E333-8FDC-42A3-9474-1A3956D46DE8}") = "Cloud", "Cloud", "{75AF9ACF-B13C-4813-983C-DEA3A6885A58}"
EndProject
Project("{2150E333-8FDC-42A3-9474-1A3956D46DE8}") = "AmazonWebServices", "AmazonWebServices", "{7CE8B360-8848-4581-9575-5592130484DB}"
EndProject
Project("{9A19103F-16F7-4668-BE54-9A1E7A4F7556}") = "Devon4Net.Application.DynamoDb", "Templates\AWS\Devon4Net.Application.DynamoDb\Devon4Net.Application.DynamoDb.csproj", "{C1121ABE-DD00-48BA-89CF-86B9D1E348C8}"
EndProject
Project("{9A19103F-16F7-4668-BE54-9A1E7A4F7556}") = "Devon4Net.Application.Lambda", "Templates\AWS\Devon4Net.Application.Lambda\Devon4Net.Application.Lambda.csproj", "{DDEDC543-C867-4E68-9A32-AFFF882F0A3F}"
EndProject
Project("{9A19103F-16F7-4668-BE54-9A1E7A4F7556}") = "Devon4Net.Application.WebAPI.AwsServerless", "Templates\AWS\Devon4Net.Application.WebAPI.AwsServerless\Devon4Net.Application.WebAPI.AwsServerless.csproj", "{9EBF1F28-EADA-4F12-BDF8-463C1BA3A2CE}"
EndProject
Project("{9A19103F-16F7-4668-BE54-9A1E7A4F7556}") = "Devon4Net.Infrastructure.AWS.CDK.Console", "Templates\AWS\Devon4Net.Infrastructure.AWS.CDK.ConsoleApplication\Devon4Net.Infrastructure.AWS.CDK.Console.csproj", "{B5260FA4-98B1-4697-8924-19216B23E79B}"
EndProject
Project("{9A19103F-16F7-4668-BE54-9A1E7A4F7556}") = "Devon4Net.Infrastructure.AWS.SQS.ConsoleApplication", "Templates\AWS\Devon4Net.Infrastructure.AWS.SQS.ConsoleApplication\Devon4Net.Infrastructure.AWS.SQS.ConsoleApplication.csproj", "{D56193D2-6C50-42E6-AF12-18E151D162AF}"
EndProject
Project("{9A19103F-16F7-4668-BE54-9A1E7A4F7556}") = "Devon4Net.Infrastructure.AWS.Logger", "Modules\Devon4Net.Infrastructure.AWS.Logger\Devon4Net.Infrastructure.AWS.Logger.csproj", "{5895B5E1-96E0-492D-9E35-5F66247B74AD}"
EndProject
Global
	GlobalSection(SolutionConfigurationPlatforms) = preSolution
		Debug|Any CPU = Debug|Any CPU
		Debug|x64 = Debug|x64
		Release|Any CPU = Release|Any CPU
		Release|x64 = Release|x64
	EndGlobalSection
	GlobalSection(ProjectConfigurationPlatforms) = postSolution
		{FD681AD5-B890-4488-9C6E-86D66C6A5668}.Debug|Any CPU.ActiveCfg = Debug|Any CPU
		{FD681AD5-B890-4488-9C6E-86D66C6A5668}.Debug|Any CPU.Build.0 = Debug|Any CPU
		{FD681AD5-B890-4488-9C6E-86D66C6A5668}.Debug|x64.ActiveCfg = Debug|Any CPU
		{FD681AD5-B890-4488-9C6E-86D66C6A5668}.Debug|x64.Build.0 = Debug|Any CPU
		{FD681AD5-B890-4488-9C6E-86D66C6A5668}.Release|Any CPU.ActiveCfg = Release|Any CPU
		{FD681AD5-B890-4488-9C6E-86D66C6A5668}.Release|Any CPU.Build.0 = Release|Any CPU
		{FD681AD5-B890-4488-9C6E-86D66C6A5668}.Release|x64.ActiveCfg = Release|Any CPU
		{FD681AD5-B890-4488-9C6E-86D66C6A5668}.Release|x64.Build.0 = Release|Any CPU
		{8071994A-B93F-49EC-8444-19F67604A884}.Debug|Any CPU.ActiveCfg = Debug|Any CPU
		{8071994A-B93F-49EC-8444-19F67604A884}.Debug|Any CPU.Build.0 = Debug|Any CPU
		{8071994A-B93F-49EC-8444-19F67604A884}.Debug|x64.ActiveCfg = Debug|Any CPU
		{8071994A-B93F-49EC-8444-19F67604A884}.Debug|x64.Build.0 = Debug|Any CPU
		{8071994A-B93F-49EC-8444-19F67604A884}.Release|Any CPU.ActiveCfg = Release|Any CPU
		{8071994A-B93F-49EC-8444-19F67604A884}.Release|Any CPU.Build.0 = Release|Any CPU
		{8071994A-B93F-49EC-8444-19F67604A884}.Release|x64.ActiveCfg = Release|Any CPU
		{8071994A-B93F-49EC-8444-19F67604A884}.Release|x64.Build.0 = Release|Any CPU
		{824DA673-E0A6-4AE1-9C03-44A53AEE0DBA}.Debug|Any CPU.ActiveCfg = Debug|Any CPU
		{824DA673-E0A6-4AE1-9C03-44A53AEE0DBA}.Debug|Any CPU.Build.0 = Debug|Any CPU
		{824DA673-E0A6-4AE1-9C03-44A53AEE0DBA}.Debug|x64.ActiveCfg = Debug|Any CPU
		{824DA673-E0A6-4AE1-9C03-44A53AEE0DBA}.Debug|x64.Build.0 = Debug|Any CPU
		{824DA673-E0A6-4AE1-9C03-44A53AEE0DBA}.Release|Any CPU.ActiveCfg = Release|Any CPU
		{824DA673-E0A6-4AE1-9C03-44A53AEE0DBA}.Release|Any CPU.Build.0 = Release|Any CPU
		{824DA673-E0A6-4AE1-9C03-44A53AEE0DBA}.Release|x64.ActiveCfg = Release|Any CPU
		{824DA673-E0A6-4AE1-9C03-44A53AEE0DBA}.Release|x64.Build.0 = Release|Any CPU
		{1A4A6E68-629A-4E65-9D61-C7430FF2869C}.Debug|Any CPU.ActiveCfg = Debug|Any CPU
		{1A4A6E68-629A-4E65-9D61-C7430FF2869C}.Debug|Any CPU.Build.0 = Debug|Any CPU
		{1A4A6E68-629A-4E65-9D61-C7430FF2869C}.Debug|x64.ActiveCfg = Debug|Any CPU
		{1A4A6E68-629A-4E65-9D61-C7430FF2869C}.Debug|x64.Build.0 = Debug|Any CPU
		{1A4A6E68-629A-4E65-9D61-C7430FF2869C}.Release|Any CPU.ActiveCfg = Release|Any CPU
		{1A4A6E68-629A-4E65-9D61-C7430FF2869C}.Release|Any CPU.Build.0 = Release|Any CPU
		{1A4A6E68-629A-4E65-9D61-C7430FF2869C}.Release|x64.ActiveCfg = Release|Any CPU
		{1A4A6E68-629A-4E65-9D61-C7430FF2869C}.Release|x64.Build.0 = Release|Any CPU
		{DB072F91-B2F5-4E4C-AA48-88986B8D1988}.Debug|Any CPU.ActiveCfg = Debug|Any CPU
		{DB072F91-B2F5-4E4C-AA48-88986B8D1988}.Debug|Any CPU.Build.0 = Debug|Any CPU
		{DB072F91-B2F5-4E4C-AA48-88986B8D1988}.Debug|x64.ActiveCfg = Debug|Any CPU
		{DB072F91-B2F5-4E4C-AA48-88986B8D1988}.Debug|x64.Build.0 = Debug|Any CPU
		{DB072F91-B2F5-4E4C-AA48-88986B8D1988}.Release|Any CPU.ActiveCfg = Release|Any CPU
		{DB072F91-B2F5-4E4C-AA48-88986B8D1988}.Release|Any CPU.Build.0 = Release|Any CPU
		{DB072F91-B2F5-4E4C-AA48-88986B8D1988}.Release|x64.ActiveCfg = Release|Any CPU
		{DB072F91-B2F5-4E4C-AA48-88986B8D1988}.Release|x64.Build.0 = Release|Any CPU
		{0952AA3E-CCA0-48AD-8595-174AC5D5027A}.Debug|Any CPU.ActiveCfg = Debug|Any CPU
		{0952AA3E-CCA0-48AD-8595-174AC5D5027A}.Debug|Any CPU.Build.0 = Debug|Any CPU
		{0952AA3E-CCA0-48AD-8595-174AC5D5027A}.Debug|x64.ActiveCfg = Debug|Any CPU
		{0952AA3E-CCA0-48AD-8595-174AC5D5027A}.Debug|x64.Build.0 = Debug|Any CPU
		{0952AA3E-CCA0-48AD-8595-174AC5D5027A}.Release|Any CPU.ActiveCfg = Release|Any CPU
		{0952AA3E-CCA0-48AD-8595-174AC5D5027A}.Release|Any CPU.Build.0 = Release|Any CPU
		{0952AA3E-CCA0-48AD-8595-174AC5D5027A}.Release|x64.ActiveCfg = Release|Any CPU
		{0952AA3E-CCA0-48AD-8595-174AC5D5027A}.Release|x64.Build.0 = Release|Any CPU
		{F5E51B03-1652-4CB6-A56C-AB0C9F993C4A}.Debug|Any CPU.ActiveCfg = Debug|Any CPU
		{F5E51B03-1652-4CB6-A56C-AB0C9F993C4A}.Debug|Any CPU.Build.0 = Debug|Any CPU
		{F5E51B03-1652-4CB6-A56C-AB0C9F993C4A}.Debug|x64.ActiveCfg = Debug|Any CPU
		{F5E51B03-1652-4CB6-A56C-AB0C9F993C4A}.Debug|x64.Build.0 = Debug|Any CPU
		{F5E51B03-1652-4CB6-A56C-AB0C9F993C4A}.Release|Any CPU.ActiveCfg = Release|Any CPU
		{F5E51B03-1652-4CB6-A56C-AB0C9F993C4A}.Release|Any CPU.Build.0 = Release|Any CPU
		{F5E51B03-1652-4CB6-A56C-AB0C9F993C4A}.Release|x64.ActiveCfg = Release|Any CPU
		{F5E51B03-1652-4CB6-A56C-AB0C9F993C4A}.Release|x64.Build.0 = Release|Any CPU
		{FE54F8A1-B7BA-44DC-A670-D74C36578A9C}.Debug|Any CPU.ActiveCfg = Debug|Any CPU
		{FE54F8A1-B7BA-44DC-A670-D74C36578A9C}.Debug|Any CPU.Build.0 = Debug|Any CPU
		{FE54F8A1-B7BA-44DC-A670-D74C36578A9C}.Debug|x64.ActiveCfg = Debug|Any CPU
		{FE54F8A1-B7BA-44DC-A670-D74C36578A9C}.Debug|x64.Build.0 = Debug|Any CPU
		{FE54F8A1-B7BA-44DC-A670-D74C36578A9C}.Release|Any CPU.ActiveCfg = Release|Any CPU
		{FE54F8A1-B7BA-44DC-A670-D74C36578A9C}.Release|Any CPU.Build.0 = Release|Any CPU
		{FE54F8A1-B7BA-44DC-A670-D74C36578A9C}.Release|x64.ActiveCfg = Release|Any CPU
		{FE54F8A1-B7BA-44DC-A670-D74C36578A9C}.Release|x64.Build.0 = Release|Any CPU
		{4984BBAD-BE07-48F7-A69E-314A00C04BB1}.Debug|Any CPU.ActiveCfg = Debug|Any CPU
		{4984BBAD-BE07-48F7-A69E-314A00C04BB1}.Debug|Any CPU.Build.0 = Debug|Any CPU
		{4984BBAD-BE07-48F7-A69E-314A00C04BB1}.Debug|x64.ActiveCfg = Debug|Any CPU
		{4984BBAD-BE07-48F7-A69E-314A00C04BB1}.Debug|x64.Build.0 = Debug|Any CPU
		{4984BBAD-BE07-48F7-A69E-314A00C04BB1}.Release|Any CPU.ActiveCfg = Release|Any CPU
		{4984BBAD-BE07-48F7-A69E-314A00C04BB1}.Release|Any CPU.Build.0 = Release|Any CPU
		{4984BBAD-BE07-48F7-A69E-314A00C04BB1}.Release|x64.ActiveCfg = Release|Any CPU
		{4984BBAD-BE07-48F7-A69E-314A00C04BB1}.Release|x64.Build.0 = Release|Any CPU
		{0D27C8A3-20E0-43B9-B8A3-B7168FAF4410}.Debug|Any CPU.ActiveCfg = Debug|Any CPU
		{0D27C8A3-20E0-43B9-B8A3-B7168FAF4410}.Debug|Any CPU.Build.0 = Debug|Any CPU
		{0D27C8A3-20E0-43B9-B8A3-B7168FAF4410}.Debug|x64.ActiveCfg = Debug|Any CPU
		{0D27C8A3-20E0-43B9-B8A3-B7168FAF4410}.Debug|x64.Build.0 = Debug|Any CPU
		{0D27C8A3-20E0-43B9-B8A3-B7168FAF4410}.Release|Any CPU.ActiveCfg = Release|Any CPU
		{0D27C8A3-20E0-43B9-B8A3-B7168FAF4410}.Release|Any CPU.Build.0 = Release|Any CPU
		{0D27C8A3-20E0-43B9-B8A3-B7168FAF4410}.Release|x64.ActiveCfg = Release|Any CPU
		{0D27C8A3-20E0-43B9-B8A3-B7168FAF4410}.Release|x64.Build.0 = Release|Any CPU
		{BED565F0-14B1-4618-87D1-49117491998A}.Debug|Any CPU.ActiveCfg = Debug|Any CPU
		{BED565F0-14B1-4618-87D1-49117491998A}.Debug|Any CPU.Build.0 = Debug|Any CPU
		{BED565F0-14B1-4618-87D1-49117491998A}.Debug|x64.ActiveCfg = Debug|Any CPU
		{BED565F0-14B1-4618-87D1-49117491998A}.Debug|x64.Build.0 = Debug|Any CPU
		{BED565F0-14B1-4618-87D1-49117491998A}.Release|Any CPU.ActiveCfg = Release|Any CPU
		{BED565F0-14B1-4618-87D1-49117491998A}.Release|Any CPU.Build.0 = Release|Any CPU
		{BED565F0-14B1-4618-87D1-49117491998A}.Release|x64.ActiveCfg = Release|Any CPU
		{BED565F0-14B1-4618-87D1-49117491998A}.Release|x64.Build.0 = Release|Any CPU
		{0085BD82-99D7-4AA0-8016-D537878877BF}.Debug|Any CPU.ActiveCfg = Debug|Any CPU
		{0085BD82-99D7-4AA0-8016-D537878877BF}.Debug|Any CPU.Build.0 = Debug|Any CPU
		{0085BD82-99D7-4AA0-8016-D537878877BF}.Debug|x64.ActiveCfg = Debug|Any CPU
		{0085BD82-99D7-4AA0-8016-D537878877BF}.Debug|x64.Build.0 = Debug|Any CPU
		{0085BD82-99D7-4AA0-8016-D537878877BF}.Release|Any CPU.ActiveCfg = Release|Any CPU
		{0085BD82-99D7-4AA0-8016-D537878877BF}.Release|Any CPU.Build.0 = Release|Any CPU
		{0085BD82-99D7-4AA0-8016-D537878877BF}.Release|x64.ActiveCfg = Release|Any CPU
		{0085BD82-99D7-4AA0-8016-D537878877BF}.Release|x64.Build.0 = Release|Any CPU
		{EE01905B-2DC4-46D7-BAE5-1E04125FC55E}.Debug|Any CPU.ActiveCfg = Debug|Any CPU
		{EE01905B-2DC4-46D7-BAE5-1E04125FC55E}.Debug|Any CPU.Build.0 = Debug|Any CPU
		{EE01905B-2DC4-46D7-BAE5-1E04125FC55E}.Debug|x64.ActiveCfg = Debug|Any CPU
		{EE01905B-2DC4-46D7-BAE5-1E04125FC55E}.Debug|x64.Build.0 = Debug|Any CPU
		{EE01905B-2DC4-46D7-BAE5-1E04125FC55E}.Release|Any CPU.ActiveCfg = Release|Any CPU
		{EE01905B-2DC4-46D7-BAE5-1E04125FC55E}.Release|Any CPU.Build.0 = Release|Any CPU
		{EE01905B-2DC4-46D7-BAE5-1E04125FC55E}.Release|x64.ActiveCfg = Release|Any CPU
		{EE01905B-2DC4-46D7-BAE5-1E04125FC55E}.Release|x64.Build.0 = Release|Any CPU
		{253AB526-4053-4EBB-899A-3C5EB849B499}.Debug|Any CPU.ActiveCfg = Debug|Any CPU
		{253AB526-4053-4EBB-899A-3C5EB849B499}.Debug|Any CPU.Build.0 = Debug|Any CPU
		{253AB526-4053-4EBB-899A-3C5EB849B499}.Debug|x64.ActiveCfg = Debug|Any CPU
		{253AB526-4053-4EBB-899A-3C5EB849B499}.Debug|x64.Build.0 = Debug|Any CPU
		{253AB526-4053-4EBB-899A-3C5EB849B499}.Release|Any CPU.ActiveCfg = Release|Any CPU
		{253AB526-4053-4EBB-899A-3C5EB849B499}.Release|Any CPU.Build.0 = Release|Any CPU
		{253AB526-4053-4EBB-899A-3C5EB849B499}.Release|x64.ActiveCfg = Release|Any CPU
		{253AB526-4053-4EBB-899A-3C5EB849B499}.Release|x64.Build.0 = Release|Any CPU
		{D819F05D-79DA-4FB6-B5E9-8DB28879102D}.Debug|Any CPU.ActiveCfg = Debug|Any CPU
		{D819F05D-79DA-4FB6-B5E9-8DB28879102D}.Debug|Any CPU.Build.0 = Debug|Any CPU
		{D819F05D-79DA-4FB6-B5E9-8DB28879102D}.Debug|x64.ActiveCfg = Debug|Any CPU
		{D819F05D-79DA-4FB6-B5E9-8DB28879102D}.Debug|x64.Build.0 = Debug|Any CPU
		{D819F05D-79DA-4FB6-B5E9-8DB28879102D}.Release|Any CPU.ActiveCfg = Release|Any CPU
		{D819F05D-79DA-4FB6-B5E9-8DB28879102D}.Release|Any CPU.Build.0 = Release|Any CPU
		{D819F05D-79DA-4FB6-B5E9-8DB28879102D}.Release|x64.ActiveCfg = Release|Any CPU
		{D819F05D-79DA-4FB6-B5E9-8DB28879102D}.Release|x64.Build.0 = Release|Any CPU
		{D7E242D2-29D0-43F9-9275-B2168F481221}.Debug|Any CPU.ActiveCfg = Debug|Any CPU
		{D7E242D2-29D0-43F9-9275-B2168F481221}.Debug|Any CPU.Build.0 = Debug|Any CPU
		{D7E242D2-29D0-43F9-9275-B2168F481221}.Debug|x64.ActiveCfg = Debug|Any CPU
		{D7E242D2-29D0-43F9-9275-B2168F481221}.Debug|x64.Build.0 = Debug|Any CPU
		{D7E242D2-29D0-43F9-9275-B2168F481221}.Release|Any CPU.ActiveCfg = Release|Any CPU
		{D7E242D2-29D0-43F9-9275-B2168F481221}.Release|Any CPU.Build.0 = Release|Any CPU
		{D7E242D2-29D0-43F9-9275-B2168F481221}.Release|x64.ActiveCfg = Release|Any CPU
		{D7E242D2-29D0-43F9-9275-B2168F481221}.Release|x64.Build.0 = Release|Any CPU
		{7F748B00-83A8-4C8B-BA8B-B067CA9D47A8}.Debug|Any CPU.ActiveCfg = Debug|Any CPU
		{7F748B00-83A8-4C8B-BA8B-B067CA9D47A8}.Debug|Any CPU.Build.0 = Debug|Any CPU
		{7F748B00-83A8-4C8B-BA8B-B067CA9D47A8}.Debug|x64.ActiveCfg = Debug|Any CPU
		{7F748B00-83A8-4C8B-BA8B-B067CA9D47A8}.Debug|x64.Build.0 = Debug|Any CPU
		{7F748B00-83A8-4C8B-BA8B-B067CA9D47A8}.Release|Any CPU.ActiveCfg = Release|Any CPU
		{7F748B00-83A8-4C8B-BA8B-B067CA9D47A8}.Release|Any CPU.Build.0 = Release|Any CPU
		{7F748B00-83A8-4C8B-BA8B-B067CA9D47A8}.Release|x64.ActiveCfg = Release|Any CPU
		{7F748B00-83A8-4C8B-BA8B-B067CA9D47A8}.Release|x64.Build.0 = Release|Any CPU
		{E68EB455-CE79-477D-ABCA-2A0EE4EF74A3}.Debug|Any CPU.ActiveCfg = Debug|Any CPU
		{E68EB455-CE79-477D-ABCA-2A0EE4EF74A3}.Debug|Any CPU.Build.0 = Debug|Any CPU
		{E68EB455-CE79-477D-ABCA-2A0EE4EF74A3}.Debug|x64.ActiveCfg = Debug|Any CPU
		{E68EB455-CE79-477D-ABCA-2A0EE4EF74A3}.Debug|x64.Build.0 = Debug|Any CPU
		{E68EB455-CE79-477D-ABCA-2A0EE4EF74A3}.Release|Any CPU.ActiveCfg = Release|Any CPU
		{E68EB455-CE79-477D-ABCA-2A0EE4EF74A3}.Release|Any CPU.Build.0 = Release|Any CPU
		{E68EB455-CE79-477D-ABCA-2A0EE4EF74A3}.Release|x64.ActiveCfg = Release|Any CPU
		{E68EB455-CE79-477D-ABCA-2A0EE4EF74A3}.Release|x64.Build.0 = Release|Any CPU
		{91AF4DED-95EC-46F1-9179-070893D48AF1}.Debug|Any CPU.ActiveCfg = Debug|Any CPU
		{91AF4DED-95EC-46F1-9179-070893D48AF1}.Debug|Any CPU.Build.0 = Debug|Any CPU
		{91AF4DED-95EC-46F1-9179-070893D48AF1}.Debug|x64.ActiveCfg = Debug|Any CPU
		{91AF4DED-95EC-46F1-9179-070893D48AF1}.Debug|x64.Build.0 = Debug|Any CPU
		{91AF4DED-95EC-46F1-9179-070893D48AF1}.Release|Any CPU.ActiveCfg = Release|Any CPU
		{91AF4DED-95EC-46F1-9179-070893D48AF1}.Release|Any CPU.Build.0 = Release|Any CPU
		{91AF4DED-95EC-46F1-9179-070893D48AF1}.Release|x64.ActiveCfg = Release|Any CPU
		{91AF4DED-95EC-46F1-9179-070893D48AF1}.Release|x64.Build.0 = Release|Any CPU
		{1B0D56DC-7461-4C6F-AC48-B6D07CFEA781}.Debug|Any CPU.ActiveCfg = Debug|Any CPU
		{1B0D56DC-7461-4C6F-AC48-B6D07CFEA781}.Debug|Any CPU.Build.0 = Debug|Any CPU
		{1B0D56DC-7461-4C6F-AC48-B6D07CFEA781}.Debug|x64.ActiveCfg = Debug|Any CPU
		{1B0D56DC-7461-4C6F-AC48-B6D07CFEA781}.Debug|x64.Build.0 = Debug|Any CPU
		{1B0D56DC-7461-4C6F-AC48-B6D07CFEA781}.Release|Any CPU.ActiveCfg = Release|Any CPU
		{1B0D56DC-7461-4C6F-AC48-B6D07CFEA781}.Release|Any CPU.Build.0 = Release|Any CPU
		{1B0D56DC-7461-4C6F-AC48-B6D07CFEA781}.Release|x64.ActiveCfg = Release|Any CPU
		{1B0D56DC-7461-4C6F-AC48-B6D07CFEA781}.Release|x64.Build.0 = Release|Any CPU
		{A05D39C4-6C02-4397-9C31-4DF57EC618EE}.Debug|Any CPU.ActiveCfg = Debug|Any CPU
		{A05D39C4-6C02-4397-9C31-4DF57EC618EE}.Debug|Any CPU.Build.0 = Debug|Any CPU
		{A05D39C4-6C02-4397-9C31-4DF57EC618EE}.Debug|x64.ActiveCfg = Debug|Any CPU
		{A05D39C4-6C02-4397-9C31-4DF57EC618EE}.Debug|x64.Build.0 = Debug|Any CPU
		{A05D39C4-6C02-4397-9C31-4DF57EC618EE}.Release|Any CPU.ActiveCfg = Release|Any CPU
		{A05D39C4-6C02-4397-9C31-4DF57EC618EE}.Release|Any CPU.Build.0 = Release|Any CPU
		{A05D39C4-6C02-4397-9C31-4DF57EC618EE}.Release|x64.ActiveCfg = Release|Any CPU
		{A05D39C4-6C02-4397-9C31-4DF57EC618EE}.Release|x64.Build.0 = Release|Any CPU
		{FC4281BA-C97F-4DAF-B7BF-D9911832F090}.Debug|Any CPU.ActiveCfg = Debug|Any CPU
		{FC4281BA-C97F-4DAF-B7BF-D9911832F090}.Debug|Any CPU.Build.0 = Debug|Any CPU
		{FC4281BA-C97F-4DAF-B7BF-D9911832F090}.Debug|x64.ActiveCfg = Debug|Any CPU
		{FC4281BA-C97F-4DAF-B7BF-D9911832F090}.Debug|x64.Build.0 = Debug|Any CPU
		{FC4281BA-C97F-4DAF-B7BF-D9911832F090}.Release|Any CPU.ActiveCfg = Release|Any CPU
		{FC4281BA-C97F-4DAF-B7BF-D9911832F090}.Release|Any CPU.Build.0 = Release|Any CPU
		{FC4281BA-C97F-4DAF-B7BF-D9911832F090}.Release|x64.ActiveCfg = Release|Any CPU
		{FC4281BA-C97F-4DAF-B7BF-D9911832F090}.Release|x64.Build.0 = Release|Any CPU
		{909E7B36-2AA4-4141-ABDA-74F490104335}.Debug|Any CPU.ActiveCfg = Debug|Any CPU
		{909E7B36-2AA4-4141-ABDA-74F490104335}.Debug|Any CPU.Build.0 = Debug|Any CPU
		{909E7B36-2AA4-4141-ABDA-74F490104335}.Debug|x64.ActiveCfg = Debug|Any CPU
		{909E7B36-2AA4-4141-ABDA-74F490104335}.Debug|x64.Build.0 = Debug|Any CPU
		{909E7B36-2AA4-4141-ABDA-74F490104335}.Release|Any CPU.ActiveCfg = Release|Any CPU
		{909E7B36-2AA4-4141-ABDA-74F490104335}.Release|Any CPU.Build.0 = Release|Any CPU
		{909E7B36-2AA4-4141-ABDA-74F490104335}.Release|x64.ActiveCfg = Release|Any CPU
		{909E7B36-2AA4-4141-ABDA-74F490104335}.Release|x64.Build.0 = Release|Any CPU
		{43A2A7E8-C354-4F0C-8291-66EB74C93517}.Debug|Any CPU.ActiveCfg = Debug|Any CPU
		{43A2A7E8-C354-4F0C-8291-66EB74C93517}.Debug|Any CPU.Build.0 = Debug|Any CPU
		{43A2A7E8-C354-4F0C-8291-66EB74C93517}.Debug|x64.ActiveCfg = Debug|Any CPU
		{43A2A7E8-C354-4F0C-8291-66EB74C93517}.Debug|x64.Build.0 = Debug|Any CPU
		{43A2A7E8-C354-4F0C-8291-66EB74C93517}.Release|Any CPU.ActiveCfg = Release|Any CPU
		{43A2A7E8-C354-4F0C-8291-66EB74C93517}.Release|Any CPU.Build.0 = Release|Any CPU
		{43A2A7E8-C354-4F0C-8291-66EB74C93517}.Release|x64.ActiveCfg = Release|Any CPU
		{43A2A7E8-C354-4F0C-8291-66EB74C93517}.Release|x64.Build.0 = Release|Any CPU
		{EBDF5402-0236-4F2F-AC2C-D2EB794FE42A}.Debug|Any CPU.ActiveCfg = Debug|Any CPU
		{EBDF5402-0236-4F2F-AC2C-D2EB794FE42A}.Debug|Any CPU.Build.0 = Debug|Any CPU
		{EBDF5402-0236-4F2F-AC2C-D2EB794FE42A}.Debug|x64.ActiveCfg = Debug|Any CPU
		{EBDF5402-0236-4F2F-AC2C-D2EB794FE42A}.Debug|x64.Build.0 = Debug|Any CPU
		{EBDF5402-0236-4F2F-AC2C-D2EB794FE42A}.Release|Any CPU.ActiveCfg = Release|Any CPU
		{EBDF5402-0236-4F2F-AC2C-D2EB794FE42A}.Release|Any CPU.Build.0 = Release|Any CPU
		{EBDF5402-0236-4F2F-AC2C-D2EB794FE42A}.Release|x64.ActiveCfg = Release|Any CPU
		{EBDF5402-0236-4F2F-AC2C-D2EB794FE42A}.Release|x64.Build.0 = Release|Any CPU
		{8ADD49B7-413F-49E0-8FBB-4764D7397242}.Debug|Any CPU.ActiveCfg = Debug|Any CPU
		{8ADD49B7-413F-49E0-8FBB-4764D7397242}.Debug|Any CPU.Build.0 = Debug|Any CPU
		{8ADD49B7-413F-49E0-8FBB-4764D7397242}.Debug|x64.ActiveCfg = Debug|Any CPU
		{8ADD49B7-413F-49E0-8FBB-4764D7397242}.Debug|x64.Build.0 = Debug|Any CPU
		{8ADD49B7-413F-49E0-8FBB-4764D7397242}.Release|Any CPU.ActiveCfg = Release|Any CPU
		{8ADD49B7-413F-49E0-8FBB-4764D7397242}.Release|Any CPU.Build.0 = Release|Any CPU
		{8ADD49B7-413F-49E0-8FBB-4764D7397242}.Release|x64.ActiveCfg = Release|Any CPU
		{8ADD49B7-413F-49E0-8FBB-4764D7397242}.Release|x64.Build.0 = Release|Any CPU
		{D43F1D3C-38EC-4F05-962B-5285A22FDDC9}.Debug|Any CPU.ActiveCfg = Debug|Any CPU
		{D43F1D3C-38EC-4F05-962B-5285A22FDDC9}.Debug|Any CPU.Build.0 = Debug|Any CPU
		{D43F1D3C-38EC-4F05-962B-5285A22FDDC9}.Debug|x64.ActiveCfg = Debug|Any CPU
		{D43F1D3C-38EC-4F05-962B-5285A22FDDC9}.Debug|x64.Build.0 = Debug|Any CPU
		{D43F1D3C-38EC-4F05-962B-5285A22FDDC9}.Release|Any CPU.ActiveCfg = Release|Any CPU
		{D43F1D3C-38EC-4F05-962B-5285A22FDDC9}.Release|Any CPU.Build.0 = Release|Any CPU
		{D43F1D3C-38EC-4F05-962B-5285A22FDDC9}.Release|x64.ActiveCfg = Release|Any CPU
		{D43F1D3C-38EC-4F05-962B-5285A22FDDC9}.Release|x64.Build.0 = Release|Any CPU
		{C1121ABE-DD00-48BA-89CF-86B9D1E348C8}.Debug|Any CPU.ActiveCfg = Debug|Any CPU
		{C1121ABE-DD00-48BA-89CF-86B9D1E348C8}.Debug|Any CPU.Build.0 = Debug|Any CPU
		{C1121ABE-DD00-48BA-89CF-86B9D1E348C8}.Debug|x64.ActiveCfg = Debug|Any CPU
		{C1121ABE-DD00-48BA-89CF-86B9D1E348C8}.Debug|x64.Build.0 = Debug|Any CPU
		{C1121ABE-DD00-48BA-89CF-86B9D1E348C8}.Release|Any CPU.ActiveCfg = Release|Any CPU
		{C1121ABE-DD00-48BA-89CF-86B9D1E348C8}.Release|Any CPU.Build.0 = Release|Any CPU
		{C1121ABE-DD00-48BA-89CF-86B9D1E348C8}.Release|x64.ActiveCfg = Release|Any CPU
		{C1121ABE-DD00-48BA-89CF-86B9D1E348C8}.Release|x64.Build.0 = Release|Any CPU
		{DDEDC543-C867-4E68-9A32-AFFF882F0A3F}.Debug|Any CPU.ActiveCfg = Debug|Any CPU
		{DDEDC543-C867-4E68-9A32-AFFF882F0A3F}.Debug|Any CPU.Build.0 = Debug|Any CPU
		{DDEDC543-C867-4E68-9A32-AFFF882F0A3F}.Debug|x64.ActiveCfg = Debug|Any CPU
		{DDEDC543-C867-4E68-9A32-AFFF882F0A3F}.Debug|x64.Build.0 = Debug|Any CPU
		{DDEDC543-C867-4E68-9A32-AFFF882F0A3F}.Release|Any CPU.ActiveCfg = Release|Any CPU
		{DDEDC543-C867-4E68-9A32-AFFF882F0A3F}.Release|Any CPU.Build.0 = Release|Any CPU
		{DDEDC543-C867-4E68-9A32-AFFF882F0A3F}.Release|x64.ActiveCfg = Release|Any CPU
		{DDEDC543-C867-4E68-9A32-AFFF882F0A3F}.Release|x64.Build.0 = Release|Any CPU
		{9EBF1F28-EADA-4F12-BDF8-463C1BA3A2CE}.Debug|Any CPU.ActiveCfg = Debug|Any CPU
		{9EBF1F28-EADA-4F12-BDF8-463C1BA3A2CE}.Debug|Any CPU.Build.0 = Debug|Any CPU
		{9EBF1F28-EADA-4F12-BDF8-463C1BA3A2CE}.Debug|x64.ActiveCfg = Debug|Any CPU
		{9EBF1F28-EADA-4F12-BDF8-463C1BA3A2CE}.Debug|x64.Build.0 = Debug|Any CPU
		{9EBF1F28-EADA-4F12-BDF8-463C1BA3A2CE}.Release|Any CPU.ActiveCfg = Release|Any CPU
		{9EBF1F28-EADA-4F12-BDF8-463C1BA3A2CE}.Release|Any CPU.Build.0 = Release|Any CPU
		{9EBF1F28-EADA-4F12-BDF8-463C1BA3A2CE}.Release|x64.ActiveCfg = Release|Any CPU
		{9EBF1F28-EADA-4F12-BDF8-463C1BA3A2CE}.Release|x64.Build.0 = Release|Any CPU
		{B5260FA4-98B1-4697-8924-19216B23E79B}.Debug|Any CPU.ActiveCfg = Debug|Any CPU
		{B5260FA4-98B1-4697-8924-19216B23E79B}.Debug|Any CPU.Build.0 = Debug|Any CPU
		{B5260FA4-98B1-4697-8924-19216B23E79B}.Debug|x64.ActiveCfg = Debug|Any CPU
		{B5260FA4-98B1-4697-8924-19216B23E79B}.Debug|x64.Build.0 = Debug|Any CPU
		{B5260FA4-98B1-4697-8924-19216B23E79B}.Release|Any CPU.ActiveCfg = Release|Any CPU
		{B5260FA4-98B1-4697-8924-19216B23E79B}.Release|Any CPU.Build.0 = Release|Any CPU
		{B5260FA4-98B1-4697-8924-19216B23E79B}.Release|x64.ActiveCfg = Release|Any CPU
		{B5260FA4-98B1-4697-8924-19216B23E79B}.Release|x64.Build.0 = Release|Any CPU
		{D56193D2-6C50-42E6-AF12-18E151D162AF}.Debug|Any CPU.ActiveCfg = Debug|Any CPU
		{D56193D2-6C50-42E6-AF12-18E151D162AF}.Debug|Any CPU.Build.0 = Debug|Any CPU
		{D56193D2-6C50-42E6-AF12-18E151D162AF}.Debug|x64.ActiveCfg = Debug|Any CPU
		{D56193D2-6C50-42E6-AF12-18E151D162AF}.Debug|x64.Build.0 = Debug|Any CPU
		{D56193D2-6C50-42E6-AF12-18E151D162AF}.Release|Any CPU.ActiveCfg = Release|Any CPU
		{D56193D2-6C50-42E6-AF12-18E151D162AF}.Release|Any CPU.Build.0 = Release|Any CPU
		{D56193D2-6C50-42E6-AF12-18E151D162AF}.Release|x64.ActiveCfg = Release|Any CPU
		{D56193D2-6C50-42E6-AF12-18E151D162AF}.Release|x64.Build.0 = Release|Any CPU
		{5895B5E1-96E0-492D-9E35-5F66247B74AD}.Debug|Any CPU.ActiveCfg = Debug|Any CPU
		{5895B5E1-96E0-492D-9E35-5F66247B74AD}.Debug|Any CPU.Build.0 = Debug|Any CPU
		{5895B5E1-96E0-492D-9E35-5F66247B74AD}.Debug|x64.ActiveCfg = Debug|Any CPU
		{5895B5E1-96E0-492D-9E35-5F66247B74AD}.Debug|x64.Build.0 = Debug|Any CPU
		{5895B5E1-96E0-492D-9E35-5F66247B74AD}.Release|Any CPU.ActiveCfg = Release|Any CPU
		{5895B5E1-96E0-492D-9E35-5F66247B74AD}.Release|Any CPU.Build.0 = Release|Any CPU
		{5895B5E1-96E0-492D-9E35-5F66247B74AD}.Release|x64.ActiveCfg = Release|Any CPU
		{5895B5E1-96E0-492D-9E35-5F66247B74AD}.Release|x64.Build.0 = Release|Any CPU
	EndGlobalSection
	GlobalSection(SolutionProperties) = preSolution
		HideSolutionNode = FALSE
	EndGlobalSection
	GlobalSection(NestedProjects) = preSolution
		{A91FA83F-94BB-4A7E-9710-7E10F42FD027} = {DB733C6F-054A-443A-B3E2-0EEC7D2BCB4F}
		{FD681AD5-B890-4488-9C6E-86D66C6A5668} = {D033B4E8-6847-4A75-B6BF-396B6FCD272A}
		{8071994A-B93F-49EC-8444-19F67604A884} = {D033B4E8-6847-4A75-B6BF-396B6FCD272A}
		{C2031024-653F-4044-817B-A6517DF5A3E3} = {DB733C6F-054A-443A-B3E2-0EEC7D2BCB4F}
		{824DA673-E0A6-4AE1-9C03-44A53AEE0DBA} = {C2031024-653F-4044-817B-A6517DF5A3E3}
		{1A4A6E68-629A-4E65-9D61-C7430FF2869C} = {D033B4E8-6847-4A75-B6BF-396B6FCD272A}
		{DB072F91-B2F5-4E4C-AA48-88986B8D1988} = {A91FA83F-94BB-4A7E-9710-7E10F42FD027}
		{0952AA3E-CCA0-48AD-8595-174AC5D5027A} = {D033B4E8-6847-4A75-B6BF-396B6FCD272A}
		{F5E51B03-1652-4CB6-A56C-AB0C9F993C4A} = {D033B4E8-6847-4A75-B6BF-396B6FCD272A}
		{FE54F8A1-B7BA-44DC-A670-D74C36578A9C} = {D033B4E8-6847-4A75-B6BF-396B6FCD272A}
		{4984BBAD-BE07-48F7-A69E-314A00C04BB1} = {D033B4E8-6847-4A75-B6BF-396B6FCD272A}
		{0D27C8A3-20E0-43B9-B8A3-B7168FAF4410} = {D033B4E8-6847-4A75-B6BF-396B6FCD272A}
		{BED565F0-14B1-4618-87D1-49117491998A} = {D033B4E8-6847-4A75-B6BF-396B6FCD272A}
		{0085BD82-99D7-4AA0-8016-D537878877BF} = {D033B4E8-6847-4A75-B6BF-396B6FCD272A}
		{EE01905B-2DC4-46D7-BAE5-1E04125FC55E} = {D033B4E8-6847-4A75-B6BF-396B6FCD272A}
		{253AB526-4053-4EBB-899A-3C5EB849B499} = {D033B4E8-6847-4A75-B6BF-396B6FCD272A}
		{FF86C02C-881B-449B-A236-CD4CFCA20102} = {D033B4E8-6847-4A75-B6BF-396B6FCD272A}
		{77A34DAA-FCE2-4162-B842-EF1609A4FB2D} = {FF86C02C-881B-449B-A236-CD4CFCA20102}
		{D819F05D-79DA-4FB6-B5E9-8DB28879102D} = {77A34DAA-FCE2-4162-B842-EF1609A4FB2D}
		{D7E242D2-29D0-43F9-9275-B2168F481221} = {77A34DAA-FCE2-4162-B842-EF1609A4FB2D}
		{7F748B00-83A8-4C8B-BA8B-B067CA9D47A8} = {77A34DAA-FCE2-4162-B842-EF1609A4FB2D}
		{E68EB455-CE79-477D-ABCA-2A0EE4EF74A3} = {77A34DAA-FCE2-4162-B842-EF1609A4FB2D}
		{91AF4DED-95EC-46F1-9179-070893D48AF1} = {77A34DAA-FCE2-4162-B842-EF1609A4FB2D}
		{1B0D56DC-7461-4C6F-AC48-B6D07CFEA781} = {77A34DAA-FCE2-4162-B842-EF1609A4FB2D}
		{A05D39C4-6C02-4397-9C31-4DF57EC618EE} = {77A34DAA-FCE2-4162-B842-EF1609A4FB2D}
		{FC4281BA-C97F-4DAF-B7BF-D9911832F090} = {D033B4E8-6847-4A75-B6BF-396B6FCD272A}
		{6F057F42-1259-43CA-BFC0-03D4EA815D1D} = {DB733C6F-054A-443A-B3E2-0EEC7D2BCB4F}
		{909E7B36-2AA4-4141-ABDA-74F490104335} = {6F057F42-1259-43CA-BFC0-03D4EA815D1D}
		{43A2A7E8-C354-4F0C-8291-66EB74C93517} = {6F057F42-1259-43CA-BFC0-03D4EA815D1D}
		{3639DAF8-DE1E-4818-9095-1CD5A5259637} = {DB733C6F-054A-443A-B3E2-0EEC7D2BCB4F}
		{EBDF5402-0236-4F2F-AC2C-D2EB794FE42A} = {3639DAF8-DE1E-4818-9095-1CD5A5259637}
		{8ADD49B7-413F-49E0-8FBB-4764D7397242} = {3639DAF8-DE1E-4818-9095-1CD5A5259637}
		{D43F1D3C-38EC-4F05-962B-5285A22FDDC9} = {3639DAF8-DE1E-4818-9095-1CD5A5259637}
		{75AF9ACF-B13C-4813-983C-DEA3A6885A58} = {DB733C6F-054A-443A-B3E2-0EEC7D2BCB4F}
		{7CE8B360-8848-4581-9575-5592130484DB} = {75AF9ACF-B13C-4813-983C-DEA3A6885A58}
		{C1121ABE-DD00-48BA-89CF-86B9D1E348C8} = {7CE8B360-8848-4581-9575-5592130484DB}
		{DDEDC543-C867-4E68-9A32-AFFF882F0A3F} = {7CE8B360-8848-4581-9575-5592130484DB}
		{9EBF1F28-EADA-4F12-BDF8-463C1BA3A2CE} = {7CE8B360-8848-4581-9575-5592130484DB}
		{B5260FA4-98B1-4697-8924-19216B23E79B} = {7CE8B360-8848-4581-9575-5592130484DB}
		{D56193D2-6C50-42E6-AF12-18E151D162AF} = {7CE8B360-8848-4581-9575-5592130484DB}
		{5895B5E1-96E0-492D-9E35-5F66247B74AD} = {77A34DAA-FCE2-4162-B842-EF1609A4FB2D}
	EndGlobalSection
	GlobalSection(ExtensibilityGlobals) = postSolution
		SolutionGuid = {E2CBC81F-F2EE-4BD5-B567-AAF8057444D1}
	EndGlobalSection
EndGlobal
