
Microsoft Visual Studio Solution File, Format Version 12.00
# Visual Studio Version 16
VisualStudioVersion = 16.0.29403.142
MinimumVisualStudioVersion = 10.0.40219.1
Project("{9A19103F-16F7-4668-BE54-9A1E7A4F7556}") = "Devon4Net.Application.WebAPI", "Devon4Net.Application.WebAPI\Devon4Net.Application.WebAPI.csproj", "{3C0B7D00-AF2E-4381-83E8-C1E8B9668643}"
EndProject
Project("{2150E333-8FDC-42A3-9474-1A3956D46DE8}") = "Application", "Application", "{DE117EB7-E593-4898-8F84-F3F93BC9D362}"
EndProject
Project("{2150E333-8FDC-42A3-9474-1A3956D46DE8}") = "Modules", "Modules", "{68B87931-BF80-499A-816E-F6FF7B359443}"
EndProject
Project("{9A19103F-16F7-4668-BE54-9A1E7A4F7556}") = "Devon4Net.Infrastructure.Common", "..\..\modules\Devon4Net.Infrastructure.Common\src\Devon4Net.Infrastructure.Common.csproj", "{5AB719C1-7818-4346-ADE2-D015F11D3842}"
EndProject
Project("{9A19103F-16F7-4668-BE54-9A1E7A4F7556}") = "Devon4Net.Domain.UnitOfWork", "..\..\modules\Devon4Net.Domain.UnitOfWork\src\Devon4Net.Domain.UnitOfWork.csproj", "{7A1292A4-330D-4509-ACC4-9FAE19394D75}"
EndProject
Project("{9A19103F-16F7-4668-BE54-9A1E7A4F7556}") = "Devon4Net.Infrastructure.CircuitBreaker", "..\..\modules\Devon4Net.Infrastructure.CircuitBreaker\src\Devon4Net.Infrastructure.CircuitBreaker.csproj", "{22D180C2-A2F5-4737-B968-F5DCB6DDD023}"
EndProject
Project("{9A19103F-16F7-4668-BE54-9A1E7A4F7556}") = "Devon4Net.Infrastructure.Middleware", "..\..\modules\Devon4Net.Infrastructure.Middleware\src\Devon4Net.Infrastructure.Middleware.csproj", "{4912CC83-D1B6-4E6F-B279-072D17DD44EA}"
EndProject
Project("{9A19103F-16F7-4668-BE54-9A1E7A4F7556}") = "Devon4Net.Infrastructure.Extensions", "..\..\modules\Devon4Net.Infrastructure.Extensions\src\Devon4Net.Infrastructure.Extensions.csproj", "{24C2D960-5ACB-43EE-87A7-AD746CC9802A}"
EndProject
Project("{9A19103F-16F7-4668-BE54-9A1E7A4F7556}") = "Devon4Net.Infrastructure.Log", "..\..\modules\Devon4Net.Infrastructure.Log\src\Devon4Net.Infrastructure.Log.csproj", "{658DCA6A-07EF-4D89-BD33-ECAE63FF4D6D}"
EndProject
Project("{9A19103F-16F7-4668-BE54-9A1E7A4F7556}") = "Devon4Net.Infrastructure.JWT", "..\..\modules\Devon4Net.Infrastructure.JWT\src\Devon4Net.Infrastructure.JWT.csproj", "{78EE8854-83DC-4467-BD77-A1286EDD048D}"
EndProject
Project("{9A19103F-16F7-4668-BE54-9A1E7A4F7556}") = "Devon4Net.Application.WebAPI.Configuration", "..\..\modules\Devon4Net.Application.WebAPI.Configuration\src\Devon4Net.Application.WebAPI.Configuration.csproj", "{A201CC1E-4225-4C4E-A030-AE9123E0600D}"
EndProject
Project("{2150E333-8FDC-42A3-9474-1A3956D46DE8}") = "Implementation", "Implementation", "{2A64AE7D-8C34-4D27-8467-27B79585824B}"
EndProject
Project("{9A19103F-16F7-4668-BE54-9A1E7A4F7556}") = "Devon4Net.WebAPI.Implementation", "Devon4Net.WebAPI.Implementation\Devon4Net.WebAPI.Implementation.csproj", "{47FCD679-11A6-4175-BAED-121965CACBF0}"
EndProject
Project("{9A19103F-16F7-4668-BE54-9A1E7A4F7556}") = "Devon4Net.Infrastructure.RabbitMQ", "..\..\Modules\Devon4Net.Infrastructure.RabbitMQ\Devon4Net.Infrastructure.RabbitMQ.csproj", "{E020E405-8CBE-4E55-A562-73F2C61F4650}"
EndProject
Project("{9A19103F-16F7-4668-BE54-9A1E7A4F7556}") = "Devon4Net.Infrastructure.LiteDb", "..\..\Modules\Devon4Net.Infrastructure.LiteDb\Devon4Net.Infrastructure.LiteDb.csproj", "{E4791977-9524-4AF6-A669-1E6D7C833C5A}"
EndProject
Project("{9A19103F-16F7-4668-BE54-9A1E7A4F7556}") = "Devon4Net.Infrastructure.MediatR", "..\..\Modules\Devon4Net.Infrastructure.MediatR\Devon4Net.Infrastructure.MediatR.csproj", "{D21A99CD-33BB-4C1E-BBE3-8875F27C5114}"
EndProject
Project("{9A19103F-16F7-4668-BE54-9A1E7A4F7556}") = "Devon4Net.Infrastructure.AnsibleTower", "..\..\Modules\Devon4Net.Infrastructure.AnsibleTower\Devon4Net.Infrastructure.AnsibleTower.csproj", "{56B07239-235B-41D2-BAF9-8D0C7CDF833C}"
EndProject
Project("{9A19103F-16F7-4668-BE54-9A1E7A4F7556}") = "Devon4Net.Infrastructure.CyberArk", "..\..\Modules\Devon4Net.Infrastructure.CyberArk\Devon4Net.Infrastructure.CyberArk.csproj", "{269019A6-A64E-4ED2-B144-26F5EC354651}"
EndProject
Project("{9A19103F-16F7-4668-BE54-9A1E7A4F7556}") = "Devon4Net.Infrastructure.SmaxHcm", "..\..\Modules\Devon4Net.Infrastructure.SmaxHcm\Devon4Net.Infrastructure.SmaxHcm.csproj", "{8AD209E5-81E7-4189-B65C-47F15EA7EB76}"
EndProject
Project("{9A19103F-16F7-4668-BE54-9A1E7A4F7556}") = "Devon4Net.Infrastructure.Swagger", "..\..\Modules\Devon4Net.Infrastructure.Swagger\Devon4Net.Infrastructure.Swagger.csproj", "{4207AB94-E9E0-45BC-9E81-5044147CCA77}"
EndProject
Project("{9A19103F-16F7-4668-BE54-9A1E7A4F7556}") = "Devon4Net.Infrastructure.Cors", "..\..\Modules\Devon4Net.Infrastructure.Cors\Devon4Net.Infrastructure.Cors.csproj", "{16571F0C-EF2F-454A-883B-B444EA22306D}"
EndProject
Project("{9A19103F-16F7-4668-BE54-9A1E7A4F7556}") = "Devon4Net.Infrastructure.FluentValidation", "..\..\Modules\Devon4Net.Infrastructure.FluentValidation\Devon4Net.Infrastructure.FluentValidation.csproj", "{73222C79-F407-45F4-935A-CD645EF43CDA}"
EndProject
Project("{9A19103F-16F7-4668-BE54-9A1E7A4F7556}") = "Devon4Net.Application.GrpcService", "..\Devon4NetGrpc\Devon4Net.Application.GrpcService.csproj", "{016196AA-7CB7-422B-A2F5-6960D5DA8721}"
EndProject
Project("{9A19103F-16F7-4668-BE54-9A1E7A4F7556}") = "Devon4Net.Application.GrpcClient", "..\Devon4NetGrpcClient\Devon4Net.Application.GrpcClient.csproj", "{5DE61AFF-1982-4ADD-BF23-9EAAF009D33A}"
EndProject
Project("{2150E333-8FDC-42A3-9474-1A3956D46DE8}") = "gRPC", "gRPC", "{2480AD81-0114-42DE-89FC-F8507D87DFE2}"
EndProject
Project("{9A19103F-16F7-4668-BE54-9A1E7A4F7556}") = "Devon4Net.Infrastructure.Grpc", "..\..\Modules\Devon4Net.Infrastructure.Grpc\Devon4Net.Infrastructure.Grpc.csproj", "{18BC7B28-A210-4A26-B1B6-683FC8EC4FDE}"
EndProject
Project("{9A19103F-16F7-4668-BE54-9A1E7A4F7556}") = "Devon4Net.Infrastructure.Kafka", "..\..\Modules\Devon4Net.Infrastructure.Kafka\Devon4Net.Infrastructure.Kafka.csproj", "{0A474494-2A35-48CB-8192-A2D1F4925F99}"
EndProject
Project("{2150E333-8FDC-42A3-9474-1A3956D46DE8}") = "Kafka", "Kafka", "{B280E9A4-4173-472B-A51D-159057D12E25}"
EndProject
Project("{9A19103F-16F7-4668-BE54-9A1E7A4F7556}") = "Devon4Net.Application.KafkaConsumer", "..\Devon4Net.Application.KafkaConsumer\Devon4Net.Application.KafkaConsumer.csproj", "{BA1A7EA8-BBD3-4107-87BA-B861FE2156D0}"
EndProject
Project("{2150E333-8FDC-42A3-9474-1A3956D46DE8}") = "AWS", "AWS", "{28A34213-7851-4CB7-99E6-02D530D2F59F}"
EndProject
Project("{2150E333-8FDC-42A3-9474-1A3956D46DE8}") = "AWS", "AWS", "{806ADD2D-3747-42DA-9362-986F46EDC233}"
EndProject
Project("{9A19103F-16F7-4668-BE54-9A1E7A4F7556}") = "Devon4Net.Infrastructure.AWS.CDK", "..\..\Modules\Devon4Net.Infrastructure.AWS.CDK\Devon4Net.Infrastructure.AWS.CDK.csproj", "{2222150C-234E-4E3F-A953-65A3CB2C0C2D}"
EndProject
Project("{9A19103F-16F7-4668-BE54-9A1E7A4F7556}") = "Devon4Net.Infrastructure.AWS.Secrets", "..\..\Modules\Devon4Net.Infrastructure.AWS.Secrets\Devon4Net.Infrastructure.AWS.Secrets.csproj", "{8EF44DD0-D955-4A36-BB1D-EF87B95EA413}"
EndProject
Project("{9A19103F-16F7-4668-BE54-9A1E7A4F7556}") = "Devon4Net.Infrastructure.AWS.Common", "..\..\Modules\Devon4Net.Infrastructure.AWS.Common\Devon4Net.Infrastructure.AWS.Common.csproj", "{7D556D00-4ADC-4148-B446-0B3A6EAD88C5}"
EndProject
Project("{9A19103F-16F7-4668-BE54-9A1E7A4F7556}") = "Devon4Net.Infrastructure.AWS.S3", "..\..\Modules\Devon4Net.Infrastructure.AWS.S3\Devon4Net.Infrastructure.AWS.S3.csproj", "{CA021C44-A970-411A-B09E-FEA70A69C37D}"
EndProject
Project("{9A19103F-16F7-4668-BE54-9A1E7A4F7556}") = "Devon4Net.Infrastructure.AWS.Lambda", "..\..\Modules\Devon4Net.Infrastructure.AWS.Lambda\Devon4Net.Infrastructure.AWS.Lambda.csproj", "{F0E02D9E-C902-468A-8C5E-877DF01BA3C3}"
EndProject
Project("{9A19103F-16F7-4668-BE54-9A1E7A4F7556}") = "Devon4Net.Infrastructure.AWS.Serverless", "..\..\Modules\Devon4Net.Infrastructure.AWS.Serverless\Devon4Net.Infrastructure.AWS.Serverless.csproj", "{6A80CE77-93D9-4A52-B51E-E1CB80B005DE}"
EndProject
Project("{9A19103F-16F7-4668-BE54-9A1E7A4F7556}") = "Devon4Net.Application.WebAPI.AwsServerless", "..\..\Modules\Devon4Net.Application.WebAPI.AwsServerless\Devon4Net.Application.WebAPI.AwsServerless.csproj", "{DFB2E67E-B4CA-4DEB-89A2-20B2A18FB4A6}"
EndProject
Project("{9A19103F-16F7-4668-BE54-9A1E7A4F7556}") = "Devon4Net.Application.Lambda", "..\..\Modules\Devon4Net.Application.Lambda\Devon4Net.Application.Lambda.csproj", "{2746D1F3-6C83-4A77-B007-9D5263C53E23}"
EndProject
Project("{9A19103F-16F7-4668-BE54-9A1E7A4F7556}") = "Devon4Net.Application.CDK", "..\..\Modules\Devon4Net.Application.CDK\Devon4Net.Application.CDK.csproj", "{047DD1E7-94DD-4AA3-9F18-1CCC9BCDD4D0}"
EndProject
Global
	GlobalSection(SolutionConfigurationPlatforms) = preSolution
		Debug|Any CPU = Debug|Any CPU
		Release|Any CPU = Release|Any CPU
	EndGlobalSection
	GlobalSection(ProjectConfigurationPlatforms) = postSolution
		{3C0B7D00-AF2E-4381-83E8-C1E8B9668643}.Debug|Any CPU.ActiveCfg = Debug|Any CPU
		{3C0B7D00-AF2E-4381-83E8-C1E8B9668643}.Debug|Any CPU.Build.0 = Debug|Any CPU
		{3C0B7D00-AF2E-4381-83E8-C1E8B9668643}.Release|Any CPU.ActiveCfg = Release|Any CPU
		{3C0B7D00-AF2E-4381-83E8-C1E8B9668643}.Release|Any CPU.Build.0 = Release|Any CPU
		{5AB719C1-7818-4346-ADE2-D015F11D3842}.Debug|Any CPU.ActiveCfg = Debug|Any CPU
		{5AB719C1-7818-4346-ADE2-D015F11D3842}.Debug|Any CPU.Build.0 = Debug|Any CPU
		{5AB719C1-7818-4346-ADE2-D015F11D3842}.Release|Any CPU.ActiveCfg = Release|Any CPU
		{5AB719C1-7818-4346-ADE2-D015F11D3842}.Release|Any CPU.Build.0 = Release|Any CPU
		{7A1292A4-330D-4509-ACC4-9FAE19394D75}.Debug|Any CPU.ActiveCfg = Debug|Any CPU
		{7A1292A4-330D-4509-ACC4-9FAE19394D75}.Debug|Any CPU.Build.0 = Debug|Any CPU
		{7A1292A4-330D-4509-ACC4-9FAE19394D75}.Release|Any CPU.ActiveCfg = Release|Any CPU
		{7A1292A4-330D-4509-ACC4-9FAE19394D75}.Release|Any CPU.Build.0 = Release|Any CPU
		{22D180C2-A2F5-4737-B968-F5DCB6DDD023}.Debug|Any CPU.ActiveCfg = Debug|Any CPU
		{22D180C2-A2F5-4737-B968-F5DCB6DDD023}.Debug|Any CPU.Build.0 = Debug|Any CPU
		{22D180C2-A2F5-4737-B968-F5DCB6DDD023}.Release|Any CPU.ActiveCfg = Release|Any CPU
		{22D180C2-A2F5-4737-B968-F5DCB6DDD023}.Release|Any CPU.Build.0 = Release|Any CPU
		{4912CC83-D1B6-4E6F-B279-072D17DD44EA}.Debug|Any CPU.ActiveCfg = Debug|Any CPU
		{4912CC83-D1B6-4E6F-B279-072D17DD44EA}.Debug|Any CPU.Build.0 = Debug|Any CPU
		{4912CC83-D1B6-4E6F-B279-072D17DD44EA}.Release|Any CPU.ActiveCfg = Release|Any CPU
		{4912CC83-D1B6-4E6F-B279-072D17DD44EA}.Release|Any CPU.Build.0 = Release|Any CPU
		{24C2D960-5ACB-43EE-87A7-AD746CC9802A}.Debug|Any CPU.ActiveCfg = Debug|Any CPU
		{24C2D960-5ACB-43EE-87A7-AD746CC9802A}.Debug|Any CPU.Build.0 = Debug|Any CPU
		{24C2D960-5ACB-43EE-87A7-AD746CC9802A}.Release|Any CPU.ActiveCfg = Release|Any CPU
		{24C2D960-5ACB-43EE-87A7-AD746CC9802A}.Release|Any CPU.Build.0 = Release|Any CPU
		{658DCA6A-07EF-4D89-BD33-ECAE63FF4D6D}.Debug|Any CPU.ActiveCfg = Debug|Any CPU
		{658DCA6A-07EF-4D89-BD33-ECAE63FF4D6D}.Debug|Any CPU.Build.0 = Debug|Any CPU
		{658DCA6A-07EF-4D89-BD33-ECAE63FF4D6D}.Release|Any CPU.ActiveCfg = Release|Any CPU
		{658DCA6A-07EF-4D89-BD33-ECAE63FF4D6D}.Release|Any CPU.Build.0 = Release|Any CPU
		{78EE8854-83DC-4467-BD77-A1286EDD048D}.Debug|Any CPU.ActiveCfg = Debug|Any CPU
		{78EE8854-83DC-4467-BD77-A1286EDD048D}.Debug|Any CPU.Build.0 = Debug|Any CPU
		{78EE8854-83DC-4467-BD77-A1286EDD048D}.Release|Any CPU.ActiveCfg = Release|Any CPU
		{78EE8854-83DC-4467-BD77-A1286EDD048D}.Release|Any CPU.Build.0 = Release|Any CPU
		{A201CC1E-4225-4C4E-A030-AE9123E0600D}.Debug|Any CPU.ActiveCfg = Debug|Any CPU
		{A201CC1E-4225-4C4E-A030-AE9123E0600D}.Debug|Any CPU.Build.0 = Debug|Any CPU
		{A201CC1E-4225-4C4E-A030-AE9123E0600D}.Release|Any CPU.ActiveCfg = Release|Any CPU
		{A201CC1E-4225-4C4E-A030-AE9123E0600D}.Release|Any CPU.Build.0 = Release|Any CPU
		{47FCD679-11A6-4175-BAED-121965CACBF0}.Debug|Any CPU.ActiveCfg = Debug|Any CPU
		{47FCD679-11A6-4175-BAED-121965CACBF0}.Debug|Any CPU.Build.0 = Debug|Any CPU
		{47FCD679-11A6-4175-BAED-121965CACBF0}.Release|Any CPU.ActiveCfg = Release|Any CPU
		{47FCD679-11A6-4175-BAED-121965CACBF0}.Release|Any CPU.Build.0 = Release|Any CPU
		{E020E405-8CBE-4E55-A562-73F2C61F4650}.Debug|Any CPU.ActiveCfg = Debug|Any CPU
		{E020E405-8CBE-4E55-A562-73F2C61F4650}.Debug|Any CPU.Build.0 = Debug|Any CPU
		{E020E405-8CBE-4E55-A562-73F2C61F4650}.Release|Any CPU.ActiveCfg = Release|Any CPU
		{E020E405-8CBE-4E55-A562-73F2C61F4650}.Release|Any CPU.Build.0 = Release|Any CPU
		{E4791977-9524-4AF6-A669-1E6D7C833C5A}.Debug|Any CPU.ActiveCfg = Debug|Any CPU
		{E4791977-9524-4AF6-A669-1E6D7C833C5A}.Debug|Any CPU.Build.0 = Debug|Any CPU
		{E4791977-9524-4AF6-A669-1E6D7C833C5A}.Release|Any CPU.ActiveCfg = Release|Any CPU
		{E4791977-9524-4AF6-A669-1E6D7C833C5A}.Release|Any CPU.Build.0 = Release|Any CPU
		{D21A99CD-33BB-4C1E-BBE3-8875F27C5114}.Debug|Any CPU.ActiveCfg = Debug|Any CPU
		{D21A99CD-33BB-4C1E-BBE3-8875F27C5114}.Debug|Any CPU.Build.0 = Debug|Any CPU
		{D21A99CD-33BB-4C1E-BBE3-8875F27C5114}.Release|Any CPU.ActiveCfg = Release|Any CPU
		{D21A99CD-33BB-4C1E-BBE3-8875F27C5114}.Release|Any CPU.Build.0 = Release|Any CPU
		{56B07239-235B-41D2-BAF9-8D0C7CDF833C}.Debug|Any CPU.ActiveCfg = Debug|Any CPU
		{56B07239-235B-41D2-BAF9-8D0C7CDF833C}.Debug|Any CPU.Build.0 = Debug|Any CPU
		{56B07239-235B-41D2-BAF9-8D0C7CDF833C}.Release|Any CPU.ActiveCfg = Release|Any CPU
		{56B07239-235B-41D2-BAF9-8D0C7CDF833C}.Release|Any CPU.Build.0 = Release|Any CPU
		{269019A6-A64E-4ED2-B144-26F5EC354651}.Debug|Any CPU.ActiveCfg = Debug|Any CPU
		{269019A6-A64E-4ED2-B144-26F5EC354651}.Debug|Any CPU.Build.0 = Debug|Any CPU
		{269019A6-A64E-4ED2-B144-26F5EC354651}.Release|Any CPU.ActiveCfg = Release|Any CPU
		{269019A6-A64E-4ED2-B144-26F5EC354651}.Release|Any CPU.Build.0 = Release|Any CPU
		{8AD209E5-81E7-4189-B65C-47F15EA7EB76}.Debug|Any CPU.ActiveCfg = Debug|Any CPU
		{8AD209E5-81E7-4189-B65C-47F15EA7EB76}.Debug|Any CPU.Build.0 = Debug|Any CPU
		{8AD209E5-81E7-4189-B65C-47F15EA7EB76}.Release|Any CPU.ActiveCfg = Release|Any CPU
		{8AD209E5-81E7-4189-B65C-47F15EA7EB76}.Release|Any CPU.Build.0 = Release|Any CPU
		{4207AB94-E9E0-45BC-9E81-5044147CCA77}.Debug|Any CPU.ActiveCfg = Debug|Any CPU
		{4207AB94-E9E0-45BC-9E81-5044147CCA77}.Debug|Any CPU.Build.0 = Debug|Any CPU
		{4207AB94-E9E0-45BC-9E81-5044147CCA77}.Release|Any CPU.ActiveCfg = Release|Any CPU
		{4207AB94-E9E0-45BC-9E81-5044147CCA77}.Release|Any CPU.Build.0 = Release|Any CPU
		{16571F0C-EF2F-454A-883B-B444EA22306D}.Debug|Any CPU.ActiveCfg = Debug|Any CPU
		{16571F0C-EF2F-454A-883B-B444EA22306D}.Debug|Any CPU.Build.0 = Debug|Any CPU
		{16571F0C-EF2F-454A-883B-B444EA22306D}.Release|Any CPU.ActiveCfg = Release|Any CPU
		{16571F0C-EF2F-454A-883B-B444EA22306D}.Release|Any CPU.Build.0 = Release|Any CPU
		{73222C79-F407-45F4-935A-CD645EF43CDA}.Debug|Any CPU.ActiveCfg = Debug|Any CPU
		{73222C79-F407-45F4-935A-CD645EF43CDA}.Debug|Any CPU.Build.0 = Debug|Any CPU
		{73222C79-F407-45F4-935A-CD645EF43CDA}.Release|Any CPU.ActiveCfg = Release|Any CPU
		{73222C79-F407-45F4-935A-CD645EF43CDA}.Release|Any CPU.Build.0 = Release|Any CPU
		{016196AA-7CB7-422B-A2F5-6960D5DA8721}.Debug|Any CPU.ActiveCfg = Debug|Any CPU
		{016196AA-7CB7-422B-A2F5-6960D5DA8721}.Debug|Any CPU.Build.0 = Debug|Any CPU
		{016196AA-7CB7-422B-A2F5-6960D5DA8721}.Release|Any CPU.ActiveCfg = Release|Any CPU
		{016196AA-7CB7-422B-A2F5-6960D5DA8721}.Release|Any CPU.Build.0 = Release|Any CPU
		{5DE61AFF-1982-4ADD-BF23-9EAAF009D33A}.Debug|Any CPU.ActiveCfg = Debug|Any CPU
		{5DE61AFF-1982-4ADD-BF23-9EAAF009D33A}.Debug|Any CPU.Build.0 = Debug|Any CPU
		{5DE61AFF-1982-4ADD-BF23-9EAAF009D33A}.Release|Any CPU.ActiveCfg = Release|Any CPU
		{5DE61AFF-1982-4ADD-BF23-9EAAF009D33A}.Release|Any CPU.Build.0 = Release|Any CPU
		{18BC7B28-A210-4A26-B1B6-683FC8EC4FDE}.Debug|Any CPU.ActiveCfg = Debug|Any CPU
		{18BC7B28-A210-4A26-B1B6-683FC8EC4FDE}.Debug|Any CPU.Build.0 = Debug|Any CPU
		{18BC7B28-A210-4A26-B1B6-683FC8EC4FDE}.Release|Any CPU.ActiveCfg = Release|Any CPU
		{18BC7B28-A210-4A26-B1B6-683FC8EC4FDE}.Release|Any CPU.Build.0 = Release|Any CPU
		{0A474494-2A35-48CB-8192-A2D1F4925F99}.Debug|Any CPU.ActiveCfg = Debug|Any CPU
		{0A474494-2A35-48CB-8192-A2D1F4925F99}.Debug|Any CPU.Build.0 = Debug|Any CPU
		{0A474494-2A35-48CB-8192-A2D1F4925F99}.Release|Any CPU.ActiveCfg = Release|Any CPU
		{0A474494-2A35-48CB-8192-A2D1F4925F99}.Release|Any CPU.Build.0 = Release|Any CPU
		{BA1A7EA8-BBD3-4107-87BA-B861FE2156D0}.Debug|Any CPU.ActiveCfg = Debug|Any CPU
		{BA1A7EA8-BBD3-4107-87BA-B861FE2156D0}.Debug|Any CPU.Build.0 = Debug|Any CPU
		{BA1A7EA8-BBD3-4107-87BA-B861FE2156D0}.Release|Any CPU.ActiveCfg = Release|Any CPU
		{BA1A7EA8-BBD3-4107-87BA-B861FE2156D0}.Release|Any CPU.Build.0 = Release|Any CPU
		{2222150C-234E-4E3F-A953-65A3CB2C0C2D}.Debug|Any CPU.ActiveCfg = Debug|Any CPU
		{2222150C-234E-4E3F-A953-65A3CB2C0C2D}.Debug|Any CPU.Build.0 = Debug|Any CPU
		{2222150C-234E-4E3F-A953-65A3CB2C0C2D}.Release|Any CPU.ActiveCfg = Release|Any CPU
		{2222150C-234E-4E3F-A953-65A3CB2C0C2D}.Release|Any CPU.Build.0 = Release|Any CPU
		{8EF44DD0-D955-4A36-BB1D-EF87B95EA413}.Debug|Any CPU.ActiveCfg = Debug|Any CPU
		{8EF44DD0-D955-4A36-BB1D-EF87B95EA413}.Debug|Any CPU.Build.0 = Debug|Any CPU
		{8EF44DD0-D955-4A36-BB1D-EF87B95EA413}.Release|Any CPU.ActiveCfg = Release|Any CPU
		{8EF44DD0-D955-4A36-BB1D-EF87B95EA413}.Release|Any CPU.Build.0 = Release|Any CPU
		{7D556D00-4ADC-4148-B446-0B3A6EAD88C5}.Debug|Any CPU.ActiveCfg = Debug|Any CPU
		{7D556D00-4ADC-4148-B446-0B3A6EAD88C5}.Debug|Any CPU.Build.0 = Debug|Any CPU
		{7D556D00-4ADC-4148-B446-0B3A6EAD88C5}.Release|Any CPU.ActiveCfg = Release|Any CPU
		{7D556D00-4ADC-4148-B446-0B3A6EAD88C5}.Release|Any CPU.Build.0 = Release|Any CPU
		{CA021C44-A970-411A-B09E-FEA70A69C37D}.Debug|Any CPU.ActiveCfg = Debug|Any CPU
		{CA021C44-A970-411A-B09E-FEA70A69C37D}.Debug|Any CPU.Build.0 = Debug|Any CPU
		{CA021C44-A970-411A-B09E-FEA70A69C37D}.Release|Any CPU.ActiveCfg = Release|Any CPU
		{CA021C44-A970-411A-B09E-FEA70A69C37D}.Release|Any CPU.Build.0 = Release|Any CPU
		{F0E02D9E-C902-468A-8C5E-877DF01BA3C3}.Debug|Any CPU.ActiveCfg = Debug|Any CPU
		{F0E02D9E-C902-468A-8C5E-877DF01BA3C3}.Debug|Any CPU.Build.0 = Debug|Any CPU
		{F0E02D9E-C902-468A-8C5E-877DF01BA3C3}.Release|Any CPU.ActiveCfg = Release|Any CPU
		{F0E02D9E-C902-468A-8C5E-877DF01BA3C3}.Release|Any CPU.Build.0 = Release|Any CPU
		{6A80CE77-93D9-4A52-B51E-E1CB80B005DE}.Debug|Any CPU.ActiveCfg = Debug|Any CPU
		{6A80CE77-93D9-4A52-B51E-E1CB80B005DE}.Debug|Any CPU.Build.0 = Debug|Any CPU
		{6A80CE77-93D9-4A52-B51E-E1CB80B005DE}.Release|Any CPU.ActiveCfg = Release|Any CPU
		{6A80CE77-93D9-4A52-B51E-E1CB80B005DE}.Release|Any CPU.Build.0 = Release|Any CPU
		{DFB2E67E-B4CA-4DEB-89A2-20B2A18FB4A6}.Debug|Any CPU.ActiveCfg = Debug|Any CPU
		{DFB2E67E-B4CA-4DEB-89A2-20B2A18FB4A6}.Debug|Any CPU.Build.0 = Debug|Any CPU
		{DFB2E67E-B4CA-4DEB-89A2-20B2A18FB4A6}.Release|Any CPU.ActiveCfg = Release|Any CPU
		{DFB2E67E-B4CA-4DEB-89A2-20B2A18FB4A6}.Release|Any CPU.Build.0 = Release|Any CPU
		{2746D1F3-6C83-4A77-B007-9D5263C53E23}.Debug|Any CPU.ActiveCfg = Debug|Any CPU
		{2746D1F3-6C83-4A77-B007-9D5263C53E23}.Debug|Any CPU.Build.0 = Debug|Any CPU
		{2746D1F3-6C83-4A77-B007-9D5263C53E23}.Release|Any CPU.ActiveCfg = Release|Any CPU
		{2746D1F3-6C83-4A77-B007-9D5263C53E23}.Release|Any CPU.Build.0 = Release|Any CPU
		{047DD1E7-94DD-4AA3-9F18-1CCC9BCDD4D0}.Debug|Any CPU.ActiveCfg = Debug|Any CPU
		{047DD1E7-94DD-4AA3-9F18-1CCC9BCDD4D0}.Debug|Any CPU.Build.0 = Debug|Any CPU
		{047DD1E7-94DD-4AA3-9F18-1CCC9BCDD4D0}.Release|Any CPU.ActiveCfg = Release|Any CPU
		{047DD1E7-94DD-4AA3-9F18-1CCC9BCDD4D0}.Release|Any CPU.Build.0 = Release|Any CPU
	EndGlobalSection
	GlobalSection(SolutionProperties) = preSolution
		HideSolutionNode = FALSE
	EndGlobalSection
	GlobalSection(NestedProjects) = preSolution
		{3C0B7D00-AF2E-4381-83E8-C1E8B9668643} = {DE117EB7-E593-4898-8F84-F3F93BC9D362}
		{5AB719C1-7818-4346-ADE2-D015F11D3842} = {68B87931-BF80-499A-816E-F6FF7B359443}
		{7A1292A4-330D-4509-ACC4-9FAE19394D75} = {68B87931-BF80-499A-816E-F6FF7B359443}
		{22D180C2-A2F5-4737-B968-F5DCB6DDD023} = {68B87931-BF80-499A-816E-F6FF7B359443}
		{4912CC83-D1B6-4E6F-B279-072D17DD44EA} = {68B87931-BF80-499A-816E-F6FF7B359443}
		{24C2D960-5ACB-43EE-87A7-AD746CC9802A} = {68B87931-BF80-499A-816E-F6FF7B359443}
		{658DCA6A-07EF-4D89-BD33-ECAE63FF4D6D} = {68B87931-BF80-499A-816E-F6FF7B359443}
		{78EE8854-83DC-4467-BD77-A1286EDD048D} = {68B87931-BF80-499A-816E-F6FF7B359443}
		{A201CC1E-4225-4C4E-A030-AE9123E0600D} = {68B87931-BF80-499A-816E-F6FF7B359443}
		{47FCD679-11A6-4175-BAED-121965CACBF0} = {2A64AE7D-8C34-4D27-8467-27B79585824B}
		{E020E405-8CBE-4E55-A562-73F2C61F4650} = {68B87931-BF80-499A-816E-F6FF7B359443}
		{E4791977-9524-4AF6-A669-1E6D7C833C5A} = {68B87931-BF80-499A-816E-F6FF7B359443}
		{D21A99CD-33BB-4C1E-BBE3-8875F27C5114} = {68B87931-BF80-499A-816E-F6FF7B359443}
		{56B07239-235B-41D2-BAF9-8D0C7CDF833C} = {68B87931-BF80-499A-816E-F6FF7B359443}
		{269019A6-A64E-4ED2-B144-26F5EC354651} = {68B87931-BF80-499A-816E-F6FF7B359443}
		{8AD209E5-81E7-4189-B65C-47F15EA7EB76} = {68B87931-BF80-499A-816E-F6FF7B359443}
		{4207AB94-E9E0-45BC-9E81-5044147CCA77} = {68B87931-BF80-499A-816E-F6FF7B359443}
		{16571F0C-EF2F-454A-883B-B444EA22306D} = {68B87931-BF80-499A-816E-F6FF7B359443}
		{73222C79-F407-45F4-935A-CD645EF43CDA} = {68B87931-BF80-499A-816E-F6FF7B359443}
		{016196AA-7CB7-422B-A2F5-6960D5DA8721} = {2480AD81-0114-42DE-89FC-F8507D87DFE2}
		{5DE61AFF-1982-4ADD-BF23-9EAAF009D33A} = {2480AD81-0114-42DE-89FC-F8507D87DFE2}
		{2480AD81-0114-42DE-89FC-F8507D87DFE2} = {DE117EB7-E593-4898-8F84-F3F93BC9D362}
		{18BC7B28-A210-4A26-B1B6-683FC8EC4FDE} = {68B87931-BF80-499A-816E-F6FF7B359443}
		{0A474494-2A35-48CB-8192-A2D1F4925F99} = {68B87931-BF80-499A-816E-F6FF7B359443}
		{B280E9A4-4173-472B-A51D-159057D12E25} = {DE117EB7-E593-4898-8F84-F3F93BC9D362}
		{BA1A7EA8-BBD3-4107-87BA-B861FE2156D0} = {B280E9A4-4173-472B-A51D-159057D12E25}
		{28A34213-7851-4CB7-99E6-02D530D2F59F} = {DE117EB7-E593-4898-8F84-F3F93BC9D362}
		{806ADD2D-3747-42DA-9362-986F46EDC233} = {68B87931-BF80-499A-816E-F6FF7B359443}
		{2222150C-234E-4E3F-A953-65A3CB2C0C2D} = {806ADD2D-3747-42DA-9362-986F46EDC233}
		{8EF44DD0-D955-4A36-BB1D-EF87B95EA413} = {806ADD2D-3747-42DA-9362-986F46EDC233}
		{7D556D00-4ADC-4148-B446-0B3A6EAD88C5} = {806ADD2D-3747-42DA-9362-986F46EDC233}
		{CA021C44-A970-411A-B09E-FEA70A69C37D} = {806ADD2D-3747-42DA-9362-986F46EDC233}
		{F0E02D9E-C902-468A-8C5E-877DF01BA3C3} = {806ADD2D-3747-42DA-9362-986F46EDC233}
		{6A80CE77-93D9-4A52-B51E-E1CB80B005DE} = {806ADD2D-3747-42DA-9362-986F46EDC233}
		{DFB2E67E-B4CA-4DEB-89A2-20B2A18FB4A6} = {28A34213-7851-4CB7-99E6-02D530D2F59F}
		{2746D1F3-6C83-4A77-B007-9D5263C53E23} = {28A34213-7851-4CB7-99E6-02D530D2F59F}
		{047DD1E7-94DD-4AA3-9F18-1CCC9BCDD4D0} = {28A34213-7851-4CB7-99E6-02D530D2F59F}
	EndGlobalSection
	GlobalSection(ExtensibilityGlobals) = postSolution
		SolutionGuid = {B0967205-4814-4D3A-907B-2BC885FA488C}
	EndGlobalSection
EndGlobal
