
Microsoft Visual Studio Solution File, Format Version 12.00
# Visual Studio 15
VisualStudioVersion = 15.0.27703.2035
MinimumVisualStudioVersion = 10.0.40219.1
Project("{9A19103F-16F7-4668-BE54-9A1E7A4F7556}") = "Devon4Net.Infrastructure.Middleware", "src\Devon4Net.Infrastructure.Middleware.csproj", "{3104C9BD-E11D-4E80-A86E-271EE9FC20B9}"
EndProject
Global
	GlobalSection(SolutionConfigurationPlatforms) = preSolution
		Debug|Any CPU = Debug|Any CPU
		Release|Any CPU = Release|Any CPU
	EndGlobalSection
	GlobalSection(ProjectConfigurationPlatforms) = postSolution
		{3104C9BD-E11D-4E80-A86E-271EE9FC20B9}.Debug|Any CPU.ActiveCfg = Debug|Any CPU
		{3104C9BD-E11D-4E80-A86E-271EE9FC20B9}.Debug|Any CPU.Build.0 = Debug|Any CPU
		{3104C9BD-E11D-4E80-A86E-271EE9FC20B9}.Release|Any CPU.ActiveCfg = Release|Any CPU
		{3104C9BD-E11D-4E80-A86E-271EE9FC20B9}.Release|Any CPU.Build.0 = Release|Any CPU
	EndGlobalSection
	GlobalSection(SolutionProperties) = preSolution
		HideSolutionNode = FALSE
	EndGlobalSection
	GlobalSection(ExtensibilityGlobals) = postSolution
		SolutionGuid = {67023EA7-36EE-4D6F-9205-4AD37D18109C}
	EndGlobalSection
EndGlobal
