
Microsoft Visual Studio Solution File, Format Version 12.00
# Visual Studio 15
VisualStudioVersion = 15.0.27703.2035
MinimumVisualStudioVersion = 10.0.40219.1
Project("{9A19103F-16F7-4668-BE54-9A1E7A4F7556}") = "Devon4Net.Test", "src\Devon4Net.Test.csproj", "{A93D7BC1-263E-459D-94C0-AD6F20437294}"
EndProject
Global
	GlobalSection(SolutionConfigurationPlatforms) = preSolution
		Debug|Any CPU = Debug|Any CPU
		Release|Any CPU = Release|Any CPU
	EndGlobalSection
	GlobalSection(ProjectConfigurationPlatforms) = postSolution
		{A93D7BC1-263E-459D-94C0-AD6F20437294}.Debug|Any CPU.ActiveCfg = Debug|Any CPU
		{A93D7BC1-263E-459D-94C0-AD6F20437294}.Debug|Any CPU.Build.0 = Debug|Any CPU
		{A93D7BC1-263E-459D-94C0-AD6F20437294}.Release|Any CPU.ActiveCfg = Release|Any CPU
		{A93D7BC1-263E-459D-94C0-AD6F20437294}.Release|Any CPU.Build.0 = Release|Any CPU
	EndGlobalSection
	GlobalSection(SolutionProperties) = preSolution
		HideSolutionNode = FALSE
	EndGlobalSection
	GlobalSection(ExtensibilityGlobals) = postSolution
		SolutionGuid = {640DE847-CD5C-4D9C-9D10-B535F76BA901}
	EndGlobalSection
EndGlobal
